{
  "originHash" : "61aa312c2ad250ae29eb61e9c270a3c1e24b4e8388e777c22fe11785fe6ebf52",
  "pins" : [
    {
      "identity" : "alamofire",
      "kind" : "remoteSourceControl",
      "location" : "https://github.com/Alamofire/Alamofire.git",
      "state" : {
        "revision" : "7595cbcf59809f9977c5f6378500de2ad73b7ddb",
        "version" : "5.12.0"
      }
    },
    {
      "identity" : "attributedstring",
      "kind" : "remoteSourceControl",
      "location" : "https://github.com/lixiang1994/AttributedString.git",
      "state" : {
        "branch" : "master",
        "revision" : "d8a72a7e29e8699979b052b59659720087bc2ea0"
      }
    },
    {
      "identity" : "bluecryptor",
      "kind" : "remoteSourceControl",
      "location" : "https://github.com/Kitura/BlueCryptor.git",
      "state" : {
        "revision" : "cec97c24b111351e70e448972a7d3fe68a756d6d",
        "version" : "2.0.2"
      }
    },
    {
      "identity" : "blueecc",
      "kind" : "remoteSourceControl",
      "location" : "https://github.com/Kitura/BlueECC.git",
      "state" : {
        "revision" : "1485268a54f8135435a825a855e733f026fa6cc8",
        "version" : "1.2.201"
      }
    },
    {
      "identity" : "bluersa",
      "kind" : "remoteSourceControl",
      "location" : "https://github.com/Kitura/BlueRSA.git",
      "state" : {
        "revision" : "f40325520344a966523b214394aa350132a6af68",
        "version" : "1.0.203"
      }
    },
    {
      "identity" : "brpickerview",
      "kind" : "remoteSourceControl",
      "location" : "https://github.com/borenfocus/BRPickerView.git",
      "state" : {
        "revision" : "c9e0e9813c1885467f353911cf58d92f5c989d1a",
        "version" : "2.9.9"
      }
    },
    {
      "identity" : "cocoalumberjack",
      "kind" : "remoteSourceControl",
      "location" : "https://github.com/CocoaLumberjack/CocoaLumberjack.git",
      "state" : {
        "revision" : "c5f2ed4d219866117e135cf648180dc7b66739d3",
        "version" : "3.9.1"
      }
    },
    {
      "identity" : "collectionviewpaginglayout",
      "kind" : "remoteSourceControl",
      "location" : "https://github.com/amirdew/CollectionViewPagingLayout.git",
      "state" : {
        "revision" : "4bdec327535470c8d9765d190625b13e99b87db5",
        "version" : "1.1.0"
      }
    },
    {
      "identity" : "cryptoswift",
      "kind" : "remoteSourceControl",
      "location" : "https://github.com/krzyzanowskim/CryptoSwift.git",
      "state" : {
        "revision" : "f2a627b84c1ff96f21ac2fcb623ab36142dd5512",
        "version" : "1.10.0"
      }
    },
    {
      "identity" : "devicekit",
      "kind" : "remoteSourceControl",
      "location" : "https://github.com/devicekit/DeviceKit.git",
      "state" : {
        "revision" : "56b997e8a61707218f9af09f32b2a1d1806fd792",
        "version" : "5.8.0"
      }
    },
    {
      "identity" : "flagkit",
      "kind" : "remoteSourceControl",
      "location" : "https://github.com/madebybowtie/FlagKit.git",
      "state" : {
        "revision" : "f12111d91902d23fd1d9cc7ad9198030b049795d",
        "version" : "2.4.0"
      }
    },
    {
      "identity" : "harbeth",
      "kind" : "remoteSourceControl",
      "location" : "https://github.com/yangKJ/Harbeth.git",
      "state" : {
        "revision" : "075029b3d87cca4a17e32947287064a25d74c033",
        "version" : "1.3.1"
      }
    },
    {
      "identity" : "instructions",
      "kind" : "remoteSourceControl",
      "location" : "https://github.com/ephread/Instructions.git",
      "state" : {
        "revision" : "54f50ec058a118107178f641f7475db353080c6d",
        "version" : "2.3.0"
      }
    },
    {
      "identity" : "iossecuritysuite",
      "kind" : "remoteSourceControl",
      "location" : "https://github.com/securing/IOSSecuritySuite.git",
      "state" : {
        "revision" : "651f1ca002b1060214173e55b9040272ae91abcd",
        "version" : "1.9.11"
      }
    },
    {
      "identity" : "iqkeyboardcore",
      "kind" : "remoteSourceControl",
      "location" : "https://github.com/hackiftekhar/IQKeyboardCore.git",
      "state" : {
        "revision" : "4ece00fae7ddff664eb7b2c7d3b4b722bcdd438c",
        "version" : "1.0.9"
      }
    },
    {
      "identity" : "iqkeyboardmanager",
      "kind" : "remoteSourceControl",
      "location" : "https://github.com/hackiftekhar/IQKeyboardManager.git",
      "state" : {
        "revision" : "0972dd6eded87c930fb6ad36b3c5ecd620f06894",
        "version" : "8.0.3"
      }
    },
    {
      "identity" : "iqkeyboardnotification",
      "kind" : "remoteSourceControl",
      "location" : "https://github.com/hackiftekhar/IQKeyboardNotification.git",
      "state" : {
        "revision" : "efa705d7200edd95b6e31e65e25171f7e897f995",
        "version" : "1.0.7"
      }
    },
    {
      "identity" : "iqkeyboardreturnmanager",
      "kind" : "remoteSourceControl",
      "location" : "https://github.com/hackiftekhar/IQKeyboardReturnManager.git",
      "state" : {
        "revision" : "495f694a6e62e431d776b4926a18fc26c62db317",
        "version" : "1.0.6"
      }
    },
    {
      "identity" : "iqkeyboardtoolbar",
      "kind" : "remoteSourceControl",
      "location" : "https://github.com/hackiftekhar/IQKeyboardToolbar.git",
      "state" : {
        "revision" : "81f444408e5ab5d9293c427f96f399ed444f1e95",
        "version" : "1.1.4"
      }
    },
    {
      "identity" : "iqkeyboardtoolbarmanager",
      "kind" : "remoteSourceControl",
      "location" : "https://github.com/hackiftekhar/IQKeyboardToolbarManager.git",
      "state" : {
        "revision" : "9907fa3ef1f1aec26cb11ea752c96ef62359e251",
        "version" : "1.1.5"
      }
    },
    {
      "identity" : "iqtextinputviewnotification",
      "kind" : "remoteSourceControl",
      "location" : "https://github.com/hackiftekhar/IQTextInputViewNotification.git",
      "state" : {
        "revision" : "723784a2197121bb76a940cc6d79fd2fa6c23f43",
        "version" : "1.0.9"
      }
    },
    {
      "identity" : "iqtextview",
      "kind" : "remoteSourceControl",
      "location" : "https://github.com/hackiftekhar/IQTextView.git",
      "state" : {
        "revision" : "76f514eba5218bdf67659168ba227c77da5f75fe",
        "version" : "1.0.5"
      }
    },
    {
      "identity" : "jxpagingview",
      "kind" : "remoteSourceControl",
      "location" : "https://github.com/pujiaxin33/JXPagingView.git",
      "state" : {
        "revision" : "a55dd07adfa9729677e2287943af5aa40f5df31f",
        "version" : "2.1.3"
      }
    },
    {
      "identity" : "jxsegmentedview",
      "kind" : "remoteSourceControl",
      "location" : "https://github.com/pujiaxin33/JXSegmentedView.git",
      "state" : {
        "revision" : "fbbf965d7396bd99ac1ce88a80b6c950b85313f6",
        "version" : "1.4.1"
      }
    },
    {
      "identity" : "kakajson",
      "kind" : "remoteSourceControl",
      "location" : "https://github.com/kakaopensource/KakaJSON.git",
      "state" : {
        "revision" : "88d8587a90b8efaac9228baee3a759c25f8a6dd3",
        "version" : "1.1.2"
      }
    },
    {
      "identity" : "kakapos",
      "kind" : "remoteSourceControl",
      "location" : "https://github.com/yangKJ/Kakapos.git",
      "state" : {
        "revision" : "fe1e46ce27546d9436d5a1cc4ba68342eee29c0f",
        "version" : "1.1.0"
      }
    },
    {
      "identity" : "kingfisher",
      "kind" : "remoteSourceControl",
      "location" : "https://github.com/onevcat/Kingfisher.git",
      "state" : {
        "revision" : "cf8be20d07654570554c8a8a4952bc8a5766a8b0",
        "version" : "8.9.0"
      }
    },
    {
      "identity" : "kituracontracts",
      "kind" : "remoteSourceControl",
      "location" : "https://github.com/Kitura/KituraContracts.git",
      "state" : {
        "revision" : "6edf7ac3dd2b3a2c61284778d430bbad7d8a6f23",
        "version" : "2.0.1"
      }
    },
    {
      "identity" : "loggerapi",
      "kind" : "remoteSourceControl",
      "location" : "https://github.com/Kitura/LoggerAPI.git",
      "state" : {
        "revision" : "4e6b45e850ffa275e8e26a24c6454fd709d5b6ac",
        "version" : "2.0.0"
      }
    },
    {
      "identity" : "lottie-ios",
      "kind" : "remoteSourceControl",
      "location" : "https://github.com/airbnb/lottie-ios.git",
      "state" : {
        "revision" : "0cb03fd7564d27345bcd96144b811e56212949c6",
        "version" : "4.6.0"
      }
    },
    {
      "identity" : "marqueelabel",
      "kind" : "remoteSourceControl",
      "location" : "https://github.com/cbpowell/MarqueeLabel.git",
      "state" : {
        "revision" : "c6b4da400c00dfd5db7a4f6e4915ca531d95fc49",
        "version" : "4.5.3"
      }
    },
    {
      "identity" : "mjrefresh",
      "kind" : "remoteSourceControl",
      "location" : "https://github.com/CoderMJLee/MJRefresh.git",
      "state" : {
        "revision" : "535d39c86e592d73f8b8e75f9bf1eda62ca4a4ce",
        "version" : "3.7.9"
      }
    },
    {
      "identity" : "notificationbanner",
      "kind" : "remoteSourceControl",
      "location" : "https://github.com/Daltron/NotificationBanner.git",
      "state" : {
        "revision" : "a9ec5cd29b4669f5fdf3dcd494a08cea4776913c",
        "version" : "3.2.0"
      }
    },
    {
      "identity" : "phonenumberkit",
      "kind" : "remoteSourceControl",
      "location" : "https://github.com/PhoneNumberKit/PhoneNumberKit.git",
      "state" : {
        "revision" : "52bd68dffa07ec7fc42b9851911c59e9d57fc906",
        "version" : "5.0.0"
      }
    },
    {
      "identity" : "pocketsvg",
      "kind" : "remoteSourceControl",
      "location" : "https://github.com/pocketsvg/PocketSVG.git",
      "state" : {
        "revision" : "890a94e60c59cdf055b4d549dd246f60c6b25b5e",
        "version" : "2.8.0"
      }
    },
    {
      "identity" : "popovers",
      "kind" : "remoteSourceControl",
      "location" : "https://github.com/aheze/Popovers.git",
      "state" : {
        "revision" : "de44c4dd7271ec6413fe350f7efadb14e5e18dce",
        "version" : "1.3.2"
      }
    },
    {
      "identity" : "safesfsymbols",
      "kind" : "remoteSourceControl",
      "location" : "https://github.com/sparrowcode/SafeSFSymbols.git",
      "state" : {
        "revision" : "07f11f923b53f26cf9214800f8a397a87865f3ef",
        "version" : "2.0.1"
      }
    },
    {
      "identity" : "smartcodable",
      "kind" : "remoteSourceControl",
      "location" : "https://github.com/iAmMccc/SmartCodable.git",
      "state" : {
        "revision" : "ad1b36d983b676295f9e44fb2dc7d33200f3c873",
        "version" : "4.4.4"
      }
    },
    {
      "identity" : "snapkit",
      "kind" : "remoteSourceControl",
      "location" : "https://github.com/SnapKit/SnapKit.git",
      "state" : {
        "revision" : "2842e6e84e82eb9a8dac0100ca90d9444b0307f4",
        "version" : "5.7.1"
      }
    },
    {
      "identity" : "socketrocket",
      "kind" : "remoteSourceControl",
      "location" : "https://github.com/robnadin/SocketRocket.git",
      "state" : {
        "branch" : "spm-support",
        "revision" : "fe86ec01176ea3365ffa2d04a2bb6dd7a9e6c01e"
      }
    },
    {
      "identity" : "swift-jwt",
      "kind" : "remoteSourceControl",
      "location" : "https://github.com/Kitura/Swift-JWT.git",
      "state" : {
        "revision" : "08e02ff214c41df49bdd189ff837d68ba11c437b",
        "version" : "4.0.0"
      }
    },
    {
      "identity" : "swift-log",
      "kind" : "remoteSourceControl",
      "location" : "https://github.com/apple/swift-log.git",
      "state" : {
        "revision" : "7dc6101ae4dbe95cd3bc9cebad3b7cf8e49a7a63",
        "version" : "1.13.0"
      }
    },
    {
      "identity" : "swift-protobuf",
      "kind" : "remoteSourceControl",
      "location" : "https://github.com/apple/swift-protobuf.git",
      "state" : {
        "revision" : "81558271e243f8f47dfe8e9fdd55f3c2b5413f68",
        "version" : "1.37.0"
      }
    },
    {
      "identity" : "swiftdate",
      "kind" : "remoteSourceControl",
      "location" : "https://github.com/malcommac/SwiftDate.git",
      "state" : {
        "revision" : "5d943224c3bb173e6ecf27295611615eba90c80e",
        "version" : "7.0.0"
      }
    },
    {
      "identity" : "swifterswift",
      "kind" : "remoteSourceControl",
      "location" : "https://github.com/SwifterSwift/SwifterSwift.git",
      "state" : {
        "revision" : "5d948a15446bddb6c367bc7e7100cfcbaa0e9b57",
        "version" : "8.0.0"
      }
    },
    {
      "identity" : "ziparchive",
      "kind" : "remoteSourceControl",
      "location" : "https://github.com/ZipArchive/ZipArchive.git",
      "state" : {
        "revision" : "df35718ea19a94e015b91dc4881dee028ce4cdba",
        "version" : "2.6.0"
      }
    }
  ],
  "version" : 3
}
