PODS:
  - Alamofire (5.9.0)
  - AMKLaunchTimeProfiler (1.0.0):
    - Aspects
    - SSZipArchive
    - YYCache
    - YYModel
  - Appz (3.2.0)
  - Aspects (1.4.1)
  - AttributedString (3.3.5)
  - BRPickerView (2.8.1):
    - BRPickerView/AddressPickerView (= 2.8.1)
    - BRPickerView/Base (= 2.8.1)
    - BRPickerView/DatePickerView (= 2.8.1)
    - BRPickerView/StringPickerView (= 2.8.1)
  - BRPickerView/AddressPickerView (2.8.1):
    - BRPickerView/Base
  - BRPickerView/Base (2.8.1)
  - BRPickerView/DatePickerView (2.8.1):
    - BRPickerView/Base
  - BRPickerView/StringPickerView (2.8.1):
    - BRPickerView/Base
  - ChromaColorPicker (2.0.2)
  - CocoaLumberjack/Core (3.8.5)
  - CocoaLumberjack/Swift (3.8.5):
    - CocoaLumberjack/Core
  - CollectionViewPagingLayout (1.1.0)
  - CRBoxInputView (1.2.2):
    - Masonry
  - CryptoSwift (1.8.1)
  - DeviceKit (5.2.2)
  - DiDiPrism (0.2.8):
    - DiDiPrism/Core (= 0.2.8)
  - DiDiPrism/Core (0.2.8):
    - RSSwizzle
  - DiDiPrism_Ability/WithBehaviorDetect (0.2.8):
    - DiDiPrism
    - JSONModel (~> 1.0)
  - DiDiPrism_Ability/WithBehaviorRecord (0.2.8):
    - DiDiPrism
  - DiDiPrism_Ability/WithBehaviorReplay (0.2.8):
    - DiDiPrism
    - JSONModel (~> 1.0)
  - DiDiPrism_Ability/WithDataVisualization (0.2.8):
    - DiDiPrism
    - Masonry
  - DynamicColor (5.0.1)
  - DZNEmptyDataSet (1.8.1)
  - EmptyDataSet-Swift (5.0.0)
  - ESTabBarController-swift (2.8.0)
  - FaceAware (2.1.0)
  - FDFullscreenPopGesture (1.1)
  - FLEX (5.22.10)
  - FloatingPanel (2.8.2)
  - FluentDarkModeKit (1.0.4)
  - GCDWebServer (3.5.4):
    - GCDWebServer/Core (= 3.5.4)
  - GCDWebServer/Core (3.5.4)
  - GCDWebServer/WebUploader (3.5.4):
    - GCDWebServer/Core
  - Harbeth (1.1.2):
    - Harbeth/Basic (= 1.1.2)
    - Harbeth/Compute (= 1.1.2)
    - Harbeth/CoreImage (= 1.1.2)
    - Harbeth/MPS (= 1.1.2)
    - Harbeth/SwiftUI (= 1.1.2)
  - Harbeth/Basic (1.1.2)
  - Harbeth/Compute (1.1.2):
    - Harbeth/Basic
  - Harbeth/CoreImage (1.1.2):
    - Harbeth/Basic
  - Harbeth/MPS (1.1.2):
    - Harbeth/Basic
  - Harbeth/SwiftUI (1.1.2):
    - Harbeth/Basic
  - HyperioniOS/AttributesInspector (1.2.0):
    - HyperioniOS/Core
  - HyperioniOS/Core (1.2.0)
  - HyperioniOS/Measurements (1.2.0):
    - HyperioniOS/Core
  - HyperioniOS/SlowAnimations (1.2.0):
    - HyperioniOS/Core
  - InAppViewDebugger (1.0.3)
  - Instructions (2.3.0)
  - IOSSecuritySuite (1.9.11)
  - IQKeyboardManagerSwift (7.0.2)
  - JSONModel (1.8.0)
  - JXPagingView/Paging (2.1.3)
  - JXSegmentedView (1.3.1)
  - KakaJSON (1.1.2)
  - Kingfisher (7.11.0)
  - LifetimeTracker (1.8.3)
  - LookinServer (1.2.7):
    - LookinServer/Core (= 1.2.7)
  - LookinServer/Core (1.2.7)
  - lottie-ios (4.4.1)
  - LXFProtocolTool/LXFEmptyDataSetable (0.2.0):
    - DZNEmptyDataSet (~> 1.8.1)
  - MarqueeLabel (4.3.2)
  - Masonry (1.1.0)
  - MBProgressHUD (1.2.0)
  - MJRefresh (3.7.9)
  - netfox (1.21.0)
  - NotificationBannerSwift (3.2.1):
    - MarqueeLabel (~> 4.3.0)
    - SnapKit (~> 5.6.0)
  - PhoneNumberKit (3.7.10):
    - PhoneNumberKit/PhoneNumberKitCore (= 3.7.10)
    - PhoneNumberKit/UIKit (= 3.7.10)
  - PhoneNumberKit/PhoneNumberKitCore (3.7.10)
  - PhoneNumberKit/UIKit (3.7.10):
    - PhoneNumberKit/PhoneNumberKitCore
  - PocketSVG (2.7.3)
  - PooTools/Appz (3.40.8):
    - Appz
    - PooTools/Core
  - PooTools/BankCard (3.40.8):
    - PooTools/Core
  - PooTools/BilogyID (3.40.8):
    - PooTools/Core
    - PooTools/FaceIDPermission
  - PooTools/BluetoothPermission (3.40.8):
    - PooTools/Core
  - PooTools/Calendar (3.40.8):
    - PooTools/CalendarPermission
    - PooTools/Core
    - PooTools/RemindersPermission
  - PooTools/CalendarPermission (3.40.8):
    - PooTools/Core
  - PooTools/CameraPermission (3.40.8):
    - PooTools/Core
  - PooTools/CheckBox (3.40.8):
    - PooTools/Core
  - PooTools/CheckDirtyWord (3.40.8):
    - PooTools/Core
  - PooTools/CheckUpdate (3.40.8):
    - PooTools/NetWork
  - PooTools/ChinesePinyin (3.40.8):
    - PooTools/Core
  - PooTools/Circle (3.40.8):
    - PooTools/Core
  - PooTools/CodeView (3.40.8):
    - PooTools/Core
  - PooTools/ColorFunction (3.40.8):
    - DynamicColor
    - PooTools/Core
    - UIImageColors
  - PooTools/ColorPicker (3.40.8):
    - ChromaColorPicker
    - PooTools/Core
  - PooTools/ContactsPermission (3.40.8):
    - PooTools/Core
  - PooTools/Core (3.40.8):
    - AttributedString
    - CocoaLumberjack/Swift
    - DeviceKit
    - FDFullscreenPopGesture
    - FluentDarkModeKit
    - IQKeyboardManagerSwift
    - Kingfisher
    - pop
    - SafeSFSymbols
    - SnapKit
    - SwiftDate
    - SwifterSwift
    - UIColor_Hex_Swift
    - "UIViewController+Swizzled"
    - WZLBadge
    - YYText
  - PooTools/Country (3.40.8):
    - PooTools/Core
  - PooTools/CustomerLabel (3.40.8):
    - PooTools/Core
    - YYText
  - PooTools/CustomerNumberKeyboard (3.40.8):
    - PooTools/Core
  - PooTools/DataEncrypt (3.40.8):
    - CryptoSwift
    - PooTools/Core
  - PooTools/DEBUG (3.40.8):
    - PooTools/ColorPicker
    - PooTools/Core
    - PooTools/FloatingPanel
    - PooTools/NetWork
    - PooTools/Share
  - PooTools/DEBUG_TrackingEyes (3.40.8):
    - PooTools/CameraPermission
    - PooTools/Core
    - PooTools/DEBUG
  - PooTools/FaceIDPermission (3.40.8):
    - PooTools/Core
  - PooTools/FilterCamera (3.40.8):
    - PooTools/CameraPermission
    - PooTools/Core
    - PooTools/HarbethKit
    - PooTools/ImageEditor
    - PooTools/MediaViewer
    - PooTools/MicPermission
    - PooTools/NavBarController
  - PooTools/FloatingPanel (3.40.8):
    - FloatingPanel
    - PooTools/Core
  - PooTools/FloatPanel (3.40.8):
    - FloatingPanel
    - PooTools/Core
  - PooTools/FocusFaceImageView (3.40.8):
    - FaceAware
    - PooTools/Core
  - PooTools/GCDWebServer (3.40.8):
    - GCDWebServer
    - GCDWebServer/WebUploader
    - PooTools/Core
  - PooTools/Guide (3.40.8):
    - PooTools/Core
    - PooTools/PageControl
  - PooTools/HarbethKit (3.40.8):
    - Harbeth
    - PooTools/CameraPermission
    - PooTools/Core
  - PooTools/HealthPermission (3.40.8):
    - PooTools/Core
  - PooTools/HeartRate (3.40.8):
    - lottie-ios
    - PooTools/CameraPermission
    - PooTools/Core
  - PooTools/ImageColors (3.40.8):
    - PooTools/Core
    - UIImageColors
  - PooTools/ImageEditor (3.40.8):
    - PooTools/Core
    - PooTools/HarbethKit
    - PooTools/NavBarController
  - PooTools/Input (3.40.8):
    - CRBoxInputView
    - PhoneNumberKit
    - PooTools/Core
    - TextFieldEffects
    - "UITextField+Shake"
  - PooTools/InputAll (3.40.8):
    - PooTools/Appz
    - PooTools/BankCard
    - PooTools/BilogyID
    - PooTools/Calendar
    - PooTools/CheckBox
    - PooTools/CheckDirtyWord
    - PooTools/CheckUpdate
    - PooTools/ChinesePinyin
    - PooTools/Circle
    - PooTools/CodeView
    - PooTools/ColorFunction
    - PooTools/ColorPicker
    - PooTools/Core
    - PooTools/Country
    - PooTools/CustomerLabel
    - PooTools/CustomerNumberKeyboard
    - PooTools/DataEncrypt
    - PooTools/DEBUG
    - PooTools/DEBUG_TrackingEyes
    - PooTools/FilterCamera
    - PooTools/FloatPanel
    - PooTools/FocusFaceImageView
    - PooTools/GCDWebServer
    - PooTools/Guide
    - PooTools/HarbethKit
    - PooTools/HeartRate
    - PooTools/ImageColors
    - PooTools/ImageEditor
    - PooTools/Input
    - PooTools/Instructions
    - PooTools/iOS17Tips
    - PooTools/KeyChain
    - PooTools/LaunchTimeProfiler
    - PooTools/Layout
    - PooTools/ListEmptyData
    - PooTools/Loading
    - PooTools/Location
    - PooTools/MediaViewer
    - PooTools/MessageKit
    - PooTools/Motion
    - PooTools/NavBarController
    - PooTools/NetWork
    - PooTools/NotificationBanner
    - PooTools/OSSKitSpeech
    - PooTools/PageControl
    - PooTools/PagingControl
    - PooTools/PhoneInfo
    - PooTools/PhotoPicker
    - PooTools/Picker
    - PooTools/Ping
    - PooTools/PopoverKit
    - PooTools/ProgressBar
    - PooTools/RateView
    - PooTools/Rotation
    - PooTools/Router
    - PooTools/ScanQRCode
    - PooTools/ScrollBanner
    - PooTools/ScrollRefresh
    - PooTools/SearchBar
    - PooTools/SecuritySuite
    - PooTools/Segmented
    - PooTools/Share
    - PooTools/SideControl
    - PooTools/Slider
    - PooTools/SmartScreenshot
    - PooTools/SocketKit
    - PooTools/Stepper
    - PooTools/SVG
    - PooTools/SwipeCell
    - PooTools/Tabbar
    - PooTools/Telephony
    - PooTools/VideoEditor
    - PooTools/Vision
    - PooTools/WhatsNewsKit
    - PooTools/ZipArchive
  - PooTools/Instructions (3.40.8):
    - Instructions
    - PooTools/Core
  - PooTools/iOS17Tips (3.40.8):
    - PooTools/Core
  - PooTools/KeyChain (3.40.8):
    - PooTools/Core
  - PooTools/LaunchTimeProfiler (3.40.8):
    - AMKLaunchTimeProfiler
    - PooTools/Core
  - PooTools/Layout (3.40.8):
    - CollectionViewPagingLayout
    - PooTools/Core
  - PooTools/ListEmptyData (3.40.8):
    - EmptyDataSet-Swift
    - LXFProtocolTool/LXFEmptyDataSetable
    - PooTools/Core
  - PooTools/Loading (3.40.8):
    - PooTools/Core
  - PooTools/Location (3.40.8):
    - PooTools/Core
    - PooTools/LocationPermission
  - PooTools/LocationPermission (3.40.8):
    - PooTools/Core
  - PooTools/MediaViewer (3.40.8):
    - PooTools/Core
    - PooTools/NetWork
    - PooTools/PageControl
    - PooTools/ProgressBar
  - PooTools/MeidaPermission (3.40.8):
    - PooTools/Core
  - PooTools/MessageKit (3.40.8):
    - PooTools/Core
  - PooTools/MicPermission (3.40.8):
    - PooTools/Core
  - PooTools/Motion (3.40.8):
    - PooTools/Core
    - PooTools/MotionPermission
  - PooTools/MotionPermission (3.40.8):
    - PooTools/Core
  - PooTools/NavBarController (3.40.8):
    - PooTools/Core
    - ZXNavigationBar
  - PooTools/NetWork (3.40.8):
    - Alamofire
    - KakaJSON
    - MBProgressHUD
    - PooTools/Core
  - PooTools/NotificationBanner (3.40.8):
    - NotificationBannerSwift
    - PooTools/Core
  - PooTools/NotificationPermission (3.40.8):
    - PooTools/Core
  - PooTools/OSSKitSpeech (3.40.8):
    - PooTools/Core
    - PooTools/SpeechRecognizerPermission
  - PooTools/PageControl (3.40.8):
    - PooTools/Core
  - PooTools/PagingControl (3.40.8):
    - JXPagingView/Paging
    - JXSegmentedView
    - PooTools/Core
  - PooTools/PhoneInfo (3.40.8):
    - PooTools/Core
  - PooTools/PhotoPicker (3.40.8):
    - ChromaColorPicker
    - PooTools/CameraPermission
    - PooTools/Core
    - PooTools/FilterCamera
    - PooTools/FloatingPanel
    - PooTools/HarbethKit
    - PooTools/ImageEditor
    - PooTools/NavBarController
    - PooTools/NetWork
    - PooTools/VideoEditor
  - PooTools/Picker (3.40.8):
    - BRPickerView
    - PooTools/Core
  - PooTools/Ping (3.40.8):
    - PooTools/Core
  - PooTools/PopoverKit (3.40.8):
    - PooTools/Core
    - Popovers
  - PooTools/ProgressBar (3.40.8):
    - PooTools/Core
  - PooTools/RateView (3.40.8):
    - PooTools/Core
  - PooTools/RemindersPermission (3.40.8):
    - PooTools/Core
  - PooTools/Rotation (3.40.8):
    - PooTools/Core
  - PooTools/Router (3.40.8):
    - PooTools/Core
  - PooTools/ScanQRCode (3.40.8):
    - PooTools/CameraPermission
    - PooTools/Core
    - PooTools/PhotoPicker
  - PooTools/ScrollBanner (3.40.8):
    - PooTools/Core
    - PooTools/PageControl
  - PooTools/ScrollRefresh (3.40.8):
    - MJRefresh
    - PooTools/Core
  - PooTools/SearchBar (3.40.8):
    - PooTools/Core
  - PooTools/SecuritySuite (3.40.8):
    - IOSSecuritySuite
    - PooTools/Core
  - PooTools/Segmented (3.40.8):
    - PooTools/Core
  - PooTools/Share (3.40.8):
    - PooTools/CustomerLabel
  - PooTools/SideControl (3.40.8):
    - PooTools/Core
  - PooTools/SiriPermission (3.40.8):
    - PooTools/Core
  - PooTools/Slider (3.40.8):
    - PooTools/Core
    - RangeSeekSlider
  - PooTools/SmartScreenshot (3.40.8):
    - PooTools/Core
    - SnapshotKit
  - PooTools/SocketKit (3.40.8):
    - PooTools/Core
    - SocketRocket
  - PooTools/SpeechRecognizerPermission (3.40.8):
    - PooTools/Core
  - PooTools/Stepper (3.40.8):
    - PooTools/Core
  - PooTools/SVG (3.40.8):
    - PocketSVG
    - PooTools/Core
    - Protobuf (= 3.22.1)
    - SVGAPlayer
  - PooTools/SwipeCell (3.40.8):
    - PooTools/Core
    - SwipeCellKit
  - PooTools/Tabbar (3.40.8):
    - ESTabBarController-swift
    - PooTools/Core
  - PooTools/Telephony (3.40.8):
    - PooTools/Core
  - PooTools/TrackingPermission (3.40.8):
    - PooTools/Core
  - PooTools/VideoEditor (3.40.8):
    - PooTools/Core
    - PooTools/FloatingPanel
    - PooTools/HarbethKit
    - PooTools/Loading
    - PooTools/ProgressBar
  - PooTools/Vision (3.40.8):
    - PooTools/Core
  - PooTools/WhatsNewsKit (3.40.8):
    - PooTools/Core
  - PooTools/ZipArchive (3.40.8):
    - PooTools/Core
    - SSZipArchive
  - pop (1.0.12)
  - Popovers (1.3.0)
  - Protobuf (3.22.1)
  - RangeSeekSlider (1.8.0)
  - RSSwizzle (0.1.0)
  - SafeSFSymbols (2.0.0)
  - SnapKit (5.6.0)
  - SnapshotKit (0.3.2)
  - SocketRocket (0.7.0)
  - SSZipArchive (2.4.3)
  - SVGAPlayer (2.5.7):
    - SVGAPlayer/Core (= 2.5.7)
    - SVGAPlayer/ProtoFiles (= 2.5.7)
  - SVGAPlayer/Core (2.5.7):
    - SSZipArchive (>= 1.8.1)
    - SVGAPlayer/ProtoFiles
  - SVGAPlayer/ProtoFiles (2.5.7):
    - Protobuf (~> 3.4)
  - SwiftDate (7.0.0)
  - SwifterSwift (6.1.1):
    - SwifterSwift/AppKit (= 6.1.1)
    - SwifterSwift/Combine (= 6.1.1)
    - SwifterSwift/CoreAnimation (= 6.1.1)
    - SwifterSwift/CoreGraphics (= 6.1.1)
    - SwifterSwift/CoreLocation (= 6.1.1)
    - SwifterSwift/CryptoKit (= 6.1.1)
    - SwifterSwift/Dispatch (= 6.1.1)
    - SwifterSwift/Foundation (= 6.1.1)
    - SwifterSwift/HealthKit (= 6.1.1)
    - SwifterSwift/MapKit (= 6.1.1)
    - SwifterSwift/SceneKit (= 6.1.1)
    - SwifterSwift/SpriteKit (= 6.1.1)
    - SwifterSwift/StoreKit (= 6.1.1)
    - SwifterSwift/SwiftStdlib (= 6.1.1)
    - SwifterSwift/UIKit (= 6.1.1)
    - SwifterSwift/WebKit (= 6.1.1)
  - SwifterSwift/AppKit (6.1.1)
  - SwifterSwift/Combine (6.1.1)
  - SwifterSwift/CoreAnimation (6.1.1)
  - SwifterSwift/CoreGraphics (6.1.1)
  - SwifterSwift/CoreLocation (6.1.1)
  - SwifterSwift/CryptoKit (6.1.1)
  - SwifterSwift/Dispatch (6.1.1)
  - SwifterSwift/Foundation (6.1.1)
  - SwifterSwift/HealthKit (6.1.1)
  - SwifterSwift/MapKit (6.1.1)
  - SwifterSwift/SceneKit (6.1.1)
  - SwifterSwift/SpriteKit (6.1.1)
  - SwifterSwift/StoreKit (6.1.1)
  - SwifterSwift/SwiftStdlib (6.1.1)
  - SwifterSwift/UIKit (6.1.1)
  - SwifterSwift/WebKit (6.1.1)
  - SwiftLint (0.54.0)
  - Swinject (2.8.4)
  - SwipeCellKit (2.7.1)
  - TextFieldEffects (1.6.0)
  - UIColor_Hex_Swift (5.1.9)
  - UIImageColors (2.1.0)
  - "UITextField+Shake (1.2.1)"
  - "UIViewController+Swizzled (1.4)"
  - WZLBadge (1.2.6)
  - YYCache (1.0.4)
  - YYModel (1.0.4)
  - YYText (1.0.7)
  - ZXNavigationBar (1.4.1)

DEPENDENCIES:
  - DiDiPrism
  - DiDiPrism_Ability/WithBehaviorDetect
  - DiDiPrism_Ability/WithBehaviorRecord
  - DiDiPrism_Ability/WithBehaviorReplay
  - DiDiPrism_Ability/WithDataVisualization
  - FLEX
  - HyperioniOS/AttributesInspector
  - HyperioniOS/Core
  - HyperioniOS/Measurements
  - HyperioniOS/SlowAnimations
  - InAppViewDebugger
  - LifetimeTracker
  - LookinServer
  - netfox
  - PooTools/BluetoothPermission (from `PooTools.podspec`)
  - PooTools/CalendarPermission (from `PooTools.podspec`)
  - PooTools/CameraPermission (from `PooTools.podspec`)
  - PooTools/ContactsPermission (from `PooTools.podspec`)
  - PooTools/FaceIDPermission (from `PooTools.podspec`)
  - PooTools/HealthPermission (from `PooTools.podspec`)
  - PooTools/InputAll (from `PooTools.podspec`)
  - PooTools/LocationPermission (from `PooTools.podspec`)
  - PooTools/MeidaPermission (from `PooTools.podspec`)
  - PooTools/MicPermission (from `PooTools.podspec`)
  - PooTools/MotionPermission (from `PooTools.podspec`)
  - PooTools/NotificationPermission (from `PooTools.podspec`)
  - PooTools/RemindersPermission (from `PooTools.podspec`)
  - PooTools/SiriPermission (from `PooTools.podspec`)
  - PooTools/SpeechRecognizerPermission (from `PooTools.podspec`)
  - PooTools/TrackingPermission (from `PooTools.podspec`)
  - SwiftLint
  - Swinject

SPEC REPOS:
  trunk:
    - Alamofire
    - AMKLaunchTimeProfiler
    - Appz
    - Aspects
    - AttributedString
    - BRPickerView
    - ChromaColorPicker
    - CocoaLumberjack
    - CollectionViewPagingLayout
    - CRBoxInputView
    - CryptoSwift
    - DeviceKit
    - DiDiPrism
    - DiDiPrism_Ability
    - DynamicColor
    - DZNEmptyDataSet
    - EmptyDataSet-Swift
    - ESTabBarController-swift
    - FaceAware
    - FDFullscreenPopGesture
    - FLEX
    - FloatingPanel
    - FluentDarkModeKit
    - GCDWebServer
    - Harbeth
    - HyperioniOS
    - InAppViewDebugger
    - Instructions
    - IOSSecuritySuite
    - IQKeyboardManagerSwift
    - JSONModel
    - JXPagingView
    - JXSegmentedView
    - KakaJSON
    - Kingfisher
    - LifetimeTracker
    - LookinServer
    - lottie-ios
    - LXFProtocolTool
    - MarqueeLabel
    - Masonry
    - MBProgressHUD
    - MJRefresh
    - netfox
    - NotificationBannerSwift
    - PhoneNumberKit
    - PocketSVG
    - pop
    - Popovers
    - Protobuf
    - RangeSeekSlider
    - RSSwizzle
    - SafeSFSymbols
    - SnapKit
    - SnapshotKit
    - SocketRocket
    - SSZipArchive
    - SVGAPlayer
    - SwiftDate
    - SwifterSwift
    - SwiftLint
    - Swinject
    - SwipeCellKit
    - TextFieldEffects
    - UIColor_Hex_Swift
    - UIImageColors
    - "UITextField+Shake"
    - "UIViewController+Swizzled"
    - WZLBadge
    - YYCache
    - YYModel
    - YYText
    - ZXNavigationBar

EXTERNAL SOURCES:
  PooTools:
    :path: PooTools.podspec

SPEC CHECKSUMS:
  Alamofire: 02b772c9910e8eba1a079227c32fbd9e46c90a24
  AMKLaunchTimeProfiler: fa41438c274d994738a33b536ee7f3de19a27350
  Appz: 9afca8060886b75002092f4b5b5c238a0ab19bf0
  Aspects: 7595ba96a6727a58ebcbfc954497fc5d2fdde546
  AttributedString: 6d2d9d65310119556c3b5c6e4ea8d1ca339b703c
  BRPickerView: 2531a2d4d0fea0b57a1c738de215af0f88863a2f
  ChromaColorPicker: 307585f2dc23d4d72f24cad320c1e08825cb5c09
  CocoaLumberjack: 6a459bc897d6d80bd1b8c78482ec7ad05dffc3f0
  CollectionViewPagingLayout: 2f8d50683bae57ca88f47fa4ab0195c9079582cf
  CRBoxInputView: 2380c292aabbf786fe923776f111ba3053438fba
  CryptoSwift: b9c701d6f5011df23794dbf7f2e480a77835d83d
  DeviceKit: e36aaf2a0d142ef0b4fac2007649a4414af234be
  DiDiPrism: ac5de3597704de7dec418a63e601b7e5e022b4d6
  DiDiPrism_Ability: f715b861b9bb009ba86fc9a849b8a0486ae3924f
  DynamicColor: d049834ef86d8ecf150b0ca1ebe54ee733a0ec22
  DZNEmptyDataSet: 9525833b9e68ac21c30253e1d3d7076cc828eaa7
  EmptyDataSet-Swift: eb382c0c87a2d9c678077385a595cec52da38171
  ESTabBarController-swift: 05593a6ad64700b03c0eb60ff625916370aa4136
  FaceAware: f1266b8719a1a90da3d763b8cb428554edf0fa61
  FDFullscreenPopGesture: a8a620179e3d9c40e8e00256dcee1c1a27c6d0f0
  FLEX: f21ee4f498eed3f8a1eded66b21939fd3b7a22ce
  FloatingPanel: 99b72651e5e607a6a4e0c9831e30f02d145beeb6
  FluentDarkModeKit: b6317653a00329564582884772ec57c4eaad1a1f
  GCDWebServer: 2c156a56c8226e2d5c0c3f208a3621ccffbe3ce4
  Harbeth: 3d22939badc88fda52d93ca27fd2823b06c753c5
  HyperioniOS: 4412ec61a390caadffcaaf3364733b06e103cf63
  InAppViewDebugger: 5f1cd0189d348679f153502da1343ba513b5cbae
  Instructions: 3aac22d036495ba4c40e00747e0a275da40ce53d
  IOSSecuritySuite: b51056d5411aee567153ca86ce7f6edfdc5d2654
  IQKeyboardManagerSwift: d338c11a896e9f29603443700c4567e32f830c22
  JSONModel: 02ab723958366a3fd27da57ea2af2113658762e9
  JXPagingView: afdd2e9af09c90160dd232b970d603cc6e7ddd0e
  JXSegmentedView: 4b0e5506a9883da26472c9c0857d782c13cef05a
  KakaJSON: cc5ff50a8c1cfbb09413db8496cb709a209e6137
  Kingfisher: b9c985d864d43515f404f1ef4a8ce7d802ace3ac
  LifetimeTracker: e67647bf9130e4173e488689896f057a63de16ec
  LookinServer: 36f1a0ad280de34b9794cf8825867fcc2dd93e75
  lottie-ios: e047b1d2e6239b787cc5e9755b988869cf190494
  LXFProtocolTool: 8d1e53c010f6941c273b9908be24bfc20d1ce2f2
  MarqueeLabel: 15e524a6762552bb279cb17438b8a94990269fb9
  Masonry: 678fab65091a9290e40e2832a55e7ab731aad201
  MBProgressHUD: 3ee5efcc380f6a79a7cc9b363dd669c5e1ae7406
  MJRefresh: ff9e531227924c84ce459338414550a05d2aea78
  netfox: 9d5cc727fe7576c4c7688a2504618a156b7d44b7
  NotificationBannerSwift: dce54ded532b26e30cd8e7f4d80e124a0f2ba7d1
  PhoneNumberKit: 3d9a20cfe8ee68f35c2a3ae9474093133f72a8a1
  PocketSVG: ca3bc53ea8d68336ba830c47b2e547790507b901
  PooTools: fb9c7065c227ce5d9fff4bc8bf3b3e6876729b20
  pop: d582054913807fd11fd50bfe6a539d91c7e1a55a
  Popovers: 8690b055b2c9ef433492b40e081b1a0be5859437
  Protobuf: d7f7c8329edf5eb8af65547a8ba3e9c1cee927d5
  RangeSeekSlider: 650b11fa1edcb92e1e0ede797669d98622570fb5
  RSSwizzle: d561958f595028bfcef98c7d55c318b3878a61c6
  SafeSFSymbols: c57c8752149b2ddc0213d3d519a3a31a8bd76340
  SnapKit: e01d52ebb8ddbc333eefe2132acf85c8227d9c25
  SnapshotKit: 4e6c25203719cd6be29d3d53a8160c4933102369
  SocketRocket: abac6f5de4d4d62d24e11868d7a2f427e0ef940d
  SSZipArchive: fe6a26b2a54d5a0890f2567b5cc6de5caa600aef
  SVGAPlayer: 318b85a78b61292d6ae9dfcd651f3f0d1cdadd86
  SwiftDate: bbc26e26fc8c0c33fbee8c140c5e8a68293a148a
  SwifterSwift: 6fda88d11d5076fabd816fa95d00b1b1eeba5f71
  SwiftLint: c1de071d9d08c8aba837545f6254315bc900e211
  Swinject: 6ba81f58fd769c9fd4b8ceced9e25a9cb137cb3c
  SwipeCellKit: 3972254a826da74609926daf59b08d6c72e619ea
  TextFieldEffects: 529b8aff706fb40f82c41c780c0777941a893796
  UIColor_Hex_Swift: 20cb4e8d51b63e168a9da6933bc5d39cd8fb4ab5
  UIImageColors: d2ef3b0877d203cbb06489eeb78ea8b7788caabe
  "UITextField+Shake": 298ac5a0f239d731bdab999b19b628c956ca0ac3
  "UIViewController+Swizzled": 1cd9397598ede6930f94fbcac4b43d63c7aa0dbb
  WZLBadge: 9ec779dcfd94c825518b395e8315fccaabff1bfa
  YYCache: 8105b6638f5e849296c71f331ff83891a4942952
  YYModel: 2a7fdd96aaa4b86a824e26d0c517de8928c04b30
  YYText: 5c461d709e24d55a182d1441c41dc639a18a4849
  ZXNavigationBar: a8ceb13fe37f9ca894cf6ae22d805cbdbb9ad6b1

PODFILE CHECKSUM: ce28b38b75a502db982205e9f6a90cad5007f37a

COCOAPODS: 1.15.0
