// !$*UTF8*$!
{
	archiveVersion = 1;
	classes = {
	};
	objectVersion = 46;
	objects = {

/* Begin PBXAggregateTarget section */
		DB2DCCD51B292801004D5053 /* Framework */ = {
			isa = PBXAggregateTarget;
			buildConfigurationList = DB2DCCD81B292802004D5053 /* Build configuration list for PBXAggregateTarget "Framework" */;
			buildPhases = (
				DB2DCCDB1B292836004D5053 /* MultiPlatform Build */,
			);
			dependencies = (
				DB2DCCDA1B292819004D5053 /* PBXTargetDependency */,
			);
			name = Framework;
			productName = Framework;
		};
/* End PBXAggregateTarget section */

/* Begin PBXBuildFile section */
		B71666061EA5E67700537466 /* PooActionOnCalendar.h in Headers */ = {isa = PBXBuildFile; fileRef = B71666041EA5E67700537466 /* PooActionOnCalendar.h */; settings = {ATTRIBUTES = (Public, ); }; };
		B71666071EA5E67700537466 /* PooActionOnCalendar.m in Sources */ = {isa = PBXBuildFile; fileRef = B71666051EA5E67700537466 /* PooActionOnCalendar.m */; };
		B716660F1EA5ECC100537466 /* UINavigationItem+Excursion.h in Headers */ = {isa = PBXBuildFile; fileRef = B71666091EA5ECC100537466 /* UINavigationItem+Excursion.h */; settings = {ATTRIBUTES = (Public, ); }; };
		B71666101EA5ECC100537466 /* UINavigationItem+Excursion.m in Sources */ = {isa = PBXBuildFile; fileRef = B716660A1EA5ECC100537466 /* UINavigationItem+Excursion.m */; };
		B71666111EA5ECC100537466 /* UIImage+Size.h in Headers */ = {isa = PBXBuildFile; fileRef = B716660B1EA5ECC100537466 /* UIImage+Size.h */; settings = {ATTRIBUTES = (Public, ); }; };
		B71666121EA5ECC100537466 /* UIImage+Size.m in Sources */ = {isa = PBXBuildFile; fileRef = B716660C1EA5ECC100537466 /* UIImage+Size.m */; };
		B71666131EA5ECC100537466 /* UIButton+Block.h in Headers */ = {isa = PBXBuildFile; fileRef = B716660D1EA5ECC100537466 /* UIButton+Block.h */; settings = {ATTRIBUTES = (Public, ); }; };
		B71666141EA5ECC100537466 /* UIButton+Block.m in Sources */ = {isa = PBXBuildFile; fileRef = B716660E1EA5ECC100537466 /* UIButton+Block.m */; };
		B716661B1EA5F13200537466 /* PooTextView.h in Headers */ = {isa = PBXBuildFile; fileRef = B71666191EA5F13200537466 /* PooTextView.h */; settings = {ATTRIBUTES = (Public, ); }; };
		B716661C1EA5F13200537466 /* PooTextView.m in Sources */ = {isa = PBXBuildFile; fileRef = B716661A1EA5F13200537466 /* PooTextView.m */; };
		B716661F1EA5F24800537466 /* CustomTextField.h in Headers */ = {isa = PBXBuildFile; fileRef = B716661D1EA5F24800537466 /* CustomTextField.h */; settings = {ATTRIBUTES = (Public, ); }; };
		B71666201EA5F24800537466 /* CustomTextField.m in Sources */ = {isa = PBXBuildFile; fileRef = B716661E1EA5F24800537466 /* CustomTextField.m */; };
		B71666231EA5F2A600537466 /* PooSearchBar.h in Headers */ = {isa = PBXBuildFile; fileRef = B71666211EA5F2A600537466 /* PooSearchBar.h */; settings = {ATTRIBUTES = (Public, ); }; };
		B71666241EA5F2A600537466 /* PooSearchBar.m in Sources */ = {isa = PBXBuildFile; fileRef = B71666221EA5F2A600537466 /* PooSearchBar.m */; };
		B71666271EA5F33100537466 /* PooSegView.h in Headers */ = {isa = PBXBuildFile; fileRef = B71666251EA5F33100537466 /* PooSegView.h */; settings = {ATTRIBUTES = (Public, ); }; };
		B71666281EA5F33100537466 /* PooSegView.m in Sources */ = {isa = PBXBuildFile; fileRef = B71666261EA5F33100537466 /* PooSegView.m */; };
		B716662F1EA60FF000537466 /* PLabel.h in Headers */ = {isa = PBXBuildFile; fileRef = B716662D1EA60FF000537466 /* PLabel.h */; settings = {ATTRIBUTES = (Public, ); }; };
		B71666301EA60FF000537466 /* PLabel.m in Sources */ = {isa = PBXBuildFile; fileRef = B716662E1EA60FF000537466 /* PLabel.m */; };
		B719EE901EA5B5E300A0E5AD /* NSURLResponse+Help.h in Headers */ = {isa = PBXBuildFile; fileRef = B719EE8E1EA5B5E300A0E5AD /* NSURLResponse+Help.h */; settings = {ATTRIBUTES = (Public, ); }; };
		B719EE911EA5B5E300A0E5AD /* NSURLResponse+Help.m in Sources */ = {isa = PBXBuildFile; fileRef = B719EE8F1EA5B5E300A0E5AD /* NSURLResponse+Help.m */; };
		B71A148D1EAF3BC800425084 /* PGifHud.h in Headers */ = {isa = PBXBuildFile; fileRef = B71A148B1EAF3BC800425084 /* PGifHud.h */; settings = {ATTRIBUTES = (Public, ); }; };
		B71A148E1EAF3BC800425084 /* PGifHud.m in Sources */ = {isa = PBXBuildFile; fileRef = B71A148C1EAF3BC800425084 /* PGifHud.m */; };
		B71A149C1EB33AE600425084 /* PSpeech.h in Headers */ = {isa = PBXBuildFile; fileRef = B71A149A1EB33AE600425084 /* PSpeech.h */; settings = {ATTRIBUTES = (Public, ); }; };
		B71A149D1EB33AE600425084 /* PSpeech.m in Sources */ = {isa = PBXBuildFile; fileRef = B71A149B1EB33AE600425084 /* PSpeech.m */; };
		B71A149F1EB33B3400425084 /* Speech.framework in Frameworks */ = {isa = PBXBuildFile; fileRef = B71A149E1EB33B3400425084 /* Speech.framework */; };
		B71A14A11EB33B3A00425084 /* AVFoundation.framework in Frameworks */ = {isa = PBXBuildFile; fileRef = B71A14A01EB33B3A00425084 /* AVFoundation.framework */; };
		B726EB501E9633F100D361D1 /* PLaunchAdMonitor.h in Headers */ = {isa = PBXBuildFile; fileRef = B726EB4E1E9633F100D361D1 /* PLaunchAdMonitor.h */; settings = {ATTRIBUTES = (Public, ); }; };
		B726EB511E9633F100D361D1 /* PLaunchAdMonitor.m in Sources */ = {isa = PBXBuildFile; fileRef = B726EB4F1E9633F100D361D1 /* PLaunchAdMonitor.m */; };
		B747876F1EADE119007AC515 /* MethodSwizzle.h in Headers */ = {isa = PBXBuildFile; fileRef = B747876D1EADE119007AC515 /* MethodSwizzle.h */; settings = {ATTRIBUTES = (Public, ); }; };
		B74787701EADE119007AC515 /* MethodSwizzle.m in Sources */ = {isa = PBXBuildFile; fileRef = B747876E1EADE119007AC515 /* MethodSwizzle.m */; };
		B781808E1EA705FB00DCA2BA /* PStarRateView.h in Headers */ = {isa = PBXBuildFile; fileRef = B781808C1EA705FB00DCA2BA /* PStarRateView.h */; settings = {ATTRIBUTES = (Public, ); }; };
		B781808F1EA705FB00DCA2BA /* PStarRateView.m in Sources */ = {isa = PBXBuildFile; fileRef = B781808D1EA705FB00DCA2BA /* PStarRateView.m */; };
		B781809B1EA717EF00DCA2BA /* RCDraggableButton.h in Headers */ = {isa = PBXBuildFile; fileRef = B78180991EA717EF00DCA2BA /* RCDraggableButton.h */; settings = {ATTRIBUTES = (Public, ); }; };
		B781809C1EA717EF00DCA2BA /* RCDraggableButton.m in Sources */ = {isa = PBXBuildFile; fileRef = B781809A1EA717EF00DCA2BA /* RCDraggableButton.m */; };
		B781809F1EA7299100DCA2BA /* ALActionSheetView.h in Headers */ = {isa = PBXBuildFile; fileRef = B781809D1EA7299100DCA2BA /* ALActionSheetView.h */; settings = {ATTRIBUTES = (Public, ); }; };
		B78180A01EA7299100DCA2BA /* ALActionSheetView.m in Sources */ = {isa = PBXBuildFile; fileRef = B781809E1EA7299100DCA2BA /* ALActionSheetView.m */; };
		B78180AB1EA735E400DCA2BA /* PTextField.h in Headers */ = {isa = PBXBuildFile; fileRef = B78180A91EA735E400DCA2BA /* PTextField.h */; settings = {ATTRIBUTES = (Public, ); }; };
		B78180AC1EA735E400DCA2BA /* PTextField.m in Sources */ = {isa = PBXBuildFile; fileRef = B78180AA1EA735E400DCA2BA /* PTextField.m */; };
		B7AF5CE31EA9A8BF00D1AD12 /* PooLoadingView.h in Headers */ = {isa = PBXBuildFile; fileRef = B7AF5CE11EA9A8BF00D1AD12 /* PooLoadingView.h */; settings = {ATTRIBUTES = (Public, ); }; };
		B7AF5CE41EA9A8BF00D1AD12 /* PooLoadingView.m in Sources */ = {isa = PBXBuildFile; fileRef = B7AF5CE21EA9A8BF00D1AD12 /* PooLoadingView.m */; };
		B7AF5CEF1EA9EF0400D1AD12 /* PMotion.h in Headers */ = {isa = PBXBuildFile; fileRef = B7AF5CED1EA9EF0400D1AD12 /* PMotion.h */; settings = {ATTRIBUTES = (Public, ); }; };
		B7AF5CF01EA9EF0400D1AD12 /* PMotion.m in Sources */ = {isa = PBXBuildFile; fileRef = B7AF5CEE1EA9EF0400D1AD12 /* PMotion.m */; };
		B7AF5CF31EA9EF2300D1AD12 /* CoreMotion.framework in Frameworks */ = {isa = PBXBuildFile; fileRef = B7AF5CF21EA9EF2300D1AD12 /* CoreMotion.framework */; };
		B7AF5CFC1EA9FC1A00D1AD12 /* PHealthKit.h in Headers */ = {isa = PBXBuildFile; fileRef = B7AF5CFA1EA9FC1A00D1AD12 /* PHealthKit.h */; settings = {ATTRIBUTES = (Public, ); }; };
		B7AF5CFD1EA9FC1A00D1AD12 /* PHealthKit.m in Sources */ = {isa = PBXBuildFile; fileRef = B7AF5CFB1EA9FC1A00D1AD12 /* PHealthKit.m */; };
		B7AF5CFF1EA9FDEF00D1AD12 /* HealthKit.framework in Frameworks */ = {isa = PBXBuildFile; fileRef = B7AF5CFE1EA9FDEF00D1AD12 /* HealthKit.framework */; };
		B7CF4E0C1E7BC83400CA299D /* PooTagsLabel.h in Headers */ = {isa = PBXBuildFile; fileRef = B7CF4E0A1E7BC83400CA299D /* PooTagsLabel.h */; settings = {ATTRIBUTES = (Public, ); }; };
		B7CF4E0D1E7BC83400CA299D /* PooTagsLabel.m in Sources */ = {isa = PBXBuildFile; fileRef = B7CF4E0B1E7BC83400CA299D /* PooTagsLabel.m */; };
		B7FC83D91EADC6C200E91E68 /* PTouchID.h in Headers */ = {isa = PBXBuildFile; fileRef = B7FC83D71EADC6C200E91E68 /* PTouchID.h */; settings = {ATTRIBUTES = (Public, ); }; };
		B7FC83DA1EADC6C200E91E68 /* PTouchID.m in Sources */ = {isa = PBXBuildFile; fileRef = B7FC83D81EADC6C200E91E68 /* PTouchID.m */; };
		B7FC83DC1EADC7EE00E91E68 /* LocalAuthentication.framework in Frameworks */ = {isa = PBXBuildFile; fileRef = B7FC83DB1EADC7EE00E91E68 /* LocalAuthentication.framework */; };
		C027FD8619C58F860007CA9B /* PBugReporter.h in Headers */ = {isa = PBXBuildFile; fileRef = C027FD8419C58F860007CA9B /* PBugReporter.h */; settings = {ATTRIBUTES = (Public, ); }; };
		C027FD8719C58F860007CA9B /* PBugReporter.m in Sources */ = {isa = PBXBuildFile; fileRef = C027FD8519C58F860007CA9B /* PBugReporter.m */; };
		C027FDA619C591240007CA9B /* CoreTelephony.framework in Frameworks */ = {isa = PBXBuildFile; fileRef = C027FDA519C591240007CA9B /* CoreTelephony.framework */; };
		C0380CB21CA9105800CC712D /* DES3Util.h in Headers */ = {isa = PBXBuildFile; fileRef = C0380CAC1CA9105700CC712D /* DES3Util.h */; settings = {ATTRIBUTES = (Public, ); }; };
		C0380CB31CA9105800CC712D /* DES3Util.m in Sources */ = {isa = PBXBuildFile; fileRef = C0380CAD1CA9105800CC712D /* DES3Util.m */; };
		C0380CB41CA9105800CC712D /* LGTMBase64.h in Headers */ = {isa = PBXBuildFile; fileRef = C0380CAF1CA9105800CC712D /* LGTMBase64.h */; settings = {ATTRIBUTES = (Public, ); }; };
		C0380CB51CA9105800CC712D /* LGTMBase64.m in Sources */ = {isa = PBXBuildFile; fileRef = C0380CB01CA9105800CC712D /* LGTMBase64.m */; };
		C0380CB61CA9105800CC712D /* LGTMDefines.h in Headers */ = {isa = PBXBuildFile; fileRef = C0380CB11CA9105800CC712D /* LGTMDefines.h */; settings = {ATTRIBUTES = (Public, ); }; };
		C048B02C19C596E000F19CFB /* QuartzCore.framework in Frameworks */ = {isa = PBXBuildFile; fileRef = C048B02B19C596E000F19CFB /* QuartzCore.framework */; };
		C0554FC719C36D1F004B589F /* PooUDIDInfo.h in Headers */ = {isa = PBXBuildFile; fileRef = C0554FC519C36D1F004B589F /* PooUDIDInfo.h */; settings = {ATTRIBUTES = (Public, ); }; };
		C0554FC819C36D1F004B589F /* PooUDIDInfo.m in Sources */ = {isa = PBXBuildFile; fileRef = C0554FC619C36D1F004B589F /* PooUDIDInfo.m */; };
		C0554FCA19C36D54004B589F /* Foundation.framework in Frameworks */ = {isa = PBXBuildFile; fileRef = C0554FC919C36D54004B589F /* Foundation.framework */; };
		C0554FCC19C36D5A004B589F /* UIKit.framework in Frameworks */ = {isa = PBXBuildFile; fileRef = C0554FCB19C36D5A004B589F /* UIKit.framework */; };
		C0554FCE19C36D70004B589F /* Security.framework in Frameworks */ = {isa = PBXBuildFile; fileRef = C0554FCD19C36D70004B589F /* Security.framework */; };
		C0554FD319C36E6B004B589F /* GPKeyChain.h in Headers */ = {isa = PBXBuildFile; fileRef = C0554FD119C36E6B004B589F /* GPKeyChain.h */; settings = {ATTRIBUTES = (Public, ); }; };
		C0554FD419C36E6B004B589F /* GPKeyChain.m in Sources */ = {isa = PBXBuildFile; fileRef = C0554FD219C36E6B004B589F /* GPKeyChain.m */; };
		C0554FD819C36F20004B589F /* PooNumberKeyBoard.h in Headers */ = {isa = PBXBuildFile; fileRef = C0554FD619C36F20004B589F /* PooNumberKeyBoard.h */; settings = {ATTRIBUTES = (Public, ); }; };
		C0554FD919C36F20004B589F /* PooNumberKeyBoard.m in Sources */ = {isa = PBXBuildFile; fileRef = C0554FD719C36F20004B589F /* PooNumberKeyBoard.m */; };
		C0554FDD19C36F57004B589F /* PooAlertView.h in Headers */ = {isa = PBXBuildFile; fileRef = C0554FDB19C36F57004B589F /* PooAlertView.h */; settings = {ATTRIBUTES = (Public, ); }; };
		C0554FDE19C36F57004B589F /* PooAlertView.m in Sources */ = {isa = PBXBuildFile; fileRef = C0554FDC19C36F57004B589F /* PooAlertView.m */; };
		C0554FE219C36F6D004B589F /* UIView+ModifyFrame.m in Sources */ = {isa = PBXBuildFile; fileRef = C0554FE019C36F6D004B589F /* UIView+ModifyFrame.m */; };
		C080247D1AF2B07F00398361 /* NSMutableArray+Shuffle.h in Headers */ = {isa = PBXBuildFile; fileRef = C080247B1AF2B07F00398361 /* NSMutableArray+Shuffle.h */; settings = {ATTRIBUTES = (Public, ); }; };
		C080247E1AF2B07F00398361 /* NSMutableArray+Shuffle.m in Sources */ = {isa = PBXBuildFile; fileRef = C080247C1AF2B07F00398361 /* NSMutableArray+Shuffle.m */; };
		C080248D1AF2B2D300398361 /* JMHoledView.h in Headers */ = {isa = PBXBuildFile; fileRef = C080248B1AF2B2D300398361 /* JMHoledView.h */; settings = {ATTRIBUTES = (Public, ); }; };
		C080248E1AF2B2D300398361 /* JMHoledView.m in Sources */ = {isa = PBXBuildFile; fileRef = C080248C1AF2B2D300398361 /* JMHoledView.m */; };
		C08024A01AF2FF9200398361 /* NSMutableString+TagReplace.h in Headers */ = {isa = PBXBuildFile; fileRef = C08024921AF2FF9200398361 /* NSMutableString+TagReplace.h */; settings = {ATTRIBUTES = (Public, ); }; };
		C08024A11AF2FF9200398361 /* NSMutableString+TagReplace.m in Sources */ = {isa = PBXBuildFile; fileRef = C08024931AF2FF9200398361 /* NSMutableString+TagReplace.m */; };
		C08024A21AF2FF9200398361 /* NSString+WPAttributedMarkup.h in Headers */ = {isa = PBXBuildFile; fileRef = C08024941AF2FF9200398361 /* NSString+WPAttributedMarkup.h */; settings = {ATTRIBUTES = (Public, ); }; };
		C08024A31AF2FF9200398361 /* NSString+WPAttributedMarkup.m in Sources */ = {isa = PBXBuildFile; fileRef = C08024951AF2FF9200398361 /* NSString+WPAttributedMarkup.m */; };
		C08024A61AF2FF9200398361 /* UILabel+FlickerNumber.h in Headers */ = {isa = PBXBuildFile; fileRef = C08024981AF2FF9200398361 /* UILabel+FlickerNumber.h */; settings = {ATTRIBUTES = (Public, ); }; };
		C08024A71AF2FF9200398361 /* UILabel+FlickerNumber.m in Sources */ = {isa = PBXBuildFile; fileRef = C08024991AF2FF9200398361 /* UILabel+FlickerNumber.m */; };
		C08024A81AF2FF9200398361 /* WPAttributedStyleAction.h in Headers */ = {isa = PBXBuildFile; fileRef = C080249A1AF2FF9200398361 /* WPAttributedStyleAction.h */; settings = {ATTRIBUTES = (Public, ); }; };
		C08024A91AF2FF9200398361 /* WPAttributedStyleAction.m in Sources */ = {isa = PBXBuildFile; fileRef = C080249B1AF2FF9200398361 /* WPAttributedStyleAction.m */; };
		C08024AA1AF2FF9200398361 /* WPHotspotLabel.h in Headers */ = {isa = PBXBuildFile; fileRef = C080249C1AF2FF9200398361 /* WPHotspotLabel.h */; settings = {ATTRIBUTES = (Public, ); }; };
		C08024AB1AF2FF9200398361 /* WPHotspotLabel.m in Sources */ = {isa = PBXBuildFile; fileRef = C080249D1AF2FF9200398361 /* WPHotspotLabel.m */; };
		C08024AC1AF2FF9200398361 /* WPTappableLabel.h in Headers */ = {isa = PBXBuildFile; fileRef = C080249E1AF2FF9200398361 /* WPTappableLabel.h */; settings = {ATTRIBUTES = (Public, ); }; };
		C08024AD1AF2FF9200398361 /* WPTappableLabel.m in Sources */ = {isa = PBXBuildFile; fileRef = C080249F1AF2FF9200398361 /* WPTappableLabel.m */; };
		C08024AF1AF2FFD100398361 /* CoreText.framework in Frameworks */ = {isa = PBXBuildFile; fileRef = C08024AE1AF2FFD100398361 /* CoreText.framework */; };
		C0833FF91AF6883300A4E289 /* Utils.h in Headers */ = {isa = PBXBuildFile; fileRef = C0833FF71AF6883300A4E289 /* Utils.h */; settings = {ATTRIBUTES = (Public, ); }; };
		C0833FFA1AF6883300A4E289 /* Utils.m in Sources */ = {isa = PBXBuildFile; fileRef = C0833FF81AF6883300A4E289 /* Utils.m */; };
		C0C7553F1D66E5810021A068 /* PMacros.h in Headers */ = {isa = PBXBuildFile; fileRef = C0C7553E1D66E5810021A068 /* PMacros.h */; settings = {ATTRIBUTES = (Public, ); }; };
		C0EA4BFF19C45069004D455F /* UIView+ModifyFrame.h in Headers */ = {isa = PBXBuildFile; fileRef = C0554FDF19C36F6D004B589F /* UIView+ModifyFrame.h */; settings = {ATTRIBUTES = (Public, ); }; };
		CC06F0371A5133AD002DEE4A /* SecurityStrategy.h in Headers */ = {isa = PBXBuildFile; fileRef = CC06F0331A5133AD002DEE4A /* SecurityStrategy.h */; settings = {ATTRIBUTES = (Public, ); }; };
		CC06F0381A5133AD002DEE4A /* SecurityStrategy.m in Sources */ = {isa = PBXBuildFile; fileRef = CC06F0341A5133AD002DEE4A /* SecurityStrategy.m */; };
		CC06F0391A5133AD002DEE4A /* UIImage+BlurGlass.h in Headers */ = {isa = PBXBuildFile; fileRef = CC06F0351A5133AD002DEE4A /* UIImage+BlurGlass.h */; settings = {ATTRIBUTES = (Public, ); }; };
		CC06F03A1A5133AD002DEE4A /* UIImage+BlurGlass.m in Sources */ = {isa = PBXBuildFile; fileRef = CC06F0361A5133AD002DEE4A /* UIImage+BlurGlass.m */; };
		CC0F80041A4AA25000CF7AAF /* NSString+Encryption.h in Headers */ = {isa = PBXBuildFile; fileRef = CC0F80001A4AA25000CF7AAF /* NSString+Encryption.h */; settings = {ATTRIBUTES = (Public, ); }; };
		CC0F80051A4AA25000CF7AAF /* NSString+Encryption.m in Sources */ = {isa = PBXBuildFile; fileRef = CC0F80011A4AA25000CF7AAF /* NSString+Encryption.m */; };
		CC0F80061A4AA25000CF7AAF /* NSString+Regulars.h in Headers */ = {isa = PBXBuildFile; fileRef = CC0F80021A4AA25000CF7AAF /* NSString+Regulars.h */; settings = {ATTRIBUTES = (Public, ); }; };
		CC0F80071A4AA25000CF7AAF /* NSString+Regulars.m in Sources */ = {isa = PBXBuildFile; fileRef = CC0F80031A4AA25000CF7AAF /* NSString+Regulars.m */; };
		CC0F80091A4AA38300CF7AAF /* PTInputAll.h in Headers */ = {isa = PBXBuildFile; fileRef = CC0F80081A4AA38300CF7AAF /* PTInputAll.h */; settings = {ATTRIBUTES = (Public, ); }; };
		CC0F80161A4AA91700CF7AAF /* PooSystemInfo.h in Headers */ = {isa = PBXBuildFile; fileRef = CC0F80141A4AA91700CF7AAF /* PooSystemInfo.h */; settings = {ATTRIBUTES = (Public, ); }; };
		CC0F80171A4AA91700CF7AAF /* PooSystemInfo.m in Sources */ = {isa = PBXBuildFile; fileRef = CC0F80151A4AA91700CF7AAF /* PooSystemInfo.m */; };
		CC1B95FC19D01EDA008367EB /* WebKit.framework in Frameworks */ = {isa = PBXBuildFile; fileRef = CC1B95FB19D01EDA008367EB /* WebKit.framework */; };
		CC3B45C91F993CE800418A33 /* UIButton+EX.h in Headers */ = {isa = PBXBuildFile; fileRef = CC3B45C51F993CE700418A33 /* UIButton+EX.h */; settings = {ATTRIBUTES = (Public, ); }; };
		CC3B45CA1F993CE800418A33 /* UIButton+EX.m in Sources */ = {isa = PBXBuildFile; fileRef = CC3B45C61F993CE700418A33 /* UIButton+EX.m */; };
		CC7E8AD719C680C300323099 /* PooCodeView.h in Headers */ = {isa = PBXBuildFile; fileRef = CC7E8AD519C680C300323099 /* PooCodeView.h */; settings = {ATTRIBUTES = (Public, ); }; };
		CC7E8AD819C680C300323099 /* PooCodeView.m in Sources */ = {isa = PBXBuildFile; fileRef = CC7E8AD619C680C300323099 /* PooCodeView.m */; };
		CC8B743C1A4A6FB800CAFDCB /* WMHub.h in Headers */ = {isa = PBXBuildFile; fileRef = CC8B74341A4A6FB800CAFDCB /* WMHub.h */; settings = {ATTRIBUTES = (Public, ); }; };
		CC8B743D1A4A6FB900CAFDCB /* WMHub.m in Sources */ = {isa = PBXBuildFile; fileRef = CC8B74351A4A6FB800CAFDCB /* WMHub.m */; };
		CC8B743E1A4A6FB900CAFDCB /* WMHubView.h in Headers */ = {isa = PBXBuildFile; fileRef = CC8B74361A4A6FB800CAFDCB /* WMHubView.h */; settings = {ATTRIBUTES = (Public, ); }; };
		CC8B743F1A4A6FB900CAFDCB /* WMHubView.m in Sources */ = {isa = PBXBuildFile; fileRef = CC8B74371A4A6FB800CAFDCB /* WMHubView.m */; };
		CC8B74401A4A6FB900CAFDCB /* WMHubViewController.h in Headers */ = {isa = PBXBuildFile; fileRef = CC8B74381A4A6FB800CAFDCB /* WMHubViewController.h */; settings = {ATTRIBUTES = (Public, ); }; };
		CC8B74411A4A6FB900CAFDCB /* WMHubViewController.m in Sources */ = {isa = PBXBuildFile; fileRef = CC8B74391A4A6FB800CAFDCB /* WMHubViewController.m */; };
		CC8B74421A4A6FB900CAFDCB /* WMHubWindow.h in Headers */ = {isa = PBXBuildFile; fileRef = CC8B743A1A4A6FB800CAFDCB /* WMHubWindow.h */; settings = {ATTRIBUTES = (Public, ); }; };
		CC8B74431A4A6FB900CAFDCB /* WMHubWindow.m in Sources */ = {isa = PBXBuildFile; fileRef = CC8B743B1A4A6FB800CAFDCB /* WMHubWindow.m */; };
		CCF2A1BF1A50ECF90088BBE6 /* HPGrowingTextView.h in Headers */ = {isa = PBXBuildFile; fileRef = CCF2A1BB1A50ECF90088BBE6 /* HPGrowingTextView.h */; settings = {ATTRIBUTES = (Public, ); }; };
		CCF2A1C01A50ECF90088BBE6 /* HPGrowingTextView.m in Sources */ = {isa = PBXBuildFile; fileRef = CCF2A1BC1A50ECF90088BBE6 /* HPGrowingTextView.m */; };
		CCF2A1C11A50ECF90088BBE6 /* HPTextViewInternal.h in Headers */ = {isa = PBXBuildFile; fileRef = CCF2A1BD1A50ECF90088BBE6 /* HPTextViewInternal.h */; settings = {ATTRIBUTES = (Public, ); }; };
		CCF2A1C21A50ECF90088BBE6 /* HPTextViewInternal.m in Sources */ = {isa = PBXBuildFile; fileRef = CCF2A1BE1A50ECF90088BBE6 /* HPTextViewInternal.m */; };
		CCF2A1DB1A50F80B0088BBE6 /* UIViewController+TopBarMessage.h in Headers */ = {isa = PBXBuildFile; fileRef = CCF2A1D91A50F80B0088BBE6 /* UIViewController+TopBarMessage.h */; settings = {ATTRIBUTES = (Public, ); }; };
		CCF2A1DC1A50F80B0088BBE6 /* UIViewController+TopBarMessage.m in Sources */ = {isa = PBXBuildFile; fileRef = CCF2A1DA1A50F80B0088BBE6 /* UIViewController+TopBarMessage.m */; };
		CCF2A1E61A50F8FB0088BBE6 /* UIColor+Colours.h in Headers */ = {isa = PBXBuildFile; fileRef = CCF2A1E01A50F8FB0088BBE6 /* UIColor+Colours.h */; settings = {ATTRIBUTES = (Public, ); }; };
		CCF2A1E71A50F8FB0088BBE6 /* UIColor+Colours.m in Sources */ = {isa = PBXBuildFile; fileRef = CCF2A1E11A50F8FB0088BBE6 /* UIColor+Colours.m */; };
		CCF2A1E81A50F8FB0088BBE6 /* UIColor+Helper.h in Headers */ = {isa = PBXBuildFile; fileRef = CCF2A1E21A50F8FB0088BBE6 /* UIColor+Helper.h */; settings = {ATTRIBUTES = (Public, ); }; };
		CCF2A1E91A50F8FB0088BBE6 /* UIColor+Helper.m in Sources */ = {isa = PBXBuildFile; fileRef = CCF2A1E31A50F8FB0088BBE6 /* UIColor+Helper.m */; };
		DB82CEC21B01E1080045DE83 /* PCarrie.h in Headers */ = {isa = PBXBuildFile; fileRef = DB82CEC01B01E1080045DE83 /* PCarrie.h */; settings = {ATTRIBUTES = (Public, ); }; };
		DB82CEC31B01E1080045DE83 /* PCarrie.m in Sources */ = {isa = PBXBuildFile; fileRef = DB82CEC11B01E1080045DE83 /* PCarrie.m */; };
		DBA630BF1B1D8FC200D587F8 /* ExternalAccessory.framework in Frameworks */ = {isa = PBXBuildFile; fileRef = DBA630BE1B1D8FC200D587F8 /* ExternalAccessory.framework */; };
		DBA630C11B1D8FC700D587F8 /* AudioToolbox.framework in Frameworks */ = {isa = PBXBuildFile; fileRef = DBA630C01B1D8FC700D587F8 /* AudioToolbox.framework */; };
		DBE0CB6D1AE9D53200027325 /* AHReach.h in Headers */ = {isa = PBXBuildFile; fileRef = DBE0CB6B1AE9D53200027325 /* AHReach.h */; settings = {ATTRIBUTES = (Public, ); }; };
		DBE0CB6E1AE9D53200027325 /* AHReach.m in Sources */ = {isa = PBXBuildFile; fileRef = DBE0CB6C1AE9D53200027325 /* AHReach.m */; settings = {COMPILER_FLAGS = "-fno-objc-arc"; }; };
		DBE0CB701AE9D5A300027325 /* SystemConfiguration.framework in Frameworks */ = {isa = PBXBuildFile; fileRef = DBE0CB6F1AE9D5A300027325 /* SystemConfiguration.framework */; };
		DBE0CB761AE9D64A00027325 /* PooPhoneBlock.h in Headers */ = {isa = PBXBuildFile; fileRef = DBE0CB741AE9D64A00027325 /* PooPhoneBlock.h */; settings = {ATTRIBUTES = (Public, ); }; };
		DBE0CB771AE9D64A00027325 /* PooPhoneBlock.m in Sources */ = {isa = PBXBuildFile; fileRef = DBE0CB751AE9D64A00027325 /* PooPhoneBlock.m */; };
/* End PBXBuildFile section */

/* Begin PBXContainerItemProxy section */
		DB2DCCD91B292819004D5053 /* PBXContainerItemProxy */ = {
			isa = PBXContainerItemProxy;
			containerPortal = C0554F9A19C36BD7004B589F /* Project object */;
			proxyType = 1;
			remoteGlobalIDString = C0554FBC19C36C33004B589F;
			remoteInfo = PTools;
		};
/* End PBXContainerItemProxy section */

/* Begin PBXFileReference section */
		B71666041EA5E67700537466 /* PooActionOnCalendar.h */ = {isa = PBXFileReference; fileEncoding = 4; lastKnownFileType = sourcecode.c.h; path = PooActionOnCalendar.h; sourceTree = "<group>"; };
		B71666051EA5E67700537466 /* PooActionOnCalendar.m */ = {isa = PBXFileReference; fileEncoding = 4; lastKnownFileType = sourcecode.c.objc; path = PooActionOnCalendar.m; sourceTree = "<group>"; };
		B71666091EA5ECC100537466 /* UINavigationItem+Excursion.h */ = {isa = PBXFileReference; fileEncoding = 4; lastKnownFileType = sourcecode.c.h; path = "UINavigationItem+Excursion.h"; sourceTree = "<group>"; };
		B716660A1EA5ECC100537466 /* UINavigationItem+Excursion.m */ = {isa = PBXFileReference; fileEncoding = 4; lastKnownFileType = sourcecode.c.objc; path = "UINavigationItem+Excursion.m"; sourceTree = "<group>"; };
		B716660B1EA5ECC100537466 /* UIImage+Size.h */ = {isa = PBXFileReference; fileEncoding = 4; lastKnownFileType = sourcecode.c.h; path = "UIImage+Size.h"; sourceTree = "<group>"; };
		B716660C1EA5ECC100537466 /* UIImage+Size.m */ = {isa = PBXFileReference; fileEncoding = 4; lastKnownFileType = sourcecode.c.objc; path = "UIImage+Size.m"; sourceTree = "<group>"; };
		B716660D1EA5ECC100537466 /* UIButton+Block.h */ = {isa = PBXFileReference; fileEncoding = 4; lastKnownFileType = sourcecode.c.h; path = "UIButton+Block.h"; sourceTree = "<group>"; };
		B716660E1EA5ECC100537466 /* UIButton+Block.m */ = {isa = PBXFileReference; fileEncoding = 4; lastKnownFileType = sourcecode.c.objc; path = "UIButton+Block.m"; sourceTree = "<group>"; };
		B71666191EA5F13200537466 /* PooTextView.h */ = {isa = PBXFileReference; fileEncoding = 4; lastKnownFileType = sourcecode.c.h; path = PooTextView.h; sourceTree = "<group>"; };
		B716661A1EA5F13200537466 /* PooTextView.m */ = {isa = PBXFileReference; fileEncoding = 4; lastKnownFileType = sourcecode.c.objc; path = PooTextView.m; sourceTree = "<group>"; };
		B716661D1EA5F24800537466 /* CustomTextField.h */ = {isa = PBXFileReference; fileEncoding = 4; lastKnownFileType = sourcecode.c.h; path = CustomTextField.h; sourceTree = "<group>"; };
		B716661E1EA5F24800537466 /* CustomTextField.m */ = {isa = PBXFileReference; fileEncoding = 4; lastKnownFileType = sourcecode.c.objc; path = CustomTextField.m; sourceTree = "<group>"; };
		B71666211EA5F2A600537466 /* PooSearchBar.h */ = {isa = PBXFileReference; fileEncoding = 4; lastKnownFileType = sourcecode.c.h; path = PooSearchBar.h; sourceTree = "<group>"; };
		B71666221EA5F2A600537466 /* PooSearchBar.m */ = {isa = PBXFileReference; fileEncoding = 4; lastKnownFileType = sourcecode.c.objc; path = PooSearchBar.m; sourceTree = "<group>"; };
		B71666251EA5F33100537466 /* PooSegView.h */ = {isa = PBXFileReference; fileEncoding = 4; lastKnownFileType = sourcecode.c.h; path = PooSegView.h; sourceTree = "<group>"; };
		B71666261EA5F33100537466 /* PooSegView.m */ = {isa = PBXFileReference; fileEncoding = 4; lastKnownFileType = sourcecode.c.objc; path = PooSegView.m; sourceTree = "<group>"; };
		B716662D1EA60FF000537466 /* PLabel.h */ = {isa = PBXFileReference; fileEncoding = 4; lastKnownFileType = sourcecode.c.h; path = PLabel.h; sourceTree = "<group>"; };
		B716662E1EA60FF000537466 /* PLabel.m */ = {isa = PBXFileReference; fileEncoding = 4; lastKnownFileType = sourcecode.c.objc; path = PLabel.m; sourceTree = "<group>"; };
		B719EE8E1EA5B5E300A0E5AD /* NSURLResponse+Help.h */ = {isa = PBXFileReference; fileEncoding = 4; lastKnownFileType = sourcecode.c.h; path = "NSURLResponse+Help.h"; sourceTree = "<group>"; };
		B719EE8F1EA5B5E300A0E5AD /* NSURLResponse+Help.m */ = {isa = PBXFileReference; fileEncoding = 4; lastKnownFileType = sourcecode.c.objc; path = "NSURLResponse+Help.m"; sourceTree = "<group>"; };
		B71A148B1EAF3BC800425084 /* PGifHud.h */ = {isa = PBXFileReference; fileEncoding = 4; lastKnownFileType = sourcecode.c.h; path = PGifHud.h; sourceTree = "<group>"; };
		B71A148C1EAF3BC800425084 /* PGifHud.m */ = {isa = PBXFileReference; fileEncoding = 4; lastKnownFileType = sourcecode.c.objc; path = PGifHud.m; sourceTree = "<group>"; };
		B71A149A1EB33AE600425084 /* PSpeech.h */ = {isa = PBXFileReference; fileEncoding = 4; lastKnownFileType = sourcecode.c.h; path = PSpeech.h; sourceTree = "<group>"; };
		B71A149B1EB33AE600425084 /* PSpeech.m */ = {isa = PBXFileReference; fileEncoding = 4; lastKnownFileType = sourcecode.c.objc; path = PSpeech.m; sourceTree = "<group>"; };
		B71A149E1EB33B3400425084 /* Speech.framework */ = {isa = PBXFileReference; lastKnownFileType = wrapper.framework; name = Speech.framework; path = System/Library/Frameworks/Speech.framework; sourceTree = SDKROOT; };
		B71A14A01EB33B3A00425084 /* AVFoundation.framework */ = {isa = PBXFileReference; lastKnownFileType = wrapper.framework; name = AVFoundation.framework; path = System/Library/Frameworks/AVFoundation.framework; sourceTree = SDKROOT; };
		B726EB4E1E9633F100D361D1 /* PLaunchAdMonitor.h */ = {isa = PBXFileReference; fileEncoding = 4; lastKnownFileType = sourcecode.c.h; path = PLaunchAdMonitor.h; sourceTree = "<group>"; };
		B726EB4F1E9633F100D361D1 /* PLaunchAdMonitor.m */ = {isa = PBXFileReference; fileEncoding = 4; lastKnownFileType = sourcecode.c.objc; path = PLaunchAdMonitor.m; sourceTree = "<group>"; };
		B747876D1EADE119007AC515 /* MethodSwizzle.h */ = {isa = PBXFileReference; fileEncoding = 4; lastKnownFileType = sourcecode.c.h; path = MethodSwizzle.h; sourceTree = "<group>"; };
		B747876E1EADE119007AC515 /* MethodSwizzle.m */ = {isa = PBXFileReference; fileEncoding = 4; lastKnownFileType = sourcecode.c.objc; path = MethodSwizzle.m; sourceTree = "<group>"; };
		B781808C1EA705FB00DCA2BA /* PStarRateView.h */ = {isa = PBXFileReference; fileEncoding = 4; lastKnownFileType = sourcecode.c.h; path = PStarRateView.h; sourceTree = "<group>"; };
		B781808D1EA705FB00DCA2BA /* PStarRateView.m */ = {isa = PBXFileReference; fileEncoding = 4; lastKnownFileType = sourcecode.c.objc; path = PStarRateView.m; sourceTree = "<group>"; };
		B78180991EA717EF00DCA2BA /* RCDraggableButton.h */ = {isa = PBXFileReference; fileEncoding = 4; lastKnownFileType = sourcecode.c.h; path = RCDraggableButton.h; sourceTree = "<group>"; };
		B781809A1EA717EF00DCA2BA /* RCDraggableButton.m */ = {isa = PBXFileReference; fileEncoding = 4; lastKnownFileType = sourcecode.c.objc; path = RCDraggableButton.m; sourceTree = "<group>"; };
		B781809D1EA7299100DCA2BA /* ALActionSheetView.h */ = {isa = PBXFileReference; fileEncoding = 4; lastKnownFileType = sourcecode.c.h; path = ALActionSheetView.h; sourceTree = "<group>"; };
		B781809E1EA7299100DCA2BA /* ALActionSheetView.m */ = {isa = PBXFileReference; fileEncoding = 4; lastKnownFileType = sourcecode.c.objc; path = ALActionSheetView.m; sourceTree = "<group>"; };
		B78180A91EA735E400DCA2BA /* PTextField.h */ = {isa = PBXFileReference; fileEncoding = 4; lastKnownFileType = sourcecode.c.h; path = PTextField.h; sourceTree = "<group>"; };
		B78180AA1EA735E400DCA2BA /* PTextField.m */ = {isa = PBXFileReference; fileEncoding = 4; lastKnownFileType = sourcecode.c.objc; path = PTextField.m; sourceTree = "<group>"; };
		B7AF5CE11EA9A8BF00D1AD12 /* PooLoadingView.h */ = {isa = PBXFileReference; fileEncoding = 4; lastKnownFileType = sourcecode.c.h; path = PooLoadingView.h; sourceTree = "<group>"; };
		B7AF5CE21EA9A8BF00D1AD12 /* PooLoadingView.m */ = {isa = PBXFileReference; fileEncoding = 4; lastKnownFileType = sourcecode.c.objc; path = PooLoadingView.m; sourceTree = "<group>"; };
		B7AF5CED1EA9EF0400D1AD12 /* PMotion.h */ = {isa = PBXFileReference; fileEncoding = 4; lastKnownFileType = sourcecode.c.h; path = PMotion.h; sourceTree = "<group>"; };
		B7AF5CEE1EA9EF0400D1AD12 /* PMotion.m */ = {isa = PBXFileReference; fileEncoding = 4; lastKnownFileType = sourcecode.c.objc; path = PMotion.m; sourceTree = "<group>"; };
		B7AF5CF21EA9EF2300D1AD12 /* CoreMotion.framework */ = {isa = PBXFileReference; lastKnownFileType = wrapper.framework; name = CoreMotion.framework; path = System/Library/Frameworks/CoreMotion.framework; sourceTree = SDKROOT; };
		B7AF5CFA1EA9FC1A00D1AD12 /* PHealthKit.h */ = {isa = PBXFileReference; fileEncoding = 4; lastKnownFileType = sourcecode.c.h; path = PHealthKit.h; sourceTree = "<group>"; };
		B7AF5CFB1EA9FC1A00D1AD12 /* PHealthKit.m */ = {isa = PBXFileReference; fileEncoding = 4; lastKnownFileType = sourcecode.c.objc; path = PHealthKit.m; sourceTree = "<group>"; };
		B7AF5CFE1EA9FDEF00D1AD12 /* HealthKit.framework */ = {isa = PBXFileReference; lastKnownFileType = wrapper.framework; name = HealthKit.framework; path = System/Library/Frameworks/HealthKit.framework; sourceTree = SDKROOT; };
		B7CF4E0A1E7BC83400CA299D /* PooTagsLabel.h */ = {isa = PBXFileReference; fileEncoding = 4; lastKnownFileType = sourcecode.c.h; path = PooTagsLabel.h; sourceTree = "<group>"; };
		B7CF4E0B1E7BC83400CA299D /* PooTagsLabel.m */ = {isa = PBXFileReference; fileEncoding = 4; lastKnownFileType = sourcecode.c.objc; path = PooTagsLabel.m; sourceTree = "<group>"; };
		B7FC83D71EADC6C200E91E68 /* PTouchID.h */ = {isa = PBXFileReference; fileEncoding = 4; lastKnownFileType = sourcecode.c.h; path = PTouchID.h; sourceTree = "<group>"; };
		B7FC83D81EADC6C200E91E68 /* PTouchID.m */ = {isa = PBXFileReference; fileEncoding = 4; lastKnownFileType = sourcecode.c.objc; path = PTouchID.m; sourceTree = "<group>"; };
		B7FC83DB1EADC7EE00E91E68 /* LocalAuthentication.framework */ = {isa = PBXFileReference; lastKnownFileType = wrapper.framework; name = LocalAuthentication.framework; path = System/Library/Frameworks/LocalAuthentication.framework; sourceTree = SDKROOT; };
		C027FD8419C58F860007CA9B /* PBugReporter.h */ = {isa = PBXFileReference; fileEncoding = 4; lastKnownFileType = sourcecode.c.h; path = PBugReporter.h; sourceTree = "<group>"; };
		C027FD8519C58F860007CA9B /* PBugReporter.m */ = {isa = PBXFileReference; fileEncoding = 4; lastKnownFileType = sourcecode.c.objc; path = PBugReporter.m; sourceTree = "<group>"; };
		C027FDA519C591240007CA9B /* CoreTelephony.framework */ = {isa = PBXFileReference; lastKnownFileType = wrapper.framework; name = CoreTelephony.framework; path = System/Library/Frameworks/CoreTelephony.framework; sourceTree = SDKROOT; };
		C0380CAC1CA9105700CC712D /* DES3Util.h */ = {isa = PBXFileReference; fileEncoding = 4; lastKnownFileType = sourcecode.c.h; path = DES3Util.h; sourceTree = "<group>"; };
		C0380CAD1CA9105800CC712D /* DES3Util.m */ = {isa = PBXFileReference; fileEncoding = 4; lastKnownFileType = sourcecode.c.objc; path = DES3Util.m; sourceTree = "<group>"; };
		C0380CAF1CA9105800CC712D /* LGTMBase64.h */ = {isa = PBXFileReference; fileEncoding = 4; lastKnownFileType = sourcecode.c.h; path = LGTMBase64.h; sourceTree = "<group>"; };
		C0380CB01CA9105800CC712D /* LGTMBase64.m */ = {isa = PBXFileReference; fileEncoding = 4; lastKnownFileType = sourcecode.c.objc; path = LGTMBase64.m; sourceTree = "<group>"; };
		C0380CB11CA9105800CC712D /* LGTMDefines.h */ = {isa = PBXFileReference; fileEncoding = 4; lastKnownFileType = sourcecode.c.h; path = LGTMDefines.h; sourceTree = "<group>"; };
		C048B02B19C596E000F19CFB /* QuartzCore.framework */ = {isa = PBXFileReference; lastKnownFileType = wrapper.framework; name = QuartzCore.framework; path = System/Library/Frameworks/QuartzCore.framework; sourceTree = SDKROOT; };
		C0554FBD19C36C33004B589F /* PTools.framework */ = {isa = PBXFileReference; explicitFileType = wrapper.cfbundle; includeInIndex = 0; path = PTools.framework; sourceTree = BUILT_PRODUCTS_DIR; };
		C0554FC019C36C33004B589F /* Info.plist */ = {isa = PBXFileReference; lastKnownFileType = text.plist.xml; path = Info.plist; sourceTree = "<group>"; };
		C0554FC519C36D1F004B589F /* PooUDIDInfo.h */ = {isa = PBXFileReference; fileEncoding = 4; lastKnownFileType = sourcecode.c.h; path = PooUDIDInfo.h; sourceTree = "<group>"; };
		C0554FC619C36D1F004B589F /* PooUDIDInfo.m */ = {isa = PBXFileReference; fileEncoding = 4; lastKnownFileType = sourcecode.c.objc; path = PooUDIDInfo.m; sourceTree = "<group>"; };
		C0554FC919C36D54004B589F /* Foundation.framework */ = {isa = PBXFileReference; lastKnownFileType = wrapper.framework; name = Foundation.framework; path = System/Library/Frameworks/Foundation.framework; sourceTree = SDKROOT; };
		C0554FCB19C36D5A004B589F /* UIKit.framework */ = {isa = PBXFileReference; lastKnownFileType = wrapper.framework; name = UIKit.framework; path = System/Library/Frameworks/UIKit.framework; sourceTree = SDKROOT; };
		C0554FCD19C36D70004B589F /* Security.framework */ = {isa = PBXFileReference; lastKnownFileType = wrapper.framework; name = Security.framework; path = System/Library/Frameworks/Security.framework; sourceTree = SDKROOT; };
		C0554FD119C36E6B004B589F /* GPKeyChain.h */ = {isa = PBXFileReference; fileEncoding = 4; lastKnownFileType = sourcecode.c.h; path = GPKeyChain.h; sourceTree = "<group>"; };
		C0554FD219C36E6B004B589F /* GPKeyChain.m */ = {isa = PBXFileReference; fileEncoding = 4; lastKnownFileType = sourcecode.c.objc; path = GPKeyChain.m; sourceTree = "<group>"; };
		C0554FD619C36F20004B589F /* PooNumberKeyBoard.h */ = {isa = PBXFileReference; fileEncoding = 4; lastKnownFileType = sourcecode.c.h; path = PooNumberKeyBoard.h; sourceTree = "<group>"; };
		C0554FD719C36F20004B589F /* PooNumberKeyBoard.m */ = {isa = PBXFileReference; fileEncoding = 4; lastKnownFileType = sourcecode.c.objc; path = PooNumberKeyBoard.m; sourceTree = "<group>"; };
		C0554FDB19C36F57004B589F /* PooAlertView.h */ = {isa = PBXFileReference; fileEncoding = 4; lastKnownFileType = sourcecode.c.h; path = PooAlertView.h; sourceTree = "<group>"; };
		C0554FDC19C36F57004B589F /* PooAlertView.m */ = {isa = PBXFileReference; fileEncoding = 4; lastKnownFileType = sourcecode.c.objc; path = PooAlertView.m; sourceTree = "<group>"; };
		C0554FDF19C36F6D004B589F /* UIView+ModifyFrame.h */ = {isa = PBXFileReference; fileEncoding = 4; lastKnownFileType = sourcecode.c.h; path = "UIView+ModifyFrame.h"; sourceTree = "<group>"; };
		C0554FE019C36F6D004B589F /* UIView+ModifyFrame.m */ = {isa = PBXFileReference; fileEncoding = 4; lastKnownFileType = sourcecode.c.objc; path = "UIView+ModifyFrame.m"; sourceTree = "<group>"; };
		C080247B1AF2B07F00398361 /* NSMutableArray+Shuffle.h */ = {isa = PBXFileReference; fileEncoding = 4; lastKnownFileType = sourcecode.c.h; path = "NSMutableArray+Shuffle.h"; sourceTree = "<group>"; };
		C080247C1AF2B07F00398361 /* NSMutableArray+Shuffle.m */ = {isa = PBXFileReference; fileEncoding = 4; lastKnownFileType = sourcecode.c.objc; path = "NSMutableArray+Shuffle.m"; sourceTree = "<group>"; };
		C080248B1AF2B2D300398361 /* JMHoledView.h */ = {isa = PBXFileReference; fileEncoding = 4; lastKnownFileType = sourcecode.c.h; path = JMHoledView.h; sourceTree = "<group>"; };
		C080248C1AF2B2D300398361 /* JMHoledView.m */ = {isa = PBXFileReference; fileEncoding = 4; lastKnownFileType = sourcecode.c.objc; path = JMHoledView.m; sourceTree = "<group>"; };
		C08024921AF2FF9200398361 /* NSMutableString+TagReplace.h */ = {isa = PBXFileReference; fileEncoding = 4; lastKnownFileType = sourcecode.c.h; path = "NSMutableString+TagReplace.h"; sourceTree = "<group>"; };
		C08024931AF2FF9200398361 /* NSMutableString+TagReplace.m */ = {isa = PBXFileReference; fileEncoding = 4; lastKnownFileType = sourcecode.c.objc; path = "NSMutableString+TagReplace.m"; sourceTree = "<group>"; };
		C08024941AF2FF9200398361 /* NSString+WPAttributedMarkup.h */ = {isa = PBXFileReference; fileEncoding = 4; lastKnownFileType = sourcecode.c.h; path = "NSString+WPAttributedMarkup.h"; sourceTree = "<group>"; };
		C08024951AF2FF9200398361 /* NSString+WPAttributedMarkup.m */ = {isa = PBXFileReference; fileEncoding = 4; lastKnownFileType = sourcecode.c.objc; path = "NSString+WPAttributedMarkup.m"; sourceTree = "<group>"; };
		C08024981AF2FF9200398361 /* UILabel+FlickerNumber.h */ = {isa = PBXFileReference; fileEncoding = 4; lastKnownFileType = sourcecode.c.h; path = "UILabel+FlickerNumber.h"; sourceTree = "<group>"; };
		C08024991AF2FF9200398361 /* UILabel+FlickerNumber.m */ = {isa = PBXFileReference; fileEncoding = 4; lastKnownFileType = sourcecode.c.objc; path = "UILabel+FlickerNumber.m"; sourceTree = "<group>"; };
		C080249A1AF2FF9200398361 /* WPAttributedStyleAction.h */ = {isa = PBXFileReference; fileEncoding = 4; lastKnownFileType = sourcecode.c.h; path = WPAttributedStyleAction.h; sourceTree = "<group>"; };
		C080249B1AF2FF9200398361 /* WPAttributedStyleAction.m */ = {isa = PBXFileReference; fileEncoding = 4; lastKnownFileType = sourcecode.c.objc; path = WPAttributedStyleAction.m; sourceTree = "<group>"; };
		C080249C1AF2FF9200398361 /* WPHotspotLabel.h */ = {isa = PBXFileReference; fileEncoding = 4; lastKnownFileType = sourcecode.c.h; path = WPHotspotLabel.h; sourceTree = "<group>"; };
		C080249D1AF2FF9200398361 /* WPHotspotLabel.m */ = {isa = PBXFileReference; fileEncoding = 4; lastKnownFileType = sourcecode.c.objc; path = WPHotspotLabel.m; sourceTree = "<group>"; };
		C080249E1AF2FF9200398361 /* WPTappableLabel.h */ = {isa = PBXFileReference; fileEncoding = 4; lastKnownFileType = sourcecode.c.h; path = WPTappableLabel.h; sourceTree = "<group>"; };
		C080249F1AF2FF9200398361 /* WPTappableLabel.m */ = {isa = PBXFileReference; fileEncoding = 4; lastKnownFileType = sourcecode.c.objc; path = WPTappableLabel.m; sourceTree = "<group>"; };
		C08024AE1AF2FFD100398361 /* CoreText.framework */ = {isa = PBXFileReference; lastKnownFileType = wrapper.framework; name = CoreText.framework; path = System/Library/Frameworks/CoreText.framework; sourceTree = SDKROOT; };
		C0833FF71AF6883300A4E289 /* Utils.h */ = {isa = PBXFileReference; fileEncoding = 4; lastKnownFileType = sourcecode.c.h; path = Utils.h; sourceTree = "<group>"; };
		C0833FF81AF6883300A4E289 /* Utils.m */ = {isa = PBXFileReference; fileEncoding = 4; lastKnownFileType = sourcecode.c.objc; path = Utils.m; sourceTree = "<group>"; };
		C0C7553E1D66E5810021A068 /* PMacros.h */ = {isa = PBXFileReference; fileEncoding = 4; lastKnownFileType = sourcecode.c.h; path = PMacros.h; sourceTree = "<group>"; };
		CC06F0331A5133AD002DEE4A /* SecurityStrategy.h */ = {isa = PBXFileReference; fileEncoding = 4; lastKnownFileType = sourcecode.c.h; path = SecurityStrategy.h; sourceTree = "<group>"; };
		CC06F0341A5133AD002DEE4A /* SecurityStrategy.m */ = {isa = PBXFileReference; fileEncoding = 4; lastKnownFileType = sourcecode.c.objc; path = SecurityStrategy.m; sourceTree = "<group>"; };
		CC06F0351A5133AD002DEE4A /* UIImage+BlurGlass.h */ = {isa = PBXFileReference; fileEncoding = 4; lastKnownFileType = sourcecode.c.h; path = "UIImage+BlurGlass.h"; sourceTree = "<group>"; };
		CC06F0361A5133AD002DEE4A /* UIImage+BlurGlass.m */ = {isa = PBXFileReference; fileEncoding = 4; lastKnownFileType = sourcecode.c.objc; path = "UIImage+BlurGlass.m"; sourceTree = "<group>"; };
		CC0F80001A4AA25000CF7AAF /* NSString+Encryption.h */ = {isa = PBXFileReference; fileEncoding = 4; lastKnownFileType = sourcecode.c.h; path = "NSString+Encryption.h"; sourceTree = "<group>"; };
		CC0F80011A4AA25000CF7AAF /* NSString+Encryption.m */ = {isa = PBXFileReference; fileEncoding = 4; lastKnownFileType = sourcecode.c.objc; path = "NSString+Encryption.m"; sourceTree = "<group>"; };
		CC0F80021A4AA25000CF7AAF /* NSString+Regulars.h */ = {isa = PBXFileReference; fileEncoding = 4; lastKnownFileType = sourcecode.c.h; path = "NSString+Regulars.h"; sourceTree = "<group>"; };
		CC0F80031A4AA25000CF7AAF /* NSString+Regulars.m */ = {isa = PBXFileReference; fileEncoding = 4; lastKnownFileType = sourcecode.c.objc; path = "NSString+Regulars.m"; sourceTree = "<group>"; };
		CC0F80081A4AA38300CF7AAF /* PTInputAll.h */ = {isa = PBXFileReference; fileEncoding = 4; lastKnownFileType = sourcecode.c.h; path = PTInputAll.h; sourceTree = "<group>"; };
		CC0F80141A4AA91700CF7AAF /* PooSystemInfo.h */ = {isa = PBXFileReference; fileEncoding = 4; lastKnownFileType = sourcecode.c.h; path = PooSystemInfo.h; sourceTree = "<group>"; };
		CC0F80151A4AA91700CF7AAF /* PooSystemInfo.m */ = {isa = PBXFileReference; fileEncoding = 4; lastKnownFileType = sourcecode.c.objc; path = PooSystemInfo.m; sourceTree = "<group>"; };
		CC1B95FB19D01EDA008367EB /* WebKit.framework */ = {isa = PBXFileReference; lastKnownFileType = wrapper.framework; name = WebKit.framework; path = System/Library/Frameworks/WebKit.framework; sourceTree = SDKROOT; };
		CC3B45C51F993CE700418A33 /* UIButton+EX.h */ = {isa = PBXFileReference; fileEncoding = 4; lastKnownFileType = sourcecode.c.h; path = "UIButton+EX.h"; sourceTree = "<group>"; };
		CC3B45C61F993CE700418A33 /* UIButton+EX.m */ = {isa = PBXFileReference; fileEncoding = 4; lastKnownFileType = sourcecode.c.objc; path = "UIButton+EX.m"; sourceTree = "<group>"; };
		CC7E8AD519C680C300323099 /* PooCodeView.h */ = {isa = PBXFileReference; fileEncoding = 4; lastKnownFileType = sourcecode.c.h; path = PooCodeView.h; sourceTree = "<group>"; };
		CC7E8AD619C680C300323099 /* PooCodeView.m */ = {isa = PBXFileReference; fileEncoding = 4; lastKnownFileType = sourcecode.c.objc; path = PooCodeView.m; sourceTree = "<group>"; };
		CC8B74341A4A6FB800CAFDCB /* WMHub.h */ = {isa = PBXFileReference; fileEncoding = 4; lastKnownFileType = sourcecode.c.h; path = WMHub.h; sourceTree = "<group>"; };
		CC8B74351A4A6FB800CAFDCB /* WMHub.m */ = {isa = PBXFileReference; fileEncoding = 4; lastKnownFileType = sourcecode.c.objc; path = WMHub.m; sourceTree = "<group>"; };
		CC8B74361A4A6FB800CAFDCB /* WMHubView.h */ = {isa = PBXFileReference; fileEncoding = 4; lastKnownFileType = sourcecode.c.h; path = WMHubView.h; sourceTree = "<group>"; };
		CC8B74371A4A6FB800CAFDCB /* WMHubView.m */ = {isa = PBXFileReference; fileEncoding = 4; lastKnownFileType = sourcecode.c.objc; path = WMHubView.m; sourceTree = "<group>"; };
		CC8B74381A4A6FB800CAFDCB /* WMHubViewController.h */ = {isa = PBXFileReference; fileEncoding = 4; lastKnownFileType = sourcecode.c.h; path = WMHubViewController.h; sourceTree = "<group>"; };
		CC8B74391A4A6FB800CAFDCB /* WMHubViewController.m */ = {isa = PBXFileReference; fileEncoding = 4; lastKnownFileType = sourcecode.c.objc; path = WMHubViewController.m; sourceTree = "<group>"; };
		CC8B743A1A4A6FB800CAFDCB /* WMHubWindow.h */ = {isa = PBXFileReference; fileEncoding = 4; lastKnownFileType = sourcecode.c.h; path = WMHubWindow.h; sourceTree = "<group>"; };
		CC8B743B1A4A6FB800CAFDCB /* WMHubWindow.m */ = {isa = PBXFileReference; fileEncoding = 4; lastKnownFileType = sourcecode.c.objc; path = WMHubWindow.m; sourceTree = "<group>"; };
		CCF2A1BB1A50ECF90088BBE6 /* HPGrowingTextView.h */ = {isa = PBXFileReference; fileEncoding = 4; lastKnownFileType = sourcecode.c.h; path = HPGrowingTextView.h; sourceTree = "<group>"; };
		CCF2A1BC1A50ECF90088BBE6 /* HPGrowingTextView.m */ = {isa = PBXFileReference; fileEncoding = 4; lastKnownFileType = sourcecode.c.objc; path = HPGrowingTextView.m; sourceTree = "<group>"; };
		CCF2A1BD1A50ECF90088BBE6 /* HPTextViewInternal.h */ = {isa = PBXFileReference; fileEncoding = 4; lastKnownFileType = sourcecode.c.h; path = HPTextViewInternal.h; sourceTree = "<group>"; };
		CCF2A1BE1A50ECF90088BBE6 /* HPTextViewInternal.m */ = {isa = PBXFileReference; fileEncoding = 4; lastKnownFileType = sourcecode.c.objc; path = HPTextViewInternal.m; sourceTree = "<group>"; };
		CCF2A1D91A50F80B0088BBE6 /* UIViewController+TopBarMessage.h */ = {isa = PBXFileReference; fileEncoding = 4; lastKnownFileType = sourcecode.c.h; path = "UIViewController+TopBarMessage.h"; sourceTree = "<group>"; };
		CCF2A1DA1A50F80B0088BBE6 /* UIViewController+TopBarMessage.m */ = {isa = PBXFileReference; fileEncoding = 4; lastKnownFileType = sourcecode.c.objc; path = "UIViewController+TopBarMessage.m"; sourceTree = "<group>"; };
		CCF2A1E01A50F8FB0088BBE6 /* UIColor+Colours.h */ = {isa = PBXFileReference; fileEncoding = 4; lastKnownFileType = sourcecode.c.h; path = "UIColor+Colours.h"; sourceTree = "<group>"; };
		CCF2A1E11A50F8FB0088BBE6 /* UIColor+Colours.m */ = {isa = PBXFileReference; fileEncoding = 4; lastKnownFileType = sourcecode.c.objc; path = "UIColor+Colours.m"; sourceTree = "<group>"; };
		CCF2A1E21A50F8FB0088BBE6 /* UIColor+Helper.h */ = {isa = PBXFileReference; fileEncoding = 4; lastKnownFileType = sourcecode.c.h; path = "UIColor+Helper.h"; sourceTree = "<group>"; };
		CCF2A1E31A50F8FB0088BBE6 /* UIColor+Helper.m */ = {isa = PBXFileReference; fileEncoding = 4; lastKnownFileType = sourcecode.c.objc; path = "UIColor+Helper.m"; sourceTree = "<group>"; };
		DB82CEC01B01E1080045DE83 /* PCarrie.h */ = {isa = PBXFileReference; fileEncoding = 4; lastKnownFileType = sourcecode.c.h; path = PCarrie.h; sourceTree = "<group>"; };
		DB82CEC11B01E1080045DE83 /* PCarrie.m */ = {isa = PBXFileReference; fileEncoding = 4; lastKnownFileType = sourcecode.c.objc; path = PCarrie.m; sourceTree = "<group>"; };
		DBA630BE1B1D8FC200D587F8 /* ExternalAccessory.framework */ = {isa = PBXFileReference; lastKnownFileType = wrapper.framework; name = ExternalAccessory.framework; path = System/Library/Frameworks/ExternalAccessory.framework; sourceTree = SDKROOT; };
		DBA630C01B1D8FC700D587F8 /* AudioToolbox.framework */ = {isa = PBXFileReference; lastKnownFileType = wrapper.framework; name = AudioToolbox.framework; path = System/Library/Frameworks/AudioToolbox.framework; sourceTree = SDKROOT; };
		DBE0CB6B1AE9D53200027325 /* AHReach.h */ = {isa = PBXFileReference; fileEncoding = 4; lastKnownFileType = sourcecode.c.h; path = AHReach.h; sourceTree = "<group>"; };
		DBE0CB6C1AE9D53200027325 /* AHReach.m */ = {isa = PBXFileReference; fileEncoding = 4; lastKnownFileType = sourcecode.c.objc; path = AHReach.m; sourceTree = "<group>"; };
		DBE0CB6F1AE9D5A300027325 /* SystemConfiguration.framework */ = {isa = PBXFileReference; lastKnownFileType = wrapper.framework; name = SystemConfiguration.framework; path = System/Library/Frameworks/SystemConfiguration.framework; sourceTree = SDKROOT; };
		DBE0CB741AE9D64A00027325 /* PooPhoneBlock.h */ = {isa = PBXFileReference; fileEncoding = 4; lastKnownFileType = sourcecode.c.h; path = PooPhoneBlock.h; sourceTree = "<group>"; };
		DBE0CB751AE9D64A00027325 /* PooPhoneBlock.m */ = {isa = PBXFileReference; fileEncoding = 4; lastKnownFileType = sourcecode.c.objc; path = PooPhoneBlock.m; sourceTree = "<group>"; };
/* End PBXFileReference section */

/* Begin PBXFrameworksBuildPhase section */
		C0554FBA19C36C33004B589F /* Frameworks */ = {
			isa = PBXFrameworksBuildPhase;
			buildActionMask = 2147483647;
			files = (
				B71A14A11EB33B3A00425084 /* AVFoundation.framework in Frameworks */,
				B71A149F1EB33B3400425084 /* Speech.framework in Frameworks */,
				C0554FCE19C36D70004B589F /* Security.framework in Frameworks */,
				B7FC83DC1EADC7EE00E91E68 /* LocalAuthentication.framework in Frameworks */,
				B7AF5CFF1EA9FDEF00D1AD12 /* HealthKit.framework in Frameworks */,
				B7AF5CF31EA9EF2300D1AD12 /* CoreMotion.framework in Frameworks */,
				DBA630C11B1D8FC700D587F8 /* AudioToolbox.framework in Frameworks */,
				DBA630BF1B1D8FC200D587F8 /* ExternalAccessory.framework in Frameworks */,
				C08024AF1AF2FFD100398361 /* CoreText.framework in Frameworks */,
				DBE0CB701AE9D5A300027325 /* SystemConfiguration.framework in Frameworks */,
				CC1B95FC19D01EDA008367EB /* WebKit.framework in Frameworks */,
				C048B02C19C596E000F19CFB /* QuartzCore.framework in Frameworks */,
				C027FDA619C591240007CA9B /* CoreTelephony.framework in Frameworks */,
				C0554FCC19C36D5A004B589F /* UIKit.framework in Frameworks */,
				C0554FCA19C36D54004B589F /* Foundation.framework in Frameworks */,
			);
			runOnlyForDeploymentPostprocessing = 0;
		};
/* End PBXFrameworksBuildPhase section */

/* Begin PBXGroup section */
		B71666031EA5E66300537466 /* 添加提醒到日历 */ = {
			isa = PBXGroup;
			children = (
				B71666041EA5E67700537466 /* PooActionOnCalendar.h */,
				B71666051EA5E67700537466 /* PooActionOnCalendar.m */,
			);
			path = "添加提醒到日历";
			sourceTree = "<group>";
		};
		B71666081EA5EC8B00537466 /* Category */ = {
			isa = PBXGroup;
			children = (
				CC3B45C51F993CE700418A33 /* UIButton+EX.h */,
				CC3B45C61F993CE700418A33 /* UIButton+EX.m */,
				B71666091EA5ECC100537466 /* UINavigationItem+Excursion.h */,
				B716660A1EA5ECC100537466 /* UINavigationItem+Excursion.m */,
				B716660B1EA5ECC100537466 /* UIImage+Size.h */,
				B716660C1EA5ECC100537466 /* UIImage+Size.m */,
				B716660D1EA5ECC100537466 /* UIButton+Block.h */,
				B716660E1EA5ECC100537466 /* UIButton+Block.m */,
			);
			path = Category;
			sourceTree = "<group>";
		};
		B7AF5CF11EA9EF2200D1AD12 /* Frameworks */ = {
			isa = PBXGroup;
			children = (
				B71A14A01EB33B3A00425084 /* AVFoundation.framework */,
				B71A149E1EB33B3400425084 /* Speech.framework */,
				B7FC83DB1EADC7EE00E91E68 /* LocalAuthentication.framework */,
				B7AF5CFE1EA9FDEF00D1AD12 /* HealthKit.framework */,
				B7AF5CF21EA9EF2300D1AD12 /* CoreMotion.framework */,
			);
			name = Frameworks;
			sourceTree = "<group>";
		};
		B7CF4E091E7BC82600CA299D /* 标签 */ = {
			isa = PBXGroup;
			children = (
				B7CF4E0A1E7BC83400CA299D /* PooTagsLabel.h */,
				B7CF4E0B1E7BC83400CA299D /* PooTagsLabel.m */,
			);
			name = "标签";
			sourceTree = "<group>";
		};
		C027FD8319C58F790007CA9B /* BUG反馈 */ = {
			isa = PBXGroup;
			children = (
				C027FD8419C58F860007CA9B /* PBugReporter.h */,
				C027FD8519C58F860007CA9B /* PBugReporter.m */,
			);
			name = "BUG反馈";
			sourceTree = "<group>";
		};
		C0380CAE1CA9105800CC712D /* GTMBase64 */ = {
			isa = PBXGroup;
			children = (
				C0380CAF1CA9105800CC712D /* LGTMBase64.h */,
				C0380CB01CA9105800CC712D /* LGTMBase64.m */,
				C0380CB11CA9105800CC712D /* LGTMDefines.h */,
			);
			path = GTMBase64;
			sourceTree = "<group>";
		};
		C0380D7A1CA91A8200CC712D /* DES */ = {
			isa = PBXGroup;
			children = (
				C0380CAC1CA9105700CC712D /* DES3Util.h */,
				C0380CAD1CA9105800CC712D /* DES3Util.m */,
				C0380CAE1CA9105800CC712D /* GTMBase64 */,
			);
			name = DES;
			sourceTree = "<group>";
		};
		C048B01C19C5931300F19CFB /* 宏定义 */ = {
			isa = PBXGroup;
			children = (
				C0C7553E1D66E5810021A068 /* PMacros.h */,
			);
			name = "宏定义";
			sourceTree = "<group>";
		};
		C0554F9919C36BD7004B589F = {
			isa = PBXGroup;
			children = (
				DBA630C01B1D8FC700D587F8 /* AudioToolbox.framework */,
				DBA630BE1B1D8FC200D587F8 /* ExternalAccessory.framework */,
				C08024AE1AF2FFD100398361 /* CoreText.framework */,
				DBE0CB6F1AE9D5A300027325 /* SystemConfiguration.framework */,
				CC1B95FB19D01EDA008367EB /* WebKit.framework */,
				C048B02B19C596E000F19CFB /* QuartzCore.framework */,
				C027FDA519C591240007CA9B /* CoreTelephony.framework */,
				C0554FCD19C36D70004B589F /* Security.framework */,
				C0554FCB19C36D5A004B589F /* UIKit.framework */,
				C0554FC919C36D54004B589F /* Foundation.framework */,
				C0554FBE19C36C33004B589F /* PTools */,
				C0554FA319C36BD7004B589F /* Products */,
				B7AF5CF11EA9EF2200D1AD12 /* Frameworks */,
			);
			sourceTree = "<group>";
		};
		C0554FA319C36BD7004B589F /* Products */ = {
			isa = PBXGroup;
			children = (
				C0554FBD19C36C33004B589F /* PTools.framework */,
			);
			name = Products;
			sourceTree = "<group>";
		};
		C0554FBE19C36C33004B589F /* PTools */ = {
			isa = PBXGroup;
			children = (
				B71A149A1EB33AE600425084 /* PSpeech.h */,
				B71A149B1EB33AE600425084 /* PSpeech.m */,
				B71A148B1EAF3BC800425084 /* PGifHud.h */,
				B71A148C1EAF3BC800425084 /* PGifHud.m */,
				B747876D1EADE119007AC515 /* MethodSwizzle.h */,
				B747876E1EADE119007AC515 /* MethodSwizzle.m */,
				B7FC83D71EADC6C200E91E68 /* PTouchID.h */,
				B7FC83D81EADC6C200E91E68 /* PTouchID.m */,
				B7AF5CFA1EA9FC1A00D1AD12 /* PHealthKit.h */,
				B7AF5CFB1EA9FC1A00D1AD12 /* PHealthKit.m */,
				B7AF5CED1EA9EF0400D1AD12 /* PMotion.h */,
				B7AF5CEE1EA9EF0400D1AD12 /* PMotion.m */,
				B7AF5CE11EA9A8BF00D1AD12 /* PooLoadingView.h */,
				B7AF5CE21EA9A8BF00D1AD12 /* PooLoadingView.m */,
				B781809D1EA7299100DCA2BA /* ALActionSheetView.h */,
				B781809E1EA7299100DCA2BA /* ALActionSheetView.m */,
				B78180991EA717EF00DCA2BA /* RCDraggableButton.h */,
				B781809A1EA717EF00DCA2BA /* RCDraggableButton.m */,
				B71666251EA5F33100537466 /* PooSegView.h */,
				B71666261EA5F33100537466 /* PooSegView.m */,
				B71666081EA5EC8B00537466 /* Category */,
				B71666031EA5E66300537466 /* 添加提醒到日历 */,
				B7CF4E091E7BC82600CA299D /* 标签 */,
				C0380D7A1CA91A8200CC712D /* DES */,
				DB82CEBF1B01E1080045DE83 /* 运营商获取 */,
				C0833FF61AF6883300A4E289 /* PUtils */,
				C08024911AF2FF9200398361 /* UILabel组合 */,
				C080248A1AF2B2D300398361 /* 自定义遮挡教程View */,
				C08024831AF2B1B400398361 /* 启动广告 */,
				C080247A1AF2B07F00398361 /* 随机数组 */,
				DBE0CB731AE9D64A00027325 /* 打电话 */,
				DBE0CB6A1AE9D53200027325 /* 网络检测 */,
				CC06F0321A5133AD002DEE4A /* 重要信息模糊 */,
				CCF2A1DF1A50F8FB0088BBE6 /* UIColor+Helper */,
				CCF2A1D91A50F80B0088BBE6 /* UIViewController+TopBarMessage.h */,
				CCF2A1DA1A50F80B0088BBE6 /* UIViewController+TopBarMessage.m */,
				CCF2A1BA1A50ECF90088BBE6 /* 文字输入框 */,
				CC0F80131A4AA91700CF7AAF /* 硬件信息 */,
				CC0F7FFF1A4AA25000CF7AAF /* MD5+正则表达式 */,
				CC8B74331A4A6FB800CAFDCB /* 加载hub */,
				CC7E8AD419C6809000323099 /* VerifyCodeView */,
				C048B01C19C5931300F19CFB /* 宏定义 */,
				C027FD8319C58F790007CA9B /* BUG反馈 */,
				C0554FDA19C36F47004B589F /* 自定义弹出框 */,
				C0554FD519C36F0F004B589F /* 数字键盘 */,
				C0554FD019C36E5D004B589F /* KeyChain */,
				C0554FCF19C36E4F004B589F /* UDID */,
				C0554FBF19C36C33004B589F /* Supporting Files */,
				CC0F80081A4AA38300CF7AAF /* PTInputAll.h */,
				B781808C1EA705FB00DCA2BA /* PStarRateView.h */,
				B781808D1EA705FB00DCA2BA /* PStarRateView.m */,
			);
			path = PTools;
			sourceTree = "<group>";
		};
		C0554FBF19C36C33004B589F /* Supporting Files */ = {
			isa = PBXGroup;
			children = (
				C0554FC019C36C33004B589F /* Info.plist */,
			);
			name = "Supporting Files";
			sourceTree = "<group>";
		};
		C0554FCF19C36E4F004B589F /* UDID */ = {
			isa = PBXGroup;
			children = (
				C0554FC519C36D1F004B589F /* PooUDIDInfo.h */,
				C0554FC619C36D1F004B589F /* PooUDIDInfo.m */,
			);
			name = UDID;
			sourceTree = "<group>";
		};
		C0554FD019C36E5D004B589F /* KeyChain */ = {
			isa = PBXGroup;
			children = (
				C0554FD119C36E6B004B589F /* GPKeyChain.h */,
				C0554FD219C36E6B004B589F /* GPKeyChain.m */,
			);
			name = KeyChain;
			sourceTree = "<group>";
		};
		C0554FD519C36F0F004B589F /* 数字键盘 */ = {
			isa = PBXGroup;
			children = (
				C0554FD619C36F20004B589F /* PooNumberKeyBoard.h */,
				C0554FD719C36F20004B589F /* PooNumberKeyBoard.m */,
			);
			name = "数字键盘";
			sourceTree = "<group>";
		};
		C0554FDA19C36F47004B589F /* 自定义弹出框 */ = {
			isa = PBXGroup;
			children = (
				C0554FDF19C36F6D004B589F /* UIView+ModifyFrame.h */,
				C0554FE019C36F6D004B589F /* UIView+ModifyFrame.m */,
				C0554FDB19C36F57004B589F /* PooAlertView.h */,
				C0554FDC19C36F57004B589F /* PooAlertView.m */,
			);
			name = "自定义弹出框";
			sourceTree = "<group>";
		};
		C080247A1AF2B07F00398361 /* 随机数组 */ = {
			isa = PBXGroup;
			children = (
				C080247B1AF2B07F00398361 /* NSMutableArray+Shuffle.h */,
				C080247C1AF2B07F00398361 /* NSMutableArray+Shuffle.m */,
			);
			path = "随机数组";
			sourceTree = "<group>";
		};
		C08024831AF2B1B400398361 /* 启动广告 */ = {
			isa = PBXGroup;
			children = (
				B726EB4E1E9633F100D361D1 /* PLaunchAdMonitor.h */,
				B726EB4F1E9633F100D361D1 /* PLaunchAdMonitor.m */,
			);
			path = "启动广告";
			sourceTree = "<group>";
		};
		C080248A1AF2B2D300398361 /* 自定义遮挡教程View */ = {
			isa = PBXGroup;
			children = (
				C080248B1AF2B2D300398361 /* JMHoledView.h */,
				C080248C1AF2B2D300398361 /* JMHoledView.m */,
			);
			path = "自定义遮挡教程View";
			sourceTree = "<group>";
		};
		C08024911AF2FF9200398361 /* UILabel组合 */ = {
			isa = PBXGroup;
			children = (
				B78180A91EA735E400DCA2BA /* PTextField.h */,
				B78180AA1EA735E400DCA2BA /* PTextField.m */,
				B716662D1EA60FF000537466 /* PLabel.h */,
				B716662E1EA60FF000537466 /* PLabel.m */,
				B71666211EA5F2A600537466 /* PooSearchBar.h */,
				B71666221EA5F2A600537466 /* PooSearchBar.m */,
				B716661D1EA5F24800537466 /* CustomTextField.h */,
				B716661E1EA5F24800537466 /* CustomTextField.m */,
				B71666191EA5F13200537466 /* PooTextView.h */,
				B716661A1EA5F13200537466 /* PooTextView.m */,
				C08024921AF2FF9200398361 /* NSMutableString+TagReplace.h */,
				C08024931AF2FF9200398361 /* NSMutableString+TagReplace.m */,
				C08024941AF2FF9200398361 /* NSString+WPAttributedMarkup.h */,
				C08024951AF2FF9200398361 /* NSString+WPAttributedMarkup.m */,
				C08024981AF2FF9200398361 /* UILabel+FlickerNumber.h */,
				C08024991AF2FF9200398361 /* UILabel+FlickerNumber.m */,
				C080249A1AF2FF9200398361 /* WPAttributedStyleAction.h */,
				C080249B1AF2FF9200398361 /* WPAttributedStyleAction.m */,
				C080249C1AF2FF9200398361 /* WPHotspotLabel.h */,
				C080249D1AF2FF9200398361 /* WPHotspotLabel.m */,
				C080249E1AF2FF9200398361 /* WPTappableLabel.h */,
				C080249F1AF2FF9200398361 /* WPTappableLabel.m */,
			);
			path = "UILabel组合";
			sourceTree = "<group>";
		};
		C0833FF61AF6883300A4E289 /* PUtils */ = {
			isa = PBXGroup;
			children = (
				C0833FF71AF6883300A4E289 /* Utils.h */,
				C0833FF81AF6883300A4E289 /* Utils.m */,
				B719EE8E1EA5B5E300A0E5AD /* NSURLResponse+Help.h */,
				B719EE8F1EA5B5E300A0E5AD /* NSURLResponse+Help.m */,
			);
			path = PUtils;
			sourceTree = "<group>";
		};
		CC06F0321A5133AD002DEE4A /* 重要信息模糊 */ = {
			isa = PBXGroup;
			children = (
				CC06F0331A5133AD002DEE4A /* SecurityStrategy.h */,
				CC06F0341A5133AD002DEE4A /* SecurityStrategy.m */,
				CC06F0351A5133AD002DEE4A /* UIImage+BlurGlass.h */,
				CC06F0361A5133AD002DEE4A /* UIImage+BlurGlass.m */,
			);
			path = "重要信息模糊";
			sourceTree = "<group>";
		};
		CC0F7FFF1A4AA25000CF7AAF /* MD5+正则表达式 */ = {
			isa = PBXGroup;
			children = (
				CC0F80001A4AA25000CF7AAF /* NSString+Encryption.h */,
				CC0F80011A4AA25000CF7AAF /* NSString+Encryption.m */,
				CC0F80021A4AA25000CF7AAF /* NSString+Regulars.h */,
				CC0F80031A4AA25000CF7AAF /* NSString+Regulars.m */,
			);
			path = "MD5+正则表达式";
			sourceTree = "<group>";
		};
		CC0F80131A4AA91700CF7AAF /* 硬件信息 */ = {
			isa = PBXGroup;
			children = (
				CC0F80141A4AA91700CF7AAF /* PooSystemInfo.h */,
				CC0F80151A4AA91700CF7AAF /* PooSystemInfo.m */,
			);
			path = "硬件信息";
			sourceTree = "<group>";
		};
		CC7E8AD419C6809000323099 /* VerifyCodeView */ = {
			isa = PBXGroup;
			children = (
				CC7E8AD519C680C300323099 /* PooCodeView.h */,
				CC7E8AD619C680C300323099 /* PooCodeView.m */,
			);
			name = VerifyCodeView;
			sourceTree = "<group>";
		};
		CC8B74331A4A6FB800CAFDCB /* 加载hub */ = {
			isa = PBXGroup;
			children = (
				CC8B74341A4A6FB800CAFDCB /* WMHub.h */,
				CC8B74351A4A6FB800CAFDCB /* WMHub.m */,
				CC8B74361A4A6FB800CAFDCB /* WMHubView.h */,
				CC8B74371A4A6FB800CAFDCB /* WMHubView.m */,
				CC8B74381A4A6FB800CAFDCB /* WMHubViewController.h */,
				CC8B74391A4A6FB800CAFDCB /* WMHubViewController.m */,
				CC8B743A1A4A6FB800CAFDCB /* WMHubWindow.h */,
				CC8B743B1A4A6FB800CAFDCB /* WMHubWindow.m */,
			);
			path = "加载hub";
			sourceTree = "<group>";
		};
		CCF2A1BA1A50ECF90088BBE6 /* 文字输入框 */ = {
			isa = PBXGroup;
			children = (
				CCF2A1BB1A50ECF90088BBE6 /* HPGrowingTextView.h */,
				CCF2A1BC1A50ECF90088BBE6 /* HPGrowingTextView.m */,
				CCF2A1BD1A50ECF90088BBE6 /* HPTextViewInternal.h */,
				CCF2A1BE1A50ECF90088BBE6 /* HPTextViewInternal.m */,
			);
			path = "文字输入框";
			sourceTree = "<group>";
		};
		CCF2A1DF1A50F8FB0088BBE6 /* UIColor+Helper */ = {
			isa = PBXGroup;
			children = (
				CCF2A1E01A50F8FB0088BBE6 /* UIColor+Colours.h */,
				CCF2A1E11A50F8FB0088BBE6 /* UIColor+Colours.m */,
				CCF2A1E21A50F8FB0088BBE6 /* UIColor+Helper.h */,
				CCF2A1E31A50F8FB0088BBE6 /* UIColor+Helper.m */,
			);
			path = "UIColor+Helper";
			sourceTree = "<group>";
		};
		DB82CEBF1B01E1080045DE83 /* 运营商获取 */ = {
			isa = PBXGroup;
			children = (
				DB82CEC01B01E1080045DE83 /* PCarrie.h */,
				DB82CEC11B01E1080045DE83 /* PCarrie.m */,
			);
			path = "运营商获取";
			sourceTree = "<group>";
		};
		DBE0CB6A1AE9D53200027325 /* 网络检测 */ = {
			isa = PBXGroup;
			children = (
				DBE0CB6B1AE9D53200027325 /* AHReach.h */,
				DBE0CB6C1AE9D53200027325 /* AHReach.m */,
			);
			path = "网络检测";
			sourceTree = "<group>";
		};
		DBE0CB731AE9D64A00027325 /* 打电话 */ = {
			isa = PBXGroup;
			children = (
				DBE0CB741AE9D64A00027325 /* PooPhoneBlock.h */,
				DBE0CB751AE9D64A00027325 /* PooPhoneBlock.m */,
			);
			path = "打电话";
			sourceTree = "<group>";
		};
/* End PBXGroup section */

/* Begin PBXHeadersBuildPhase section */
		C0554FC419C36CA9004B589F /* Headers */ = {
			isa = PBXHeadersBuildPhase;
			buildActionMask = 2147483647;
			files = (
				CC7E8AD719C680C300323099 /* PooCodeView.h in Headers */,
				C027FD8619C58F860007CA9B /* PBugReporter.h in Headers */,
				C0554FD819C36F20004B589F /* PooNumberKeyBoard.h in Headers */,
				C0554FDD19C36F57004B589F /* PooAlertView.h in Headers */,
				C0554FC719C36D1F004B589F /* PooUDIDInfo.h in Headers */,
				CC0F80061A4AA25000CF7AAF /* NSString+Regulars.h in Headers */,
				CC0F80091A4AA38300CF7AAF /* PTInputAll.h in Headers */,
				CC0F80041A4AA25000CF7AAF /* NSString+Encryption.h in Headers */,
				CC0F80161A4AA91700CF7AAF /* PooSystemInfo.h in Headers */,
				CC8B74401A4A6FB900CAFDCB /* WMHubViewController.h in Headers */,
				C0EA4BFF19C45069004D455F /* UIView+ModifyFrame.h in Headers */,
				CC8B74421A4A6FB900CAFDCB /* WMHubWindow.h in Headers */,
				CC8B743E1A4A6FB900CAFDCB /* WMHubView.h in Headers */,
				CC8B743C1A4A6FB800CAFDCB /* WMHub.h in Headers */,
				CCF2A1DB1A50F80B0088BBE6 /* UIViewController+TopBarMessage.h in Headers */,
				CCF2A1E61A50F8FB0088BBE6 /* UIColor+Colours.h in Headers */,
				CCF2A1E81A50F8FB0088BBE6 /* UIColor+Helper.h in Headers */,
				CCF2A1BF1A50ECF90088BBE6 /* HPGrowingTextView.h in Headers */,
				CC06F0371A5133AD002DEE4A /* SecurityStrategy.h in Headers */,
				DBE0CB6D1AE9D53200027325 /* AHReach.h in Headers */,
				DBE0CB761AE9D64A00027325 /* PooPhoneBlock.h in Headers */,
				C08024A01AF2FF9200398361 /* NSMutableString+TagReplace.h in Headers */,
				C08024AA1AF2FF9200398361 /* WPHotspotLabel.h in Headers */,
				C08024A21AF2FF9200398361 /* NSString+WPAttributedMarkup.h in Headers */,
				C08024AC1AF2FF9200398361 /* WPTappableLabel.h in Headers */,
				C08024A61AF2FF9200398361 /* UILabel+FlickerNumber.h in Headers */,
				C08024A81AF2FF9200398361 /* WPAttributedStyleAction.h in Headers */,
				C080247D1AF2B07F00398361 /* NSMutableArray+Shuffle.h in Headers */,
				C080248D1AF2B2D300398361 /* JMHoledView.h in Headers */,
				C0380CB21CA9105800CC712D /* DES3Util.h in Headers */,
				C0380CB61CA9105800CC712D /* LGTMDefines.h in Headers */,
				C0380CB41CA9105800CC712D /* LGTMBase64.h in Headers */,
				DB82CEC21B01E1080045DE83 /* PCarrie.h in Headers */,
				C0C7553F1D66E5810021A068 /* PMacros.h in Headers */,
				C0833FF91AF6883300A4E289 /* Utils.h in Headers */,
				B71666231EA5F2A600537466 /* PooSearchBar.h in Headers */,
				B71666111EA5ECC100537466 /* UIImage+Size.h in Headers */,
				B716661F1EA5F24800537466 /* CustomTextField.h in Headers */,
				B716660F1EA5ECC100537466 /* UINavigationItem+Excursion.h in Headers */,
				B71666131EA5ECC100537466 /* UIButton+Block.h in Headers */,
				B716661B1EA5F13200537466 /* PooTextView.h in Headers */,
				CCF2A1C11A50ECF90088BBE6 /* HPTextViewInternal.h in Headers */,
				B726EB501E9633F100D361D1 /* PLaunchAdMonitor.h in Headers */,
				CC06F0391A5133AD002DEE4A /* UIImage+BlurGlass.h in Headers */,
				B7AF5CE31EA9A8BF00D1AD12 /* PooLoadingView.h in Headers */,
				B7CF4E0C1E7BC83400CA299D /* PooTagsLabel.h in Headers */,
				B7AF5CFC1EA9FC1A00D1AD12 /* PHealthKit.h in Headers */,
				B781809F1EA7299100DCA2BA /* ALActionSheetView.h in Headers */,
				B78180AB1EA735E400DCA2BA /* PTextField.h in Headers */,
				B71666061EA5E67700537466 /* PooActionOnCalendar.h in Headers */,
				B71666271EA5F33100537466 /* PooSegView.h in Headers */,
				B71A148D1EAF3BC800425084 /* PGifHud.h in Headers */,
				B7AF5CEF1EA9EF0400D1AD12 /* PMotion.h in Headers */,
				B7FC83D91EADC6C200E91E68 /* PTouchID.h in Headers */,
				B747876F1EADE119007AC515 /* MethodSwizzle.h in Headers */,
				B71A149C1EB33AE600425084 /* PSpeech.h in Headers */,
				B719EE901EA5B5E300A0E5AD /* NSURLResponse+Help.h in Headers */,
				B716662F1EA60FF000537466 /* PLabel.h in Headers */,
				CC3B45C91F993CE800418A33 /* UIButton+EX.h in Headers */,
				B781809B1EA717EF00DCA2BA /* RCDraggableButton.h in Headers */,
				B781808E1EA705FB00DCA2BA /* PStarRateView.h in Headers */,
				C0554FD319C36E6B004B589F /* GPKeyChain.h in Headers */,
			);
			runOnlyForDeploymentPostprocessing = 0;
		};
/* End PBXHeadersBuildPhase section */

/* Begin PBXNativeTarget section */
		C0554FBC19C36C33004B589F /* PTools */ = {
			isa = PBXNativeTarget;
			buildConfigurationList = C0554FC119C36C33004B589F /* Build configuration list for PBXNativeTarget "PTools" */;
			buildPhases = (
				C0554FB919C36C33004B589F /* Sources */,
				C0554FBA19C36C33004B589F /* Frameworks */,
				C0554FBB19C36C33004B589F /* Resources */,
				C0554FC419C36CA9004B589F /* Headers */,
			);
			buildRules = (
			);
			dependencies = (
			);
			name = PTools;
			productName = PTools;
			productReference = C0554FBD19C36C33004B589F /* PTools.framework */;
			productType = "com.apple.product-type.bundle";
		};
/* End PBXNativeTarget section */

/* Begin PBXProject section */
		C0554F9A19C36BD7004B589F /* Project object */ = {
			isa = PBXProject;
			attributes = {
				CLASSPREFIX = P;
				LastUpgradeCheck = 0800;
				ORGANIZATIONNAME = crazypoo;
				TargetAttributes = {
					C0554FBC19C36C33004B589F = {
						CreatedOnToolsVersion = 6.0;
					};
					DB2DCCD51B292801004D5053 = {
						CreatedOnToolsVersion = 6.3.2;
					};
				};
			};
			buildConfigurationList = C0554F9D19C36BD7004B589F /* Build configuration list for PBXProject "PTools" */;
			compatibilityVersion = "Xcode 3.2";
			developmentRegion = English;
			hasScannedForEncodings = 0;
			knownRegions = (
				en,
			);
			mainGroup = C0554F9919C36BD7004B589F;
			productRefGroup = C0554FA319C36BD7004B589F /* Products */;
			projectDirPath = "";
			projectRoot = "";
			targets = (
				C0554FBC19C36C33004B589F /* PTools */,
				DB2DCCD51B292801004D5053 /* Framework */,
			);
		};
/* End PBXProject section */

/* Begin PBXResourcesBuildPhase section */
		C0554FBB19C36C33004B589F /* Resources */ = {
			isa = PBXResourcesBuildPhase;
			buildActionMask = 2147483647;
			files = (
			);
			runOnlyForDeploymentPostprocessing = 0;
		};
/* End PBXResourcesBuildPhase section */

/* Begin PBXShellScriptBuildPhase section */
		DB2DCCDB1B292836004D5053 /* MultiPlatform Build */ = {
			isa = PBXShellScriptBuildPhase;
			buildActionMask = 2147483647;
			files = (
			);
			inputPaths = (
			);
			name = "MultiPlatform Build";
			outputPaths = (
			);
			runOnlyForDeploymentPostprocessing = 0;
			shellPath = /bin/sh;
			shellScript = "# Sets the target folders and the final framework product.\n# 如果工程名称和Framework的Target名称不一样的话，要自定义FMKNAME\n# 例如: FMK_NAME = \"MyFramework\"\nFMK_NAME=${PROJECT_NAME}\n# Install dir will be the final output to the framework.\n# The following line create it in the root folder of the current project.\nINSTALL_DIR=${SRCROOT}/Products/${FMK_NAME}.framework\n# Working dir will be deleted after the framework creation.\nWRK_DIR=build\nDEVICE_DIR=${WRK_DIR}/Release-iphoneos/${FMK_NAME}.framework\nSIMULATOR_DIR=${WRK_DIR}/Release-iphonesimulator/${FMK_NAME}.framework\n# -configuration ${CONFIGURATION}\n# Clean and Building both architectures.\nxcodebuild -configuration \"Release\" -target \"${FMK_NAME}\" -sdk iphoneos clean build\nxcodebuild -configuration \"Release\" -target \"${FMK_NAME}\" -sdk iphonesimulator clean build\n# Cleaning the oldest.\nif [ -d \"${INSTALL_DIR}\" ]\nthen\nrm -rf \"${INSTALL_DIR}\"\nfi\nmkdir -p \"${INSTALL_DIR}\"\ncp -R \"${DEVICE_DIR}/\" \"${INSTALL_DIR}/\"\n# Uses the Lipo Tool to merge both binary files (i386 + armv6/armv7) into one Universal final product.\nlipo -create \"${DEVICE_DIR}/${FMK_NAME}\" \"${SIMULATOR_DIR}/${FMK_NAME}\" -output \"${INSTALL_DIR}/${FMK_NAME}\"\nrm -r \"${WRK_DIR}\"\nopen \"${INSTALL_DIR}\"";
		};
/* End PBXShellScriptBuildPhase section */

/* Begin PBXSourcesBuildPhase section */
		C0554FB919C36C33004B589F /* Sources */ = {
			isa = PBXSourcesBuildPhase;
			buildActionMask = 2147483647;
			files = (
				C08024A71AF2FF9200398361 /* UILabel+FlickerNumber.m in Sources */,
				B7FC83DA1EADC6C200E91E68 /* PTouchID.m in Sources */,
				CC7E8AD819C680C300323099 /* PooCodeView.m in Sources */,
				C08024A91AF2FF9200398361 /* WPAttributedStyleAction.m in Sources */,
				CC8B743D1A4A6FB900CAFDCB /* WMHub.m in Sources */,
				B716661C1EA5F13200537466 /* PooTextView.m in Sources */,
				C0380CB51CA9105800CC712D /* LGTMBase64.m in Sources */,
				B726EB511E9633F100D361D1 /* PLaunchAdMonitor.m in Sources */,
				C080248E1AF2B2D300398361 /* JMHoledView.m in Sources */,
				B7AF5CF01EA9EF0400D1AD12 /* PMotion.m in Sources */,
				B71666281EA5F33100537466 /* PooSegView.m in Sources */,
				CC8B74411A4A6FB900CAFDCB /* WMHubViewController.m in Sources */,
				B7AF5CFD1EA9FC1A00D1AD12 /* PHealthKit.m in Sources */,
				C08024A11AF2FF9200398361 /* NSMutableString+TagReplace.m in Sources */,
				B71666101EA5ECC100537466 /* UINavigationItem+Excursion.m in Sources */,
				C0554FD919C36F20004B589F /* PooNumberKeyBoard.m in Sources */,
				C08024AB1AF2FF9200398361 /* WPHotspotLabel.m in Sources */,
				C08024AD1AF2FF9200398361 /* WPTappableLabel.m in Sources */,
				B719EE911EA5B5E300A0E5AD /* NSURLResponse+Help.m in Sources */,
				CCF2A1DC1A50F80B0088BBE6 /* UIViewController+TopBarMessage.m in Sources */,
				C0554FD419C36E6B004B589F /* GPKeyChain.m in Sources */,
				CCF2A1C21A50ECF90088BBE6 /* HPTextViewInternal.m in Sources */,
				DBE0CB6E1AE9D53200027325 /* AHReach.m in Sources */,
				CC0F80051A4AA25000CF7AAF /* NSString+Encryption.m in Sources */,
				CC06F0381A5133AD002DEE4A /* SecurityStrategy.m in Sources */,
				B78180A01EA7299100DCA2BA /* ALActionSheetView.m in Sources */,
				C0833FFA1AF6883300A4E289 /* Utils.m in Sources */,
				B71666121EA5ECC100537466 /* UIImage+Size.m in Sources */,
				B7CF4E0D1E7BC83400CA299D /* PooTagsLabel.m in Sources */,
				DB82CEC31B01E1080045DE83 /* PCarrie.m in Sources */,
				B71666301EA60FF000537466 /* PLabel.m in Sources */,
				C0554FDE19C36F57004B589F /* PooAlertView.m in Sources */,
				B71666141EA5ECC100537466 /* UIButton+Block.m in Sources */,
				DBE0CB771AE9D64A00027325 /* PooPhoneBlock.m in Sources */,
				C0380CB31CA9105800CC712D /* DES3Util.m in Sources */,
				CCF2A1C01A50ECF90088BBE6 /* HPGrowingTextView.m in Sources */,
				CC0F80071A4AA25000CF7AAF /* NSString+Regulars.m in Sources */,
				C080247E1AF2B07F00398361 /* NSMutableArray+Shuffle.m in Sources */,
				B71666071EA5E67700537466 /* PooActionOnCalendar.m in Sources */,
				B71666201EA5F24800537466 /* CustomTextField.m in Sources */,
				C08024A31AF2FF9200398361 /* NSString+WPAttributedMarkup.m in Sources */,
				B71A148E1EAF3BC800425084 /* PGifHud.m in Sources */,
				B71A149D1EB33AE600425084 /* PSpeech.m in Sources */,
				B781808F1EA705FB00DCA2BA /* PStarRateView.m in Sources */,
				CC06F03A1A5133AD002DEE4A /* UIImage+BlurGlass.m in Sources */,
				B71666241EA5F2A600537466 /* PooSearchBar.m in Sources */,
				CCF2A1E71A50F8FB0088BBE6 /* UIColor+Colours.m in Sources */,
				C0554FE219C36F6D004B589F /* UIView+ModifyFrame.m in Sources */,
				B74787701EADE119007AC515 /* MethodSwizzle.m in Sources */,
				B781809C1EA717EF00DCA2BA /* RCDraggableButton.m in Sources */,
				B78180AC1EA735E400DCA2BA /* PTextField.m in Sources */,
				CCF2A1E91A50F8FB0088BBE6 /* UIColor+Helper.m in Sources */,
				C0554FC819C36D1F004B589F /* PooUDIDInfo.m in Sources */,
				B7AF5CE41EA9A8BF00D1AD12 /* PooLoadingView.m in Sources */,
				CC8B743F1A4A6FB900CAFDCB /* WMHubView.m in Sources */,
				CC0F80171A4AA91700CF7AAF /* PooSystemInfo.m in Sources */,
				CC8B74431A4A6FB900CAFDCB /* WMHubWindow.m in Sources */,
				CC3B45CA1F993CE800418A33 /* UIButton+EX.m in Sources */,
				C027FD8719C58F860007CA9B /* PBugReporter.m in Sources */,
			);
			runOnlyForDeploymentPostprocessing = 0;
		};
/* End PBXSourcesBuildPhase section */

/* Begin PBXTargetDependency section */
		DB2DCCDA1B292819004D5053 /* PBXTargetDependency */ = {
			isa = PBXTargetDependency;
			target = C0554FBC19C36C33004B589F /* PTools */;
			targetProxy = DB2DCCD91B292819004D5053 /* PBXContainerItemProxy */;
		};
/* End PBXTargetDependency section */

/* Begin XCBuildConfiguration section */
		C0554FB119C36BD8004B589F /* Debug */ = {
			isa = XCBuildConfiguration;
			buildSettings = {
				ALWAYS_SEARCH_USER_PATHS = NO;
				CLANG_CXX_LANGUAGE_STANDARD = "gnu++0x";
				CLANG_CXX_LIBRARY = "libc++";
				CLANG_ENABLE_MODULES = YES;
				CLANG_ENABLE_OBJC_ARC = YES;
				CLANG_WARN_BOOL_CONVERSION = YES;
				CLANG_WARN_CONSTANT_CONVERSION = YES;
				CLANG_WARN_DIRECT_OBJC_ISA_USAGE = YES_ERROR;
				CLANG_WARN_EMPTY_BODY = YES;
				CLANG_WARN_ENUM_CONVERSION = YES;
				CLANG_WARN_INFINITE_RECURSION = YES;
				CLANG_WARN_INT_CONVERSION = YES;
				CLANG_WARN_OBJC_ROOT_CLASS = YES_ERROR;
				CLANG_WARN_SUSPICIOUS_MOVE = YES;
				CLANG_WARN_UNREACHABLE_CODE = YES;
				CLANG_WARN__DUPLICATE_METHOD_MATCH = YES;
				COPY_PHASE_STRIP = NO;
				ENABLE_STRICT_OBJC_MSGSEND = YES;
				ENABLE_TESTABILITY = YES;
				GCC_C_LANGUAGE_STANDARD = gnu99;
				GCC_DYNAMIC_NO_PIC = NO;
				GCC_NO_COMMON_BLOCKS = YES;
				GCC_OPTIMIZATION_LEVEL = 0;
				GCC_PREPROCESSOR_DEFINITIONS = (
					"DEBUG=1",
					"$(inherited)",
				);
				GCC_SYMBOLS_PRIVATE_EXTERN = NO;
				GCC_WARN_64_TO_32_BIT_CONVERSION = YES;
				GCC_WARN_ABOUT_RETURN_TYPE = YES_ERROR;
				GCC_WARN_UNDECLARED_SELECTOR = YES;
				GCC_WARN_UNINITIALIZED_AUTOS = YES_AGGRESSIVE;
				GCC_WARN_UNUSED_FUNCTION = YES;
				GCC_WARN_UNUSED_VARIABLE = YES;
				IPHONEOS_DEPLOYMENT_TARGET = 8.0;
				MTL_ENABLE_DEBUG_INFO = YES;
				ONLY_ACTIVE_ARCH = YES;
				SDKROOT = iphoneos;
				VALID_ARCHS = "arm64 armv7 armv7s i386 x86_64";
			};
			name = Debug;
		};
		C0554FB219C36BD8004B589F /* Release */ = {
			isa = XCBuildConfiguration;
			buildSettings = {
				ALWAYS_SEARCH_USER_PATHS = NO;
				CLANG_CXX_LANGUAGE_STANDARD = "gnu++0x";
				CLANG_CXX_LIBRARY = "libc++";
				CLANG_ENABLE_MODULES = YES;
				CLANG_ENABLE_OBJC_ARC = YES;
				CLANG_WARN_BOOL_CONVERSION = YES;
				CLANG_WARN_CONSTANT_CONVERSION = YES;
				CLANG_WARN_DIRECT_OBJC_ISA_USAGE = YES_ERROR;
				CLANG_WARN_EMPTY_BODY = YES;
				CLANG_WARN_ENUM_CONVERSION = YES;
				CLANG_WARN_INFINITE_RECURSION = YES;
				CLANG_WARN_INT_CONVERSION = YES;
				CLANG_WARN_OBJC_ROOT_CLASS = YES_ERROR;
				CLANG_WARN_SUSPICIOUS_MOVE = YES;
				CLANG_WARN_UNREACHABLE_CODE = YES;
				CLANG_WARN__DUPLICATE_METHOD_MATCH = YES;
				COPY_PHASE_STRIP = YES;
				ENABLE_NS_ASSERTIONS = NO;
				ENABLE_STRICT_OBJC_MSGSEND = YES;
				GCC_C_LANGUAGE_STANDARD = gnu99;
				GCC_NO_COMMON_BLOCKS = YES;
				GCC_WARN_64_TO_32_BIT_CONVERSION = YES;
				GCC_WARN_ABOUT_RETURN_TYPE = YES_ERROR;
				GCC_WARN_UNDECLARED_SELECTOR = YES;
				GCC_WARN_UNINITIALIZED_AUTOS = YES_AGGRESSIVE;
				GCC_WARN_UNUSED_FUNCTION = YES;
				GCC_WARN_UNUSED_VARIABLE = YES;
				IPHONEOS_DEPLOYMENT_TARGET = 8.0;
				MTL_ENABLE_DEBUG_INFO = NO;
				ONLY_ACTIVE_ARCH = YES;
				SDKROOT = iphoneos;
				VALIDATE_PRODUCT = YES;
				VALID_ARCHS = "arm64 armv7 armv7s i386 x86_64";
			};
			name = Release;
		};
		C0554FC219C36C33004B589F /* Debug */ = {
			isa = XCBuildConfiguration;
			buildSettings = {
				COMBINE_HIDPI_IMAGES = YES;
				DEAD_CODE_STRIPPING = NO;
				GCC_PREPROCESSOR_DEFINITIONS = (
					"DEBUG=1",
					"$(inherited)",
				);
				INFOPLIST_FILE = PTools/Info.plist;
				INSTALL_PATH = "$(LOCAL_LIBRARY_DIR)/Bundles";
				IPHONEOS_DEPLOYMENT_TARGET = 8.0;
				LINK_WITH_STANDARD_LIBRARIES = NO;
				MACH_O_TYPE = staticlib;
				MACOSX_DEPLOYMENT_TARGET = "";
				ONLY_ACTIVE_ARCH = YES;
				OTHER_LDFLAGS = (
					"-all_load",
					"-ObjC",
				);
				PRODUCT_BUNDLE_IDENTIFIER = "com.crazykidhao.$(PRODUCT_NAME:rfc1034identifier)";
				PRODUCT_NAME = "$(TARGET_NAME)";
				SDKROOT = iphoneos;
				SKIP_INSTALL = YES;
				TARGETED_DEVICE_FAMILY = "1,2";
				WRAPPER_EXTENSION = framework;
			};
			name = Debug;
		};
		C0554FC319C36C33004B589F /* Release */ = {
			isa = XCBuildConfiguration;
			buildSettings = {
				COMBINE_HIDPI_IMAGES = YES;
				DEAD_CODE_STRIPPING = NO;
				DEBUG_INFORMATION_FORMAT = "dwarf-with-dsym";
				INFOPLIST_FILE = PTools/Info.plist;
				INSTALL_PATH = "$(LOCAL_LIBRARY_DIR)/Bundles";
				IPHONEOS_DEPLOYMENT_TARGET = 8.0;
				LINK_WITH_STANDARD_LIBRARIES = NO;
				MACH_O_TYPE = staticlib;
				MACOSX_DEPLOYMENT_TARGET = "";
				ONLY_ACTIVE_ARCH = YES;
				OTHER_LDFLAGS = (
					"-all_load",
					"-ObjC",
				);
				PRODUCT_BUNDLE_IDENTIFIER = "com.crazykidhao.$(PRODUCT_NAME:rfc1034identifier)";
				PRODUCT_NAME = "$(TARGET_NAME)";
				SDKROOT = iphoneos;
				SKIP_INSTALL = YES;
				TARGETED_DEVICE_FAMILY = "1,2";
				WRAPPER_EXTENSION = framework;
			};
			name = Release;
		};
		DB2DCCD61B292802004D5053 /* Debug */ = {
			isa = XCBuildConfiguration;
			buildSettings = {
				PRODUCT_NAME = "$(TARGET_NAME)";
			};
			name = Debug;
		};
		DB2DCCD71B292802004D5053 /* Release */ = {
			isa = XCBuildConfiguration;
			buildSettings = {
				PRODUCT_NAME = "$(TARGET_NAME)";
			};
			name = Release;
		};
/* End XCBuildConfiguration section */

/* Begin XCConfigurationList section */
		C0554F9D19C36BD7004B589F /* Build configuration list for PBXProject "PTools" */ = {
			isa = XCConfigurationList;
			buildConfigurations = (
				C0554FB119C36BD8004B589F /* Debug */,
				C0554FB219C36BD8004B589F /* Release */,
			);
			defaultConfigurationIsVisible = 0;
			defaultConfigurationName = Release;
		};
		C0554FC119C36C33004B589F /* Build configuration list for PBXNativeTarget "PTools" */ = {
			isa = XCConfigurationList;
			buildConfigurations = (
				C0554FC219C36C33004B589F /* Debug */,
				C0554FC319C36C33004B589F /* Release */,
			);
			defaultConfigurationIsVisible = 0;
			defaultConfigurationName = Release;
		};
		DB2DCCD81B292802004D5053 /* Build configuration list for PBXAggregateTarget "Framework" */ = {
			isa = XCConfigurationList;
			buildConfigurations = (
				DB2DCCD61B292802004D5053 /* Debug */,
				DB2DCCD71B292802004D5053 /* Release */,
			);
			defaultConfigurationIsVisible = 0;
			defaultConfigurationName = Release;
		};
/* End XCConfigurationList section */
	};
	rootObject = C0554F9A19C36BD7004B589F /* Project object */;
}
