// !$*UTF8*$!
{
	archiveVersion = 1;
	classes = {
	};
	objectVersion = 46;
	objects = {

/* Begin PBXBuildFile section */
		6003F58E195388D20070C39A /* Foundation.framework in Frameworks */ = {isa = PBXBuildFile; fileRef = 6003F58D195388D20070C39A /* Foundation.framework */; };
		6003F590195388D20070C39A /* CoreGraphics.framework in Frameworks */ = {isa = PBXBuildFile; fileRef = 6003F58F195388D20070C39A /* CoreGraphics.framework */; };
		6003F592195388D20070C39A /* UIKit.framework in Frameworks */ = {isa = PBXBuildFile; fileRef = 6003F591195388D20070C39A /* UIKit.framework */; };
		6003F598195388D20070C39A /* InfoPlist.strings in Resources */ = {isa = PBXBuildFile; fileRef = 6003F596195388D20070C39A /* InfoPlist.strings */; };
		6003F59A195388D20070C39A /* main.m in Sources */ = {isa = PBXBuildFile; fileRef = 6003F599195388D20070C39A /* main.m */; };
		6003F59E195388D20070C39A /* PTAppDelegate.m in Sources */ = {isa = PBXBuildFile; fileRef = 6003F59D195388D20070C39A /* PTAppDelegate.m */; };
		6003F5A7195388D20070C39A /* PTViewController.m in Sources */ = {isa = PBXBuildFile; fileRef = 6003F5A6195388D20070C39A /* PTViewController.m */; };
		6003F5A9195388D20070C39A /* Images.xcassets in Resources */ = {isa = PBXBuildFile; fileRef = 6003F5A8195388D20070C39A /* Images.xcassets */; };
		71719F9F1E33DC2100824A3D /* LaunchScreen.storyboard in Resources */ = {isa = PBXBuildFile; fileRef = 71719F9D1E33DC2100824A3D /* LaunchScreen.storyboard */; };
		873B8AEB1B1F5CCA007FD442 /* Main.storyboard in Resources */ = {isa = PBXBuildFile; fileRef = 873B8AEA1B1F5CCA007FD442 /* Main.storyboard */; };
		CC1256B52098286400E31A38 /* PooTools.framework in Frameworks */ = {isa = PBXBuildFile; fileRef = CC1256B42098286400E31A38 /* PooTools.framework */; };
		F0A70E63CC9A27D1B5339D04 /* Pods_PooTools_Example.framework in Frameworks */ = {isa = PBXBuildFile; fileRef = 09F5E848A8A1AA0F548F1C11 /* Pods_PooTools_Example.framework */; };
/* End PBXBuildFile section */

/* Begin PBXFileReference section */
		09F5E848A8A1AA0F548F1C11 /* Pods_PooTools_Example.framework */ = {isa = PBXFileReference; explicitFileType = wrapper.framework; includeInIndex = 0; path = Pods_PooTools_Example.framework; sourceTree = BUILT_PRODUCTS_DIR; };
		3A64441D7EC15EC8366E3528 /* PooTools.podspec */ = {isa = PBXFileReference; includeInIndex = 1; lastKnownFileType = text; name = PooTools.podspec; path = ../PooTools.podspec; sourceTree = "<group>"; xcLanguageSpecificationIdentifier = xcode.lang.ruby; };
		6003F58A195388D20070C39A /* PooTools_Example.app */ = {isa = PBXFileReference; explicitFileType = wrapper.application; includeInIndex = 0; path = PooTools_Example.app; sourceTree = BUILT_PRODUCTS_DIR; };
		6003F58D195388D20070C39A /* Foundation.framework */ = {isa = PBXFileReference; lastKnownFileType = wrapper.framework; name = Foundation.framework; path = System/Library/Frameworks/Foundation.framework; sourceTree = SDKROOT; };
		6003F58F195388D20070C39A /* CoreGraphics.framework */ = {isa = PBXFileReference; lastKnownFileType = wrapper.framework; name = CoreGraphics.framework; path = System/Library/Frameworks/CoreGraphics.framework; sourceTree = SDKROOT; };
		6003F591195388D20070C39A /* UIKit.framework */ = {isa = PBXFileReference; lastKnownFileType = wrapper.framework; name = UIKit.framework; path = System/Library/Frameworks/UIKit.framework; sourceTree = SDKROOT; };
		6003F595195388D20070C39A /* PooTools-Info.plist */ = {isa = PBXFileReference; lastKnownFileType = text.plist.xml; path = "PooTools-Info.plist"; sourceTree = "<group>"; };
		6003F597195388D20070C39A /* en */ = {isa = PBXFileReference; lastKnownFileType = text.plist.strings; name = en; path = en.lproj/InfoPlist.strings; sourceTree = "<group>"; };
		6003F599195388D20070C39A /* main.m */ = {isa = PBXFileReference; lastKnownFileType = sourcecode.c.objc; path = main.m; sourceTree = "<group>"; };
		6003F59B195388D20070C39A /* PooTools-Prefix.pch */ = {isa = PBXFileReference; lastKnownFileType = sourcecode.c.h; path = "PooTools-Prefix.pch"; sourceTree = "<group>"; };
		6003F59C195388D20070C39A /* PTAppDelegate.h */ = {isa = PBXFileReference; lastKnownFileType = sourcecode.c.h; path = PTAppDelegate.h; sourceTree = "<group>"; };
		6003F59D195388D20070C39A /* PTAppDelegate.m */ = {isa = PBXFileReference; lastKnownFileType = sourcecode.c.objc; path = PTAppDelegate.m; sourceTree = "<group>"; };
		6003F5A5195388D20070C39A /* PTViewController.h */ = {isa = PBXFileReference; lastKnownFileType = sourcecode.c.h; path = PTViewController.h; sourceTree = "<group>"; };
		6003F5A6195388D20070C39A /* PTViewController.m */ = {isa = PBXFileReference; lastKnownFileType = sourcecode.c.objc; path = PTViewController.m; sourceTree = "<group>"; };
		6003F5A8195388D20070C39A /* Images.xcassets */ = {isa = PBXFileReference; lastKnownFileType = folder.assetcatalog; path = Images.xcassets; sourceTree = "<group>"; };
		6003F5AF195388D20070C39A /* XCTest.framework */ = {isa = PBXFileReference; lastKnownFileType = wrapper.framework; name = XCTest.framework; path = Library/Frameworks/XCTest.framework; sourceTree = DEVELOPER_DIR; };
		6003F5B7195388D20070C39A /* Tests-Info.plist */ = {isa = PBXFileReference; lastKnownFileType = text.plist.xml; path = "Tests-Info.plist"; sourceTree = "<group>"; };
		6003F5B9195388D20070C39A /* en */ = {isa = PBXFileReference; lastKnownFileType = text.plist.strings; name = en; path = en.lproj/InfoPlist.strings; sourceTree = "<group>"; };
		6003F5BB195388D20070C39A /* Tests.m */ = {isa = PBXFileReference; lastKnownFileType = sourcecode.c.objc; path = Tests.m; sourceTree = "<group>"; };
		606FC2411953D9B200FFA9A0 /* Tests-Prefix.pch */ = {isa = PBXFileReference; lastKnownFileType = sourcecode.c.h; path = "Tests-Prefix.pch"; sourceTree = "<group>"; };
		71719F9E1E33DC2100824A3D /* Base */ = {isa = PBXFileReference; lastKnownFileType = file.storyboard; name = Base; path = Base.lproj/LaunchScreen.storyboard; sourceTree = "<group>"; };
		77F5D0446CAF22C1C8B37FBE /* Pods-PooTools_Tests.release.xcconfig */ = {isa = PBXFileReference; includeInIndex = 1; lastKnownFileType = text.xcconfig; name = "Pods-PooTools_Tests.release.xcconfig"; path = "Pods/Target Support Files/Pods-PooTools_Tests/Pods-PooTools_Tests.release.xcconfig"; sourceTree = "<group>"; };
		8547CFF61C7FE8C255805D38 /* Pods_PooTools_Tests.framework */ = {isa = PBXFileReference; explicitFileType = wrapper.framework; includeInIndex = 0; path = Pods_PooTools_Tests.framework; sourceTree = BUILT_PRODUCTS_DIR; };
		873B8AEA1B1F5CCA007FD442 /* Main.storyboard */ = {isa = PBXFileReference; fileEncoding = 4; lastKnownFileType = file.storyboard; name = Main.storyboard; path = Base.lproj/Main.storyboard; sourceTree = "<group>"; };
		89C3C366EB034A16644AA2D5 /* Pods-PooTools_Example.debug.xcconfig */ = {isa = PBXFileReference; includeInIndex = 1; lastKnownFileType = text.xcconfig; name = "Pods-PooTools_Example.debug.xcconfig"; path = "Pods/Target Support Files/Pods-PooTools_Example/Pods-PooTools_Example.debug.xcconfig"; sourceTree = "<group>"; };
		BFF923A6A4231C582DA255BA /* Pods-PooTools_Example.release.xcconfig */ = {isa = PBXFileReference; includeInIndex = 1; lastKnownFileType = text.xcconfig; name = "Pods-PooTools_Example.release.xcconfig"; path = "Pods/Target Support Files/Pods-PooTools_Example/Pods-PooTools_Example.release.xcconfig"; sourceTree = "<group>"; };
		CC1256B42098286400E31A38 /* PooTools.framework */ = {isa = PBXFileReference; explicitFileType = wrapper.framework; path = PooTools.framework; sourceTree = BUILT_PRODUCTS_DIR; };
		CC1256B620982A5600E31A38 /* .gitkeep */ = {isa = PBXFileReference; fileEncoding = 4; lastKnownFileType = text; path = .gitkeep; sourceTree = "<group>"; };
		CC1256B720982A5600E31A38 /* AHReach.h */ = {isa = PBXFileReference; fileEncoding = 4; lastKnownFileType = sourcecode.c.h; path = AHReach.h; sourceTree = "<group>"; };
		CC1256B820982A5600E31A38 /* AHReach.m */ = {isa = PBXFileReference; fileEncoding = 4; lastKnownFileType = sourcecode.c.objc; path = AHReach.m; sourceTree = "<group>"; };
		CC1256B920982A5600E31A38 /* ALActionSheetView.h */ = {isa = PBXFileReference; fileEncoding = 4; lastKnownFileType = sourcecode.c.h; path = ALActionSheetView.h; sourceTree = "<group>"; };
		CC1256BA20982A5600E31A38 /* ALActionSheetView.m */ = {isa = PBXFileReference; fileEncoding = 4; lastKnownFileType = sourcecode.c.objc; path = ALActionSheetView.m; sourceTree = "<group>"; };
		CC1256BB20982A5600E31A38 /* CustomTextField.h */ = {isa = PBXFileReference; fileEncoding = 4; lastKnownFileType = sourcecode.c.h; path = CustomTextField.h; sourceTree = "<group>"; };
		CC1256BC20982A5600E31A38 /* CustomTextField.m */ = {isa = PBXFileReference; fileEncoding = 4; lastKnownFileType = sourcecode.c.objc; path = CustomTextField.m; sourceTree = "<group>"; };
		CC1256BD20982A5600E31A38 /* DES3Util.h */ = {isa = PBXFileReference; fileEncoding = 4; lastKnownFileType = sourcecode.c.h; path = DES3Util.h; sourceTree = "<group>"; };
		CC1256BE20982A5600E31A38 /* DES3Util.m */ = {isa = PBXFileReference; fileEncoding = 4; lastKnownFileType = sourcecode.c.objc; path = DES3Util.m; sourceTree = "<group>"; };
		CC1256BF20982A5600E31A38 /* GPKeyChain.h */ = {isa = PBXFileReference; fileEncoding = 4; lastKnownFileType = sourcecode.c.h; path = GPKeyChain.h; sourceTree = "<group>"; };
		CC1256C020982A5600E31A38 /* GPKeyChain.m */ = {isa = PBXFileReference; fileEncoding = 4; lastKnownFileType = sourcecode.c.objc; path = GPKeyChain.m; sourceTree = "<group>"; };
		CC1256C120982A5600E31A38 /* HPGrowingTextView.h */ = {isa = PBXFileReference; fileEncoding = 4; lastKnownFileType = sourcecode.c.h; path = HPGrowingTextView.h; sourceTree = "<group>"; };
		CC1256C220982A5600E31A38 /* HPGrowingTextView.m */ = {isa = PBXFileReference; fileEncoding = 4; lastKnownFileType = sourcecode.c.objc; path = HPGrowingTextView.m; sourceTree = "<group>"; };
		CC1256C320982A5600E31A38 /* HPTextViewInternal.h */ = {isa = PBXFileReference; fileEncoding = 4; lastKnownFileType = sourcecode.c.h; path = HPTextViewInternal.h; sourceTree = "<group>"; };
		CC1256C420982A5600E31A38 /* HPTextViewInternal.m */ = {isa = PBXFileReference; fileEncoding = 4; lastKnownFileType = sourcecode.c.objc; path = HPTextViewInternal.m; sourceTree = "<group>"; };
		CC1256C520982A5600E31A38 /* JMHoledView.h */ = {isa = PBXFileReference; fileEncoding = 4; lastKnownFileType = sourcecode.c.h; path = JMHoledView.h; sourceTree = "<group>"; };
		CC1256C620982A5600E31A38 /* JMHoledView.m */ = {isa = PBXFileReference; fileEncoding = 4; lastKnownFileType = sourcecode.c.objc; path = JMHoledView.m; sourceTree = "<group>"; };
		CC1256C720982A5600E31A38 /* LGTMBase64.h */ = {isa = PBXFileReference; fileEncoding = 4; lastKnownFileType = sourcecode.c.h; path = LGTMBase64.h; sourceTree = "<group>"; };
		CC1256C820982A5600E31A38 /* LGTMBase64.m */ = {isa = PBXFileReference; fileEncoding = 4; lastKnownFileType = sourcecode.c.objc; path = LGTMBase64.m; sourceTree = "<group>"; };
		CC1256C920982A5600E31A38 /* LGTMDefines.h */ = {isa = PBXFileReference; fileEncoding = 4; lastKnownFileType = sourcecode.c.h; path = LGTMDefines.h; sourceTree = "<group>"; };
		CC1256CA20982A5600E31A38 /* MethodSwizzle.h */ = {isa = PBXFileReference; fileEncoding = 4; lastKnownFileType = sourcecode.c.h; path = MethodSwizzle.h; sourceTree = "<group>"; };
		CC1256CB20982A5600E31A38 /* MethodSwizzle.m */ = {isa = PBXFileReference; fileEncoding = 4; lastKnownFileType = sourcecode.c.objc; path = MethodSwizzle.m; sourceTree = "<group>"; };
		CC1256CC20982A5600E31A38 /* NSMutableArray+Shuffle.h */ = {isa = PBXFileReference; fileEncoding = 4; lastKnownFileType = sourcecode.c.h; path = "NSMutableArray+Shuffle.h"; sourceTree = "<group>"; };
		CC1256CD20982A5600E31A38 /* NSMutableArray+Shuffle.m */ = {isa = PBXFileReference; fileEncoding = 4; lastKnownFileType = sourcecode.c.objc; path = "NSMutableArray+Shuffle.m"; sourceTree = "<group>"; };
		CC1256CE20982A5600E31A38 /* NSMutableString+TagReplace.h */ = {isa = PBXFileReference; fileEncoding = 4; lastKnownFileType = sourcecode.c.h; path = "NSMutableString+TagReplace.h"; sourceTree = "<group>"; };
		CC1256CF20982A5600E31A38 /* NSMutableString+TagReplace.m */ = {isa = PBXFileReference; fileEncoding = 4; lastKnownFileType = sourcecode.c.objc; path = "NSMutableString+TagReplace.m"; sourceTree = "<group>"; };
		CC1256D020982A5600E31A38 /* NSString+Encryption.h */ = {isa = PBXFileReference; fileEncoding = 4; lastKnownFileType = sourcecode.c.h; path = "NSString+Encryption.h"; sourceTree = "<group>"; };
		CC1256D120982A5600E31A38 /* NSString+Encryption.m */ = {isa = PBXFileReference; fileEncoding = 4; lastKnownFileType = sourcecode.c.objc; path = "NSString+Encryption.m"; sourceTree = "<group>"; };
		CC1256D220982A5600E31A38 /* NSString+Regulars.h */ = {isa = PBXFileReference; fileEncoding = 4; lastKnownFileType = sourcecode.c.h; path = "NSString+Regulars.h"; sourceTree = "<group>"; };
		CC1256D320982A5600E31A38 /* NSString+Regulars.m */ = {isa = PBXFileReference; fileEncoding = 4; lastKnownFileType = sourcecode.c.objc; path = "NSString+Regulars.m"; sourceTree = "<group>"; };
		CC1256D420982A5600E31A38 /* NSString+WPAttributedMarkup.h */ = {isa = PBXFileReference; fileEncoding = 4; lastKnownFileType = sourcecode.c.h; path = "NSString+WPAttributedMarkup.h"; sourceTree = "<group>"; };
		CC1256D520982A5600E31A38 /* NSString+WPAttributedMarkup.m */ = {isa = PBXFileReference; fileEncoding = 4; lastKnownFileType = sourcecode.c.objc; path = "NSString+WPAttributedMarkup.m"; sourceTree = "<group>"; };
		CC1256D620982A5600E31A38 /* NSURLResponse+Help.h */ = {isa = PBXFileReference; fileEncoding = 4; lastKnownFileType = sourcecode.c.h; path = "NSURLResponse+Help.h"; sourceTree = "<group>"; };
		CC1256D720982A5600E31A38 /* NSURLResponse+Help.m */ = {isa = PBXFileReference; fileEncoding = 4; lastKnownFileType = sourcecode.c.objc; path = "NSURLResponse+Help.m"; sourceTree = "<group>"; };
		CC1256D820982A5600E31A38 /* PBugReporter.h */ = {isa = PBXFileReference; fileEncoding = 4; lastKnownFileType = sourcecode.c.h; path = PBugReporter.h; sourceTree = "<group>"; };
		CC1256D920982A5600E31A38 /* PBugReporter.m */ = {isa = PBXFileReference; fileEncoding = 4; lastKnownFileType = sourcecode.c.objc; path = PBugReporter.m; sourceTree = "<group>"; };
		CC1256DA20982A5600E31A38 /* PCarrie.h */ = {isa = PBXFileReference; fileEncoding = 4; lastKnownFileType = sourcecode.c.h; path = PCarrie.h; sourceTree = "<group>"; };
		CC1256DB20982A5600E31A38 /* PCarrie.m */ = {isa = PBXFileReference; fileEncoding = 4; lastKnownFileType = sourcecode.c.objc; path = PCarrie.m; sourceTree = "<group>"; };
		CC1256DC20982A5600E31A38 /* PGifHud.h */ = {isa = PBXFileReference; fileEncoding = 4; lastKnownFileType = sourcecode.c.h; path = PGifHud.h; sourceTree = "<group>"; };
		CC1256DD20982A5600E31A38 /* PGifHud.m */ = {isa = PBXFileReference; fileEncoding = 4; lastKnownFileType = sourcecode.c.objc; path = PGifHud.m; sourceTree = "<group>"; };
		CC1256DE20982A5600E31A38 /* PHealthKit.h */ = {isa = PBXFileReference; fileEncoding = 4; lastKnownFileType = sourcecode.c.h; path = PHealthKit.h; sourceTree = "<group>"; };
		CC1256DF20982A5600E31A38 /* PHealthKit.m */ = {isa = PBXFileReference; fileEncoding = 4; lastKnownFileType = sourcecode.c.objc; path = PHealthKit.m; sourceTree = "<group>"; };
		CC1256E020982A5600E31A38 /* PLabel.h */ = {isa = PBXFileReference; fileEncoding = 4; lastKnownFileType = sourcecode.c.h; path = PLabel.h; sourceTree = "<group>"; };
		CC1256E120982A5600E31A38 /* PLabel.m */ = {isa = PBXFileReference; fileEncoding = 4; lastKnownFileType = sourcecode.c.objc; path = PLabel.m; sourceTree = "<group>"; };
		CC1256E220982A5600E31A38 /* PLaunchAdMonitor.h */ = {isa = PBXFileReference; fileEncoding = 4; lastKnownFileType = sourcecode.c.h; path = PLaunchAdMonitor.h; sourceTree = "<group>"; };
		CC1256E320982A5600E31A38 /* PLaunchAdMonitor.m */ = {isa = PBXFileReference; fileEncoding = 4; lastKnownFileType = sourcecode.c.objc; path = PLaunchAdMonitor.m; sourceTree = "<group>"; };
		CC1256E420982A5600E31A38 /* PMacros.h */ = {isa = PBXFileReference; fileEncoding = 4; lastKnownFileType = sourcecode.c.h; path = PMacros.h; sourceTree = "<group>"; };
		CC1256E520982A5600E31A38 /* PMotion.h */ = {isa = PBXFileReference; fileEncoding = 4; lastKnownFileType = sourcecode.c.h; path = PMotion.h; sourceTree = "<group>"; };
		CC1256E620982A5600E31A38 /* PMotion.m */ = {isa = PBXFileReference; fileEncoding = 4; lastKnownFileType = sourcecode.c.objc; path = PMotion.m; sourceTree = "<group>"; };
		CC1256E720982A5600E31A38 /* PooActionOnCalendar.h */ = {isa = PBXFileReference; fileEncoding = 4; lastKnownFileType = sourcecode.c.h; path = PooActionOnCalendar.h; sourceTree = "<group>"; };
		CC1256E820982A5600E31A38 /* PooActionOnCalendar.m */ = {isa = PBXFileReference; fileEncoding = 4; lastKnownFileType = sourcecode.c.objc; path = PooActionOnCalendar.m; sourceTree = "<group>"; };
		CC1256E920982A5600E31A38 /* PooAlertView.h */ = {isa = PBXFileReference; fileEncoding = 4; lastKnownFileType = sourcecode.c.h; path = PooAlertView.h; sourceTree = "<group>"; };
		CC1256EA20982A5600E31A38 /* PooAlertView.m */ = {isa = PBXFileReference; fileEncoding = 4; lastKnownFileType = sourcecode.c.objc; path = PooAlertView.m; sourceTree = "<group>"; };
		CC1256EB20982A5600E31A38 /* PooCodeView.h */ = {isa = PBXFileReference; fileEncoding = 4; lastKnownFileType = sourcecode.c.h; path = PooCodeView.h; sourceTree = "<group>"; };
		CC1256EC20982A5600E31A38 /* PooCodeView.m */ = {isa = PBXFileReference; fileEncoding = 4; lastKnownFileType = sourcecode.c.objc; path = PooCodeView.m; sourceTree = "<group>"; };
		CC1256ED20982A5600E31A38 /* PooLoadingView.h */ = {isa = PBXFileReference; fileEncoding = 4; lastKnownFileType = sourcecode.c.h; path = PooLoadingView.h; sourceTree = "<group>"; };
		CC1256EE20982A5600E31A38 /* PooLoadingView.m */ = {isa = PBXFileReference; fileEncoding = 4; lastKnownFileType = sourcecode.c.objc; path = PooLoadingView.m; sourceTree = "<group>"; };
		CC1256EF20982A5600E31A38 /* PooNumberKeyBoard.h */ = {isa = PBXFileReference; fileEncoding = 4; lastKnownFileType = sourcecode.c.h; path = PooNumberKeyBoard.h; sourceTree = "<group>"; };
		CC1256F020982A5600E31A38 /* PooNumberKeyBoard.m */ = {isa = PBXFileReference; fileEncoding = 4; lastKnownFileType = sourcecode.c.objc; path = PooNumberKeyBoard.m; sourceTree = "<group>"; };
		CC1256F120982A5600E31A38 /* PooPhoneBlock.h */ = {isa = PBXFileReference; fileEncoding = 4; lastKnownFileType = sourcecode.c.h; path = PooPhoneBlock.h; sourceTree = "<group>"; };
		CC1256F220982A5600E31A38 /* PooPhoneBlock.m */ = {isa = PBXFileReference; fileEncoding = 4; lastKnownFileType = sourcecode.c.objc; path = PooPhoneBlock.m; sourceTree = "<group>"; };
		CC1256F320982A5600E31A38 /* PooSearchBar.h */ = {isa = PBXFileReference; fileEncoding = 4; lastKnownFileType = sourcecode.c.h; path = PooSearchBar.h; sourceTree = "<group>"; };
		CC1256F420982A5600E31A38 /* PooSearchBar.m */ = {isa = PBXFileReference; fileEncoding = 4; lastKnownFileType = sourcecode.c.objc; path = PooSearchBar.m; sourceTree = "<group>"; };
		CC1256F520982A5600E31A38 /* PooSegView.h */ = {isa = PBXFileReference; fileEncoding = 4; lastKnownFileType = sourcecode.c.h; path = PooSegView.h; sourceTree = "<group>"; };
		CC1256F620982A5600E31A38 /* PooSegView.m */ = {isa = PBXFileReference; fileEncoding = 4; lastKnownFileType = sourcecode.c.objc; path = PooSegView.m; sourceTree = "<group>"; };
		CC1256F720982A5600E31A38 /* PooSystemInfo.h */ = {isa = PBXFileReference; fileEncoding = 4; lastKnownFileType = sourcecode.c.h; path = PooSystemInfo.h; sourceTree = "<group>"; };
		CC1256F820982A5600E31A38 /* PooSystemInfo.m */ = {isa = PBXFileReference; fileEncoding = 4; lastKnownFileType = sourcecode.c.objc; path = PooSystemInfo.m; sourceTree = "<group>"; };
		CC1256F920982A5600E31A38 /* PooTagsLabel.h */ = {isa = PBXFileReference; fileEncoding = 4; lastKnownFileType = sourcecode.c.h; path = PooTagsLabel.h; sourceTree = "<group>"; };
		CC1256FA20982A5600E31A38 /* PooTagsLabel.m */ = {isa = PBXFileReference; fileEncoding = 4; lastKnownFileType = sourcecode.c.objc; path = PooTagsLabel.m; sourceTree = "<group>"; };
		CC1256FB20982A5600E31A38 /* PooTextView.h */ = {isa = PBXFileReference; fileEncoding = 4; lastKnownFileType = sourcecode.c.h; path = PooTextView.h; sourceTree = "<group>"; };
		CC1256FC20982A5600E31A38 /* PooTextView.m */ = {isa = PBXFileReference; fileEncoding = 4; lastKnownFileType = sourcecode.c.objc; path = PooTextView.m; sourceTree = "<group>"; };
		CC1256FD20982A5600E31A38 /* PooUDIDInfo.h */ = {isa = PBXFileReference; fileEncoding = 4; lastKnownFileType = sourcecode.c.h; path = PooUDIDInfo.h; sourceTree = "<group>"; };
		CC1256FE20982A5600E31A38 /* PooUDIDInfo.m */ = {isa = PBXFileReference; fileEncoding = 4; lastKnownFileType = sourcecode.c.objc; path = PooUDIDInfo.m; sourceTree = "<group>"; };
		CC1256FF20982A5600E31A38 /* PSpeech.h */ = {isa = PBXFileReference; fileEncoding = 4; lastKnownFileType = sourcecode.c.h; path = PSpeech.h; sourceTree = "<group>"; };
		CC12570020982A5600E31A38 /* PSpeech.m */ = {isa = PBXFileReference; fileEncoding = 4; lastKnownFileType = sourcecode.c.objc; path = PSpeech.m; sourceTree = "<group>"; };
		CC12570120982A5600E31A38 /* PStarRateView.h */ = {isa = PBXFileReference; fileEncoding = 4; lastKnownFileType = sourcecode.c.h; path = PStarRateView.h; sourceTree = "<group>"; };
		CC12570220982A5600E31A38 /* PStarRateView.m */ = {isa = PBXFileReference; fileEncoding = 4; lastKnownFileType = sourcecode.c.objc; path = PStarRateView.m; sourceTree = "<group>"; };
		CC12570320982A5600E31A38 /* PTextField.h */ = {isa = PBXFileReference; fileEncoding = 4; lastKnownFileType = sourcecode.c.h; path = PTextField.h; sourceTree = "<group>"; };
		CC12570420982A5600E31A38 /* PTextField.m */ = {isa = PBXFileReference; fileEncoding = 4; lastKnownFileType = sourcecode.c.objc; path = PTextField.m; sourceTree = "<group>"; };
		CC12570520982A5600E31A38 /* PTInputAll.h */ = {isa = PBXFileReference; fileEncoding = 4; lastKnownFileType = sourcecode.c.h; path = PTInputAll.h; sourceTree = "<group>"; };
		CC12570620982A5600E31A38 /* PTouchID.h */ = {isa = PBXFileReference; fileEncoding = 4; lastKnownFileType = sourcecode.c.h; path = PTouchID.h; sourceTree = "<group>"; };
		CC12570720982A5600E31A38 /* PTouchID.m */ = {isa = PBXFileReference; fileEncoding = 4; lastKnownFileType = sourcecode.c.objc; path = PTouchID.m; sourceTree = "<group>"; };
		CC12570820982A5600E31A38 /* RCDraggableButton.h */ = {isa = PBXFileReference; fileEncoding = 4; lastKnownFileType = sourcecode.c.h; path = RCDraggableButton.h; sourceTree = "<group>"; };
		CC12570920982A5600E31A38 /* RCDraggableButton.m */ = {isa = PBXFileReference; fileEncoding = 4; lastKnownFileType = sourcecode.c.objc; path = RCDraggableButton.m; sourceTree = "<group>"; };
		CC12570A20982A5600E31A38 /* SecurityStrategy.h */ = {isa = PBXFileReference; fileEncoding = 4; lastKnownFileType = sourcecode.c.h; path = SecurityStrategy.h; sourceTree = "<group>"; };
		CC12570B20982A5600E31A38 /* SecurityStrategy.m */ = {isa = PBXFileReference; fileEncoding = 4; lastKnownFileType = sourcecode.c.objc; path = SecurityStrategy.m; sourceTree = "<group>"; };
		CC12570C20982A5600E31A38 /* UIButton+Block.h */ = {isa = PBXFileReference; fileEncoding = 4; lastKnownFileType = sourcecode.c.h; path = "UIButton+Block.h"; sourceTree = "<group>"; };
		CC12570D20982A5600E31A38 /* UIButton+Block.m */ = {isa = PBXFileReference; fileEncoding = 4; lastKnownFileType = sourcecode.c.objc; path = "UIButton+Block.m"; sourceTree = "<group>"; };
		CC12570E20982A5600E31A38 /* UIButton+EX.h */ = {isa = PBXFileReference; fileEncoding = 4; lastKnownFileType = sourcecode.c.h; path = "UIButton+EX.h"; sourceTree = "<group>"; };
		CC12570F20982A5600E31A38 /* UIButton+EX.m */ = {isa = PBXFileReference; fileEncoding = 4; lastKnownFileType = sourcecode.c.objc; path = "UIButton+EX.m"; sourceTree = "<group>"; };
		CC12571020982A5600E31A38 /* UIColor+Colours.h */ = {isa = PBXFileReference; fileEncoding = 4; lastKnownFileType = sourcecode.c.h; path = "UIColor+Colours.h"; sourceTree = "<group>"; };
		CC12571120982A5600E31A38 /* UIColor+Colours.m */ = {isa = PBXFileReference; fileEncoding = 4; lastKnownFileType = sourcecode.c.objc; path = "UIColor+Colours.m"; sourceTree = "<group>"; };
		CC12571220982A5600E31A38 /* UIColor+Helper.h */ = {isa = PBXFileReference; fileEncoding = 4; lastKnownFileType = sourcecode.c.h; path = "UIColor+Helper.h"; sourceTree = "<group>"; };
		CC12571320982A5600E31A38 /* UIColor+Helper.m */ = {isa = PBXFileReference; fileEncoding = 4; lastKnownFileType = sourcecode.c.objc; path = "UIColor+Helper.m"; sourceTree = "<group>"; };
		CC12571420982A5600E31A38 /* UIColor+Random.h */ = {isa = PBXFileReference; fileEncoding = 4; lastKnownFileType = sourcecode.c.h; path = "UIColor+Random.h"; sourceTree = "<group>"; };
		CC12571520982A5600E31A38 /* UIColor+Random.m */ = {isa = PBXFileReference; fileEncoding = 4; lastKnownFileType = sourcecode.c.objc; path = "UIColor+Random.m"; sourceTree = "<group>"; };
		CC12571620982A5600E31A38 /* UIImage+BlurGlass.h */ = {isa = PBXFileReference; fileEncoding = 4; lastKnownFileType = sourcecode.c.h; path = "UIImage+BlurGlass.h"; sourceTree = "<group>"; };
		CC12571720982A5600E31A38 /* UIImage+BlurGlass.m */ = {isa = PBXFileReference; fileEncoding = 4; lastKnownFileType = sourcecode.c.objc; path = "UIImage+BlurGlass.m"; sourceTree = "<group>"; };
		CC12571820982A5600E31A38 /* UIImage+Size.h */ = {isa = PBXFileReference; fileEncoding = 4; lastKnownFileType = sourcecode.c.h; path = "UIImage+Size.h"; sourceTree = "<group>"; };
		CC12571920982A5600E31A38 /* UIImage+Size.m */ = {isa = PBXFileReference; fileEncoding = 4; lastKnownFileType = sourcecode.c.objc; path = "UIImage+Size.m"; sourceTree = "<group>"; };
		CC12571A20982A5600E31A38 /* UILabel+FlickerNumber.h */ = {isa = PBXFileReference; fileEncoding = 4; lastKnownFileType = sourcecode.c.h; path = "UILabel+FlickerNumber.h"; sourceTree = "<group>"; };
		CC12571B20982A5600E31A38 /* UILabel+FlickerNumber.m */ = {isa = PBXFileReference; fileEncoding = 4; lastKnownFileType = sourcecode.c.objc; path = "UILabel+FlickerNumber.m"; sourceTree = "<group>"; };
		CC12571C20982A5600E31A38 /* UINavigationItem+Excursion.h */ = {isa = PBXFileReference; fileEncoding = 4; lastKnownFileType = sourcecode.c.h; path = "UINavigationItem+Excursion.h"; sourceTree = "<group>"; };
		CC12571D20982A5600E31A38 /* UINavigationItem+Excursion.m */ = {isa = PBXFileReference; fileEncoding = 4; lastKnownFileType = sourcecode.c.objc; path = "UINavigationItem+Excursion.m"; sourceTree = "<group>"; };
		CC12571E20982A5600E31A38 /* UIView+ModifyFrame.h */ = {isa = PBXFileReference; fileEncoding = 4; lastKnownFileType = sourcecode.c.h; path = "UIView+ModifyFrame.h"; sourceTree = "<group>"; };
		CC12571F20982A5600E31A38 /* UIView+ModifyFrame.m */ = {isa = PBXFileReference; fileEncoding = 4; lastKnownFileType = sourcecode.c.objc; path = "UIView+ModifyFrame.m"; sourceTree = "<group>"; };
		CC12572020982A5600E31A38 /* UIViewController+TopBarMessage.h */ = {isa = PBXFileReference; fileEncoding = 4; lastKnownFileType = sourcecode.c.h; path = "UIViewController+TopBarMessage.h"; sourceTree = "<group>"; };
		CC12572120982A5600E31A38 /* UIViewController+TopBarMessage.m */ = {isa = PBXFileReference; fileEncoding = 4; lastKnownFileType = sourcecode.c.objc; path = "UIViewController+TopBarMessage.m"; sourceTree = "<group>"; };
		CC12572220982A5600E31A38 /* Utils.h */ = {isa = PBXFileReference; fileEncoding = 4; lastKnownFileType = sourcecode.c.h; path = Utils.h; sourceTree = "<group>"; };
		CC12572320982A5600E31A38 /* Utils.m */ = {isa = PBXFileReference; fileEncoding = 4; lastKnownFileType = sourcecode.c.objc; path = Utils.m; sourceTree = "<group>"; };
		CC12572420982A5600E31A38 /* WMHub.h */ = {isa = PBXFileReference; fileEncoding = 4; lastKnownFileType = sourcecode.c.h; path = WMHub.h; sourceTree = "<group>"; };
		CC12572520982A5600E31A38 /* WMHub.m */ = {isa = PBXFileReference; fileEncoding = 4; lastKnownFileType = sourcecode.c.objc; path = WMHub.m; sourceTree = "<group>"; };
		CC12572620982A5600E31A38 /* WMHubView.h */ = {isa = PBXFileReference; fileEncoding = 4; lastKnownFileType = sourcecode.c.h; path = WMHubView.h; sourceTree = "<group>"; };
		CC12572720982A5600E31A38 /* WMHubView.m */ = {isa = PBXFileReference; fileEncoding = 4; lastKnownFileType = sourcecode.c.objc; path = WMHubView.m; sourceTree = "<group>"; };
		CC12572820982A5600E31A38 /* WMHubViewController.h */ = {isa = PBXFileReference; fileEncoding = 4; lastKnownFileType = sourcecode.c.h; path = WMHubViewController.h; sourceTree = "<group>"; };
		CC12572920982A5600E31A38 /* WMHubViewController.m */ = {isa = PBXFileReference; fileEncoding = 4; lastKnownFileType = sourcecode.c.objc; path = WMHubViewController.m; sourceTree = "<group>"; };
		CC12572A20982A5600E31A38 /* WMHubWindow.h */ = {isa = PBXFileReference; fileEncoding = 4; lastKnownFileType = sourcecode.c.h; path = WMHubWindow.h; sourceTree = "<group>"; };
		CC12572B20982A5600E31A38 /* WMHubWindow.m */ = {isa = PBXFileReference; fileEncoding = 4; lastKnownFileType = sourcecode.c.objc; path = WMHubWindow.m; sourceTree = "<group>"; };
		CC12572C20982A5600E31A38 /* WPAttributedStyleAction.h */ = {isa = PBXFileReference; fileEncoding = 4; lastKnownFileType = sourcecode.c.h; path = WPAttributedStyleAction.h; sourceTree = "<group>"; };
		CC12572D20982A5600E31A38 /* WPAttributedStyleAction.m */ = {isa = PBXFileReference; fileEncoding = 4; lastKnownFileType = sourcecode.c.objc; path = WPAttributedStyleAction.m; sourceTree = "<group>"; };
		CC12572E20982A5600E31A38 /* WPHotspotLabel.h */ = {isa = PBXFileReference; fileEncoding = 4; lastKnownFileType = sourcecode.c.h; path = WPHotspotLabel.h; sourceTree = "<group>"; };
		CC12572F20982A5600E31A38 /* WPHotspotLabel.m */ = {isa = PBXFileReference; fileEncoding = 4; lastKnownFileType = sourcecode.c.objc; path = WPHotspotLabel.m; sourceTree = "<group>"; };
		CC12573020982A5600E31A38 /* WPTappableLabel.h */ = {isa = PBXFileReference; fileEncoding = 4; lastKnownFileType = sourcecode.c.h; path = WPTappableLabel.h; sourceTree = "<group>"; };
		CC12573120982A5600E31A38 /* WPTappableLabel.m */ = {isa = PBXFileReference; fileEncoding = 4; lastKnownFileType = sourcecode.c.objc; path = WPTappableLabel.m; sourceTree = "<group>"; };
		D7E6224504513A2D932A5233 /* README.md */ = {isa = PBXFileReference; includeInIndex = 1; lastKnownFileType = net.daringfireball.markdown; name = README.md; path = ../README.md; sourceTree = "<group>"; };
		F01DFF91343DF608B861705D /* LICENSE */ = {isa = PBXFileReference; includeInIndex = 1; lastKnownFileType = text; name = LICENSE; path = ../LICENSE; sourceTree = "<group>"; };
		F98D569275CC0803B29E678B /* Pods-PooTools_Tests.debug.xcconfig */ = {isa = PBXFileReference; includeInIndex = 1; lastKnownFileType = text.xcconfig; name = "Pods-PooTools_Tests.debug.xcconfig"; path = "Pods/Target Support Files/Pods-PooTools_Tests/Pods-PooTools_Tests.debug.xcconfig"; sourceTree = "<group>"; };
/* End PBXFileReference section */

/* Begin PBXFrameworksBuildPhase section */
		6003F587195388D20070C39A /* Frameworks */ = {
			isa = PBXFrameworksBuildPhase;
			buildActionMask = 2147483647;
			files = (
				CC1256B52098286400E31A38 /* PooTools.framework in Frameworks */,
				6003F590195388D20070C39A /* CoreGraphics.framework in Frameworks */,
				6003F592195388D20070C39A /* UIKit.framework in Frameworks */,
				6003F58E195388D20070C39A /* Foundation.framework in Frameworks */,
				F0A70E63CC9A27D1B5339D04 /* Pods_PooTools_Example.framework in Frameworks */,
			);
			runOnlyForDeploymentPostprocessing = 0;
		};
/* End PBXFrameworksBuildPhase section */

/* Begin PBXGroup section */
		0E6890BE2E1EFABA927D4E59 /* Pods */ = {
			isa = PBXGroup;
			children = (
				89C3C366EB034A16644AA2D5 /* Pods-PooTools_Example.debug.xcconfig */,
				BFF923A6A4231C582DA255BA /* Pods-PooTools_Example.release.xcconfig */,
				F98D569275CC0803B29E678B /* Pods-PooTools_Tests.debug.xcconfig */,
				77F5D0446CAF22C1C8B37FBE /* Pods-PooTools_Tests.release.xcconfig */,
			);
			name = Pods;
			sourceTree = "<group>";
		};
		6003F581195388D10070C39A = {
			isa = PBXGroup;
			children = (
				60FF7A9C1954A5C5007DD14C /* Podspec Metadata */,
				6003F593195388D20070C39A /* Example for PooTools */,
				6003F5B5195388D20070C39A /* Tests */,
				6003F58C195388D20070C39A /* Frameworks */,
				6003F58B195388D20070C39A /* Products */,
				0E6890BE2E1EFABA927D4E59 /* Pods */,
			);
			sourceTree = "<group>";
		};
		6003F58B195388D20070C39A /* Products */ = {
			isa = PBXGroup;
			children = (
				6003F58A195388D20070C39A /* PooTools_Example.app */,
			);
			name = Products;
			sourceTree = "<group>";
		};
		6003F58C195388D20070C39A /* Frameworks */ = {
			isa = PBXGroup;
			children = (
				CC1256B42098286400E31A38 /* PooTools.framework */,
				6003F58D195388D20070C39A /* Foundation.framework */,
				6003F58F195388D20070C39A /* CoreGraphics.framework */,
				6003F591195388D20070C39A /* UIKit.framework */,
				6003F5AF195388D20070C39A /* XCTest.framework */,
				09F5E848A8A1AA0F548F1C11 /* Pods_PooTools_Example.framework */,
				8547CFF61C7FE8C255805D38 /* Pods_PooTools_Tests.framework */,
			);
			name = Frameworks;
			sourceTree = "<group>";
		};
		6003F593195388D20070C39A /* Example for PooTools */ = {
			isa = PBXGroup;
			children = (
				CC12573220982A5600E31A38 /* Classes */,
				6003F59C195388D20070C39A /* PTAppDelegate.h */,
				6003F59D195388D20070C39A /* PTAppDelegate.m */,
				873B8AEA1B1F5CCA007FD442 /* Main.storyboard */,
				6003F5A5195388D20070C39A /* PTViewController.h */,
				6003F5A6195388D20070C39A /* PTViewController.m */,
				71719F9D1E33DC2100824A3D /* LaunchScreen.storyboard */,
				6003F5A8195388D20070C39A /* Images.xcassets */,
				6003F594195388D20070C39A /* Supporting Files */,
			);
			name = "Example for PooTools";
			path = PooTools;
			sourceTree = "<group>";
		};
		6003F594195388D20070C39A /* Supporting Files */ = {
			isa = PBXGroup;
			children = (
				6003F595195388D20070C39A /* PooTools-Info.plist */,
				6003F596195388D20070C39A /* InfoPlist.strings */,
				6003F599195388D20070C39A /* main.m */,
				6003F59B195388D20070C39A /* PooTools-Prefix.pch */,
			);
			name = "Supporting Files";
			sourceTree = "<group>";
		};
		6003F5B5195388D20070C39A /* Tests */ = {
			isa = PBXGroup;
			children = (
				6003F5BB195388D20070C39A /* Tests.m */,
				6003F5B6195388D20070C39A /* Supporting Files */,
			);
			path = Tests;
			sourceTree = "<group>";
		};
		6003F5B6195388D20070C39A /* Supporting Files */ = {
			isa = PBXGroup;
			children = (
				6003F5B7195388D20070C39A /* Tests-Info.plist */,
				6003F5B8195388D20070C39A /* InfoPlist.strings */,
				606FC2411953D9B200FFA9A0 /* Tests-Prefix.pch */,
			);
			name = "Supporting Files";
			sourceTree = "<group>";
		};
		60FF7A9C1954A5C5007DD14C /* Podspec Metadata */ = {
			isa = PBXGroup;
			children = (
				3A64441D7EC15EC8366E3528 /* PooTools.podspec */,
				D7E6224504513A2D932A5233 /* README.md */,
				F01DFF91343DF608B861705D /* LICENSE */,
			);
			name = "Podspec Metadata";
			sourceTree = "<group>";
		};
		CC12573220982A5600E31A38 /* Classes */ = {
			isa = PBXGroup;
			children = (
				CC1256B620982A5600E31A38 /* .gitkeep */,
				CC1256B720982A5600E31A38 /* AHReach.h */,
				CC1256B820982A5600E31A38 /* AHReach.m */,
				CC1256B920982A5600E31A38 /* ALActionSheetView.h */,
				CC1256BA20982A5600E31A38 /* ALActionSheetView.m */,
				CC1256BB20982A5600E31A38 /* CustomTextField.h */,
				CC1256BC20982A5600E31A38 /* CustomTextField.m */,
				CC1256BD20982A5600E31A38 /* DES3Util.h */,
				CC1256BE20982A5600E31A38 /* DES3Util.m */,
				CC1256BF20982A5600E31A38 /* GPKeyChain.h */,
				CC1256C020982A5600E31A38 /* GPKeyChain.m */,
				CC1256C120982A5600E31A38 /* HPGrowingTextView.h */,
				CC1256C220982A5600E31A38 /* HPGrowingTextView.m */,
				CC1256C320982A5600E31A38 /* HPTextViewInternal.h */,
				CC1256C420982A5600E31A38 /* HPTextViewInternal.m */,
				CC1256C520982A5600E31A38 /* JMHoledView.h */,
				CC1256C620982A5600E31A38 /* JMHoledView.m */,
				CC1256C720982A5600E31A38 /* LGTMBase64.h */,
				CC1256C820982A5600E31A38 /* LGTMBase64.m */,
				CC1256C920982A5600E31A38 /* LGTMDefines.h */,
				CC1256CA20982A5600E31A38 /* MethodSwizzle.h */,
				CC1256CB20982A5600E31A38 /* MethodSwizzle.m */,
				CC1256CC20982A5600E31A38 /* NSMutableArray+Shuffle.h */,
				CC1256CD20982A5600E31A38 /* NSMutableArray+Shuffle.m */,
				CC1256CE20982A5600E31A38 /* NSMutableString+TagReplace.h */,
				CC1256CF20982A5600E31A38 /* NSMutableString+TagReplace.m */,
				CC1256D020982A5600E31A38 /* NSString+Encryption.h */,
				CC1256D120982A5600E31A38 /* NSString+Encryption.m */,
				CC1256D220982A5600E31A38 /* NSString+Regulars.h */,
				CC1256D320982A5600E31A38 /* NSString+Regulars.m */,
				CC1256D420982A5600E31A38 /* NSString+WPAttributedMarkup.h */,
				CC1256D520982A5600E31A38 /* NSString+WPAttributedMarkup.m */,
				CC1256D620982A5600E31A38 /* NSURLResponse+Help.h */,
				CC1256D720982A5600E31A38 /* NSURLResponse+Help.m */,
				CC1256D820982A5600E31A38 /* PBugReporter.h */,
				CC1256D920982A5600E31A38 /* PBugReporter.m */,
				CC1256DA20982A5600E31A38 /* PCarrie.h */,
				CC1256DB20982A5600E31A38 /* PCarrie.m */,
				CC1256DC20982A5600E31A38 /* PGifHud.h */,
				CC1256DD20982A5600E31A38 /* PGifHud.m */,
				CC1256DE20982A5600E31A38 /* PHealthKit.h */,
				CC1256DF20982A5600E31A38 /* PHealthKit.m */,
				CC1256E020982A5600E31A38 /* PLabel.h */,
				CC1256E120982A5600E31A38 /* PLabel.m */,
				CC1256E220982A5600E31A38 /* PLaunchAdMonitor.h */,
				CC1256E320982A5600E31A38 /* PLaunchAdMonitor.m */,
				CC1256E420982A5600E31A38 /* PMacros.h */,
				CC1256E520982A5600E31A38 /* PMotion.h */,
				CC1256E620982A5600E31A38 /* PMotion.m */,
				CC1256E720982A5600E31A38 /* PooActionOnCalendar.h */,
				CC1256E820982A5600E31A38 /* PooActionOnCalendar.m */,
				CC1256E920982A5600E31A38 /* PooAlertView.h */,
				CC1256EA20982A5600E31A38 /* PooAlertView.m */,
				CC1256EB20982A5600E31A38 /* PooCodeView.h */,
				CC1256EC20982A5600E31A38 /* PooCodeView.m */,
				CC1256ED20982A5600E31A38 /* PooLoadingView.h */,
				CC1256EE20982A5600E31A38 /* PooLoadingView.m */,
				CC1256EF20982A5600E31A38 /* PooNumberKeyBoard.h */,
				CC1256F020982A5600E31A38 /* PooNumberKeyBoard.m */,
				CC1256F120982A5600E31A38 /* PooPhoneBlock.h */,
				CC1256F220982A5600E31A38 /* PooPhoneBlock.m */,
				CC1256F320982A5600E31A38 /* PooSearchBar.h */,
				CC1256F420982A5600E31A38 /* PooSearchBar.m */,
				CC1256F520982A5600E31A38 /* PooSegView.h */,
				CC1256F620982A5600E31A38 /* PooSegView.m */,
				CC1256F720982A5600E31A38 /* PooSystemInfo.h */,
				CC1256F820982A5600E31A38 /* PooSystemInfo.m */,
				CC1256F920982A5600E31A38 /* PooTagsLabel.h */,
				CC1256FA20982A5600E31A38 /* PooTagsLabel.m */,
				CC1256FB20982A5600E31A38 /* PooTextView.h */,
				CC1256FC20982A5600E31A38 /* PooTextView.m */,
				CC1256FD20982A5600E31A38 /* PooUDIDInfo.h */,
				CC1256FE20982A5600E31A38 /* PooUDIDInfo.m */,
				CC1256FF20982A5600E31A38 /* PSpeech.h */,
				CC12570020982A5600E31A38 /* PSpeech.m */,
				CC12570120982A5600E31A38 /* PStarRateView.h */,
				CC12570220982A5600E31A38 /* PStarRateView.m */,
				CC12570320982A5600E31A38 /* PTextField.h */,
				CC12570420982A5600E31A38 /* PTextField.m */,
				CC12570520982A5600E31A38 /* PTInputAll.h */,
				CC12570620982A5600E31A38 /* PTouchID.h */,
				CC12570720982A5600E31A38 /* PTouchID.m */,
				CC12570820982A5600E31A38 /* RCDraggableButton.h */,
				CC12570920982A5600E31A38 /* RCDraggableButton.m */,
				CC12570A20982A5600E31A38 /* SecurityStrategy.h */,
				CC12570B20982A5600E31A38 /* SecurityStrategy.m */,
				CC12570C20982A5600E31A38 /* UIButton+Block.h */,
				CC12570D20982A5600E31A38 /* UIButton+Block.m */,
				CC12570E20982A5600E31A38 /* UIButton+EX.h */,
				CC12570F20982A5600E31A38 /* UIButton+EX.m */,
				CC12571020982A5600E31A38 /* UIColor+Colours.h */,
				CC12571120982A5600E31A38 /* UIColor+Colours.m */,
				CC12571220982A5600E31A38 /* UIColor+Helper.h */,
				CC12571320982A5600E31A38 /* UIColor+Helper.m */,
				CC12571420982A5600E31A38 /* UIColor+Random.h */,
				CC12571520982A5600E31A38 /* UIColor+Random.m */,
				CC12571620982A5600E31A38 /* UIImage+BlurGlass.h */,
				CC12571720982A5600E31A38 /* UIImage+BlurGlass.m */,
				CC12571820982A5600E31A38 /* UIImage+Size.h */,
				CC12571920982A5600E31A38 /* UIImage+Size.m */,
				CC12571A20982A5600E31A38 /* UILabel+FlickerNumber.h */,
				CC12571B20982A5600E31A38 /* UILabel+FlickerNumber.m */,
				CC12571C20982A5600E31A38 /* UINavigationItem+Excursion.h */,
				CC12571D20982A5600E31A38 /* UINavigationItem+Excursion.m */,
				CC12571E20982A5600E31A38 /* UIView+ModifyFrame.h */,
				CC12571F20982A5600E31A38 /* UIView+ModifyFrame.m */,
				CC12572020982A5600E31A38 /* UIViewController+TopBarMessage.h */,
				CC12572120982A5600E31A38 /* UIViewController+TopBarMessage.m */,
				CC12572220982A5600E31A38 /* Utils.h */,
				CC12572320982A5600E31A38 /* Utils.m */,
				CC12572420982A5600E31A38 /* WMHub.h */,
				CC12572520982A5600E31A38 /* WMHub.m */,
				CC12572620982A5600E31A38 /* WMHubView.h */,
				CC12572720982A5600E31A38 /* WMHubView.m */,
				CC12572820982A5600E31A38 /* WMHubViewController.h */,
				CC12572920982A5600E31A38 /* WMHubViewController.m */,
				CC12572A20982A5600E31A38 /* WMHubWindow.h */,
				CC12572B20982A5600E31A38 /* WMHubWindow.m */,
				CC12572C20982A5600E31A38 /* WPAttributedStyleAction.h */,
				CC12572D20982A5600E31A38 /* WPAttributedStyleAction.m */,
				CC12572E20982A5600E31A38 /* WPHotspotLabel.h */,
				CC12572F20982A5600E31A38 /* WPHotspotLabel.m */,
				CC12573020982A5600E31A38 /* WPTappableLabel.h */,
				CC12573120982A5600E31A38 /* WPTappableLabel.m */,
			);
			path = Classes;
			sourceTree = "<group>";
		};
/* End PBXGroup section */

/* Begin PBXNativeTarget section */
		6003F589195388D20070C39A /* PooTools_Example */ = {
			isa = PBXNativeTarget;
			buildConfigurationList = 6003F5BF195388D20070C39A /* Build configuration list for PBXNativeTarget "PooTools_Example" */;
			buildPhases = (
				EF2C1901976606ADFEA97616 /* [CP] Check Pods Manifest.lock */,
				6003F586195388D20070C39A /* Sources */,
				6003F587195388D20070C39A /* Frameworks */,
				6003F588195388D20070C39A /* Resources */,
				0D097DFFB01E8844D9A6139F /* [CP] Embed Pods Frameworks */,
				8A3EB47BE853A63DF8E13B0C /* [CP] Copy Pods Resources */,
			);
			buildRules = (
			);
			dependencies = (
			);
			name = PooTools_Example;
			productName = PooTools;
			productReference = 6003F58A195388D20070C39A /* PooTools_Example.app */;
			productType = "com.apple.product-type.application";
		};
/* End PBXNativeTarget section */

/* Begin PBXProject section */
		6003F582195388D10070C39A /* Project object */ = {
			isa = PBXProject;
			attributes = {
				CLASSPREFIX = PT;
				LastUpgradeCheck = 0720;
				ORGANIZATIONNAME = crazypoo;
			};
			buildConfigurationList = 6003F585195388D10070C39A /* Build configuration list for PBXProject "PooTools" */;
			compatibilityVersion = "Xcode 3.2";
			developmentRegion = English;
			hasScannedForEncodings = 0;
			knownRegions = (
				en,
				Base,
			);
			mainGroup = 6003F581195388D10070C39A;
			productRefGroup = 6003F58B195388D20070C39A /* Products */;
			projectDirPath = "";
			projectRoot = "";
			targets = (
				6003F589195388D20070C39A /* PooTools_Example */,
			);
		};
/* End PBXProject section */

/* Begin PBXResourcesBuildPhase section */
		6003F588195388D20070C39A /* Resources */ = {
			isa = PBXResourcesBuildPhase;
			buildActionMask = 2147483647;
			files = (
				873B8AEB1B1F5CCA007FD442 /* Main.storyboard in Resources */,
				71719F9F1E33DC2100824A3D /* LaunchScreen.storyboard in Resources */,
				6003F5A9195388D20070C39A /* Images.xcassets in Resources */,
				6003F598195388D20070C39A /* InfoPlist.strings in Resources */,
			);
			runOnlyForDeploymentPostprocessing = 0;
		};
/* End PBXResourcesBuildPhase section */

/* Begin PBXShellScriptBuildPhase section */
		0D097DFFB01E8844D9A6139F /* [CP] Embed Pods Frameworks */ = {
			isa = PBXShellScriptBuildPhase;
			buildActionMask = 2147483647;
			files = (
			);
			inputPaths = (
				"${SRCROOT}/Pods/Target Support Files/Pods-PooTools_Example/Pods-PooTools_Example-frameworks.sh",
				"${BUILT_PRODUCTS_DIR}/PooTools/PooTools.framework",
			);
			name = "[CP] Embed Pods Frameworks";
			outputPaths = (
				"${TARGET_BUILD_DIR}/${FRAMEWORKS_FOLDER_PATH}/PooTools.framework",
			);
			runOnlyForDeploymentPostprocessing = 0;
			shellPath = /bin/sh;
			shellScript = "\"${SRCROOT}/Pods/Target Support Files/Pods-PooTools_Example/Pods-PooTools_Example-frameworks.sh\"\n";
			showEnvVarsInLog = 0;
		};
		8A3EB47BE853A63DF8E13B0C /* [CP] Copy Pods Resources */ = {
			isa = PBXShellScriptBuildPhase;
			buildActionMask = 2147483647;
			files = (
			);
			inputPaths = (
			);
			name = "[CP] Copy Pods Resources";
			outputPaths = (
			);
			runOnlyForDeploymentPostprocessing = 0;
			shellPath = /bin/sh;
			shellScript = "\"${SRCROOT}/Pods/Target Support Files/Pods-PooTools_Example/Pods-PooTools_Example-resources.sh\"\n";
			showEnvVarsInLog = 0;
		};
		EF2C1901976606ADFEA97616 /* [CP] Check Pods Manifest.lock */ = {
			isa = PBXShellScriptBuildPhase;
			buildActionMask = 2147483647;
			files = (
			);
			inputPaths = (
				"${PODS_PODFILE_DIR_PATH}/Podfile.lock",
				"${PODS_ROOT}/Manifest.lock",
			);
			name = "[CP] Check Pods Manifest.lock";
			outputPaths = (
				"$(DERIVED_FILE_DIR)/Pods-PooTools_Example-checkManifestLockResult.txt",
			);
			runOnlyForDeploymentPostprocessing = 0;
			shellPath = /bin/sh;
			shellScript = "diff \"${PODS_PODFILE_DIR_PATH}/Podfile.lock\" \"${PODS_ROOT}/Manifest.lock\" > /dev/null\nif [ $? != 0 ] ; then\n    # print error to STDERR\n    echo \"error: The sandbox is not in sync with the Podfile.lock. Run 'pod install' or update your CocoaPods installation.\" >&2\n    exit 1\nfi\n# This output is used by Xcode 'outputs' to avoid re-running this script phase.\necho \"SUCCESS\" > \"${SCRIPT_OUTPUT_FILE_0}\"\n";
			showEnvVarsInLog = 0;
		};
/* End PBXShellScriptBuildPhase section */

/* Begin PBXSourcesBuildPhase section */
		6003F586195388D20070C39A /* Sources */ = {
			isa = PBXSourcesBuildPhase;
			buildActionMask = 2147483647;
			files = (
				6003F59E195388D20070C39A /* PTAppDelegate.m in Sources */,
				6003F5A7195388D20070C39A /* PTViewController.m in Sources */,
				6003F59A195388D20070C39A /* main.m in Sources */,
			);
			runOnlyForDeploymentPostprocessing = 0;
		};
/* End PBXSourcesBuildPhase section */

/* Begin PBXVariantGroup section */
		6003F596195388D20070C39A /* InfoPlist.strings */ = {
			isa = PBXVariantGroup;
			children = (
				6003F597195388D20070C39A /* en */,
			);
			name = InfoPlist.strings;
			sourceTree = "<group>";
		};
		6003F5B8195388D20070C39A /* InfoPlist.strings */ = {
			isa = PBXVariantGroup;
			children = (
				6003F5B9195388D20070C39A /* en */,
			);
			name = InfoPlist.strings;
			sourceTree = "<group>";
		};
		71719F9D1E33DC2100824A3D /* LaunchScreen.storyboard */ = {
			isa = PBXVariantGroup;
			children = (
				71719F9E1E33DC2100824A3D /* Base */,
			);
			name = LaunchScreen.storyboard;
			sourceTree = "<group>";
		};
/* End PBXVariantGroup section */

/* Begin XCBuildConfiguration section */
		6003F5BD195388D20070C39A /* Debug */ = {
			isa = XCBuildConfiguration;
			buildSettings = {
				ALWAYS_SEARCH_USER_PATHS = NO;
				CLANG_CXX_LANGUAGE_STANDARD = "gnu++0x";
				CLANG_CXX_LIBRARY = "libc++";
				CLANG_ENABLE_MODULES = YES;
				CLANG_ENABLE_OBJC_ARC = YES;
				CLANG_WARN_BOOL_CONVERSION = YES;
				CLANG_WARN_CONSTANT_CONVERSION = YES;
				CLANG_WARN_DIRECT_OBJC_ISA_USAGE = YES_ERROR;
				CLANG_WARN_EMPTY_BODY = YES;
				CLANG_WARN_ENUM_CONVERSION = YES;
				CLANG_WARN_INT_CONVERSION = YES;
				CLANG_WARN_OBJC_ROOT_CLASS = YES_ERROR;
				CLANG_WARN__DUPLICATE_METHOD_MATCH = YES;
				"CODE_SIGN_IDENTITY[sdk=iphoneos*]" = "iPhone Developer";
				COPY_PHASE_STRIP = NO;
				ENABLE_TESTABILITY = YES;
				GCC_C_LANGUAGE_STANDARD = gnu99;
				GCC_DYNAMIC_NO_PIC = NO;
				GCC_OPTIMIZATION_LEVEL = 0;
				GCC_PREPROCESSOR_DEFINITIONS = (
					"DEBUG=1",
					"$(inherited)",
				);
				GCC_SYMBOLS_PRIVATE_EXTERN = NO;
				GCC_WARN_64_TO_32_BIT_CONVERSION = YES;
				GCC_WARN_ABOUT_RETURN_TYPE = YES_ERROR;
				GCC_WARN_UNDECLARED_SELECTOR = YES;
				GCC_WARN_UNINITIALIZED_AUTOS = YES_AGGRESSIVE;
				GCC_WARN_UNUSED_FUNCTION = YES;
				GCC_WARN_UNUSED_VARIABLE = YES;
				IPHONEOS_DEPLOYMENT_TARGET = 9.3;
				ONLY_ACTIVE_ARCH = YES;
				SDKROOT = iphoneos;
				TARGETED_DEVICE_FAMILY = "1,2";
			};
			name = Debug;
		};
		6003F5BE195388D20070C39A /* Release */ = {
			isa = XCBuildConfiguration;
			buildSettings = {
				ALWAYS_SEARCH_USER_PATHS = NO;
				CLANG_CXX_LANGUAGE_STANDARD = "gnu++0x";
				CLANG_CXX_LIBRARY = "libc++";
				CLANG_ENABLE_MODULES = YES;
				CLANG_ENABLE_OBJC_ARC = YES;
				CLANG_WARN_BOOL_CONVERSION = YES;
				CLANG_WARN_CONSTANT_CONVERSION = YES;
				CLANG_WARN_DIRECT_OBJC_ISA_USAGE = YES_ERROR;
				CLANG_WARN_EMPTY_BODY = YES;
				CLANG_WARN_ENUM_CONVERSION = YES;
				CLANG_WARN_INT_CONVERSION = YES;
				CLANG_WARN_OBJC_ROOT_CLASS = YES_ERROR;
				CLANG_WARN__DUPLICATE_METHOD_MATCH = YES;
				"CODE_SIGN_IDENTITY[sdk=iphoneos*]" = "iPhone Developer";
				COPY_PHASE_STRIP = YES;
				ENABLE_NS_ASSERTIONS = NO;
				GCC_C_LANGUAGE_STANDARD = gnu99;
				GCC_WARN_64_TO_32_BIT_CONVERSION = YES;
				GCC_WARN_ABOUT_RETURN_TYPE = YES_ERROR;
				GCC_WARN_UNDECLARED_SELECTOR = YES;
				GCC_WARN_UNINITIALIZED_AUTOS = YES_AGGRESSIVE;
				GCC_WARN_UNUSED_FUNCTION = YES;
				GCC_WARN_UNUSED_VARIABLE = YES;
				IPHONEOS_DEPLOYMENT_TARGET = 9.3;
				SDKROOT = iphoneos;
				TARGETED_DEVICE_FAMILY = "1,2";
				VALIDATE_PRODUCT = YES;
			};
			name = Release;
		};
		6003F5C0195388D20070C39A /* Debug */ = {
			isa = XCBuildConfiguration;
			baseConfigurationReference = 89C3C366EB034A16644AA2D5 /* Pods-PooTools_Example.debug.xcconfig */;
			buildSettings = {
				ASSETCATALOG_COMPILER_APPICON_NAME = AppIcon;
				GCC_PRECOMPILE_PREFIX_HEADER = YES;
				GCC_PREFIX_HEADER = "PooTools/PooTools-Prefix.pch";
				INFOPLIST_FILE = "PooTools/PooTools-Info.plist";
				MODULE_NAME = ExampleApp;
				PRODUCT_BUNDLE_IDENTIFIER = "org.cocoapods.demo.${PRODUCT_NAME:rfc1034identifier}";
				PRODUCT_NAME = "$(TARGET_NAME)";
				WRAPPER_EXTENSION = app;
			};
			name = Debug;
		};
		6003F5C1195388D20070C39A /* Release */ = {
			isa = XCBuildConfiguration;
			baseConfigurationReference = BFF923A6A4231C582DA255BA /* Pods-PooTools_Example.release.xcconfig */;
			buildSettings = {
				ASSETCATALOG_COMPILER_APPICON_NAME = AppIcon;
				GCC_PRECOMPILE_PREFIX_HEADER = YES;
				GCC_PREFIX_HEADER = "PooTools/PooTools-Prefix.pch";
				INFOPLIST_FILE = "PooTools/PooTools-Info.plist";
				MODULE_NAME = ExampleApp;
				PRODUCT_BUNDLE_IDENTIFIER = "org.cocoapods.demo.${PRODUCT_NAME:rfc1034identifier}";
				PRODUCT_NAME = "$(TARGET_NAME)";
				WRAPPER_EXTENSION = app;
			};
			name = Release;
		};
/* End XCBuildConfiguration section */

/* Begin XCConfigurationList section */
		6003F585195388D10070C39A /* Build configuration list for PBXProject "PooTools" */ = {
			isa = XCConfigurationList;
			buildConfigurations = (
				6003F5BD195388D20070C39A /* Debug */,
				6003F5BE195388D20070C39A /* Release */,
			);
			defaultConfigurationIsVisible = 0;
			defaultConfigurationName = Release;
		};
		6003F5BF195388D20070C39A /* Build configuration list for PBXNativeTarget "PooTools_Example" */ = {
			isa = XCConfigurationList;
			buildConfigurations = (
				6003F5C0195388D20070C39A /* Debug */,
				6003F5C1195388D20070C39A /* Release */,
			);
			defaultConfigurationIsVisible = 0;
			defaultConfigurationName = Release;
		};
/* End XCConfigurationList section */
	};
	rootObject = 6003F582195388D10070C39A /* Project object */;
}
